{"format_version":"1.1","terraform_version":"1.3.4","planned_values":{"root_module":{"child_modules":[{"resources":[{"address":"module.documentdb_cluster.aws_docdb_cluster.lms_documentdb[\"lms-east-core\"]","mode":"managed","type":"aws_docdb_cluster","name":"lms_documentdb","index":"lms-east-core","provider_name":"registry.terraform.io/hashicorp/aws","schema_version":0,"values":{"backup_retention_period":5,"cluster_identifier":"lms-uat-east-core","db_subnet_group_name":"lms-uat-subnet-group","deletion_protection":false,"enabled_cloudwatch_logs_exports":["audit","profiler"],"engine":"docdb","engine_version":"4.0.0","final_snapshot_identifier":null,"global_cluster_identifier":null,"master_password":"U5sY98ReX2*m","master_username":"documentdbqauser","port":27017,"preferred_backup_window":"00:00-00:30","preferred_maintenance_window":"sat:10:00-sat:10:30","skip_final_snapshot":true,"snapshot_identifier":null,"storage_encrypted":true,"tags":{"BillingGroup":"LMS: Core","BillingSubGroup":"DocumentDB","CreatedBy":"sre@glidewelldental.com","DeptOwner":"SRE","DeptSubOwner":"Infrastructure","Environment":"uat","Name":"uat-documentdb-cluster","RequestedBy":"sre@glidewelldental.com"},"tags_all":{"BillingGroup":"LMS: Core","BillingSubGroup":"DocumentDB","CreatedBy":"sre@glidewelldental.com","DeptOwner":"SRE","DeptSubOwner":"Infrastructure","Environment":"uat","Name":"uat-documentdb-cluster","RequestedBy":"sre@glidewelldental.com"},"timeouts":null},"sensitive_values":{"availability_zones":[],"cluster_members":[],"enabled_cloudwatch_logs_exports":[false,false],"master_password":true,"master_username":true,"tags":{},"tags_all":{},"vpc_security_group_ids":[]}},{"address":"module.documentdb_cluster.aws_docdb_cluster.lms_documentdb[\"lms-east-order\"]","mode":"managed","type":"aws_docdb_cluster","name":"lms_documentdb","index":"lms-east-order","provider_name":"registry.terraform.io/hashicorp/aws","schema_version":0,"values":{"backup_retention_period":5,"cluster_identifier":"lms-uat-east-orders","db_subnet_group_name":"lms-uat-subnet-group","deletion_protection":false,"enabled_cloudwatch_logs_exports":["audit","profiler"],"engine":"docdb","engine_version":"4.0.0","final_snapshot_identifier":null,"global_cluster_identifier":null,"master_password":"U5sY98ReX2*m","master_username":"documentdbqauser","port":27017,"preferred_backup_window":"00:00-00:30","preferred_maintenance_window":"sat:10:00-sat:10:30","skip_final_snapshot":true,"snapshot_identifier":null,"storage_encrypted":true,"tags":{"BillingGroup":"LMS: Core","BillingSubGroup":"DocumentDB","CreatedBy":"sre@glidewelldental.com","DeptOwner":"SRE","DeptSubOwner":"Infrastructure","Environment":"uat","Name":"uat-documentdb-cluster","RequestedBy":"sre@glidewelldental.com"},"tags_all":{"BillingGroup":"LMS: Core","BillingSubGroup":"DocumentDB","CreatedBy":"sre@glidewelldental.com","DeptOwner":"SRE","DeptSubOwner":"Infrastructure","Environment":"uat","Name":"uat-documentdb-cluster","RequestedBy":"sre@glidewelldental.com"},"timeouts":null},"sensitive_values":{"availability_zones":[],"cluster_members":[],"enabled_cloudwatch_logs_exports":[false,false],"master_password":true,"master_username":true,"tags":{},"tags_all":{},"vpc_security_group_ids":[]}},{"address":"module.documentdb_cluster.aws_docdb_cluster_instance.lms_documentdb_instance_1[\"lms-east-core\"]","mode":"managed","type":"aws_docdb_cluster_instance","name":"lms_documentdb_instance_1","index":"lms-east-core","provider_name":"registry.terraform.io/hashicorp/aws","schema_version":0,"values":{"auto_minor_version_upgrade":true,"cluster_identifier":"lms-uat-east-core","engine":"docdb","identifier":"lms-uat-east-core-1","instance_class":"db.t3.medium","promotion_tier":0,"tags":null,"timeouts":null},"sensitive_values":{"tags_all":{}}},{"address":"module.documentdb_cluster.aws_docdb_cluster_instance.lms_documentdb_instance_1[\"lms-east-order\"]","mode":"managed","type":"aws_docdb_cluster_instance","name":"lms_documentdb_instance_1","index":"lms-east-order","provider_name":"registry.terraform.io/hashicorp/aws","schema_version":0,"values":{"auto_minor_version_upgrade":true,"cluster_identifier":"lms-uat-east-orders","engine":"docdb","identifier":"lms-uat-east-orders-1","instance_class":"db.t3.medium","promotion_tier":0,"tags":null,"timeouts":null},"sensitive_values":{"tags_all":{}}},{"address":"module.documentdb_cluster.aws_docdb_cluster_instance.lms_documentdb_instance_2[\"lms-east-core\"]","mode":"managed","type":"aws_docdb_cluster_instance","name":"lms_documentdb_instance_2","index":"lms-east-core","provider_name":"registry.terraform.io/hashicorp/aws","schema_version":0,"values":{"auto_minor_version_upgrade":true,"cluster_identifier":"lms-uat-east-core","engine":"docdb","identifier":"lms-uat-east-core-2","instance_class":"db.t3.medium","promotion_tier":0,"tags":null,"timeouts":null},"sensitive_values":{"tags_all":{}}},{"address":"module.documentdb_cluster.aws_docdb_cluster_instance.lms_documentdb_instance_2[\"lms-east-order\"]","mode":"managed","type":"aws_docdb_cluster_instance","name":"lms_documentdb_instance_2","index":"lms-east-order","provider_name":"registry.terraform.io/hashicorp/aws","schema_version":0,"values":{"auto_minor_version_upgrade":true,"cluster_identifier":"lms-uat-east-orders","engine":"docdb","identifier":"lms-uat-east-orders-2","instance_class":"db.t3.medium","promotion_tier":0,"tags":null,"timeouts":null},"sensitive_values":{"tags_all":{}}},{"address":"module.documentdb_cluster.aws_docdb_cluster_instance.lms_documentdb_instance_3[\"lms-east-core\"]","mode":"managed","type":"aws_docdb_cluster_instance","name":"lms_documentdb_instance_3","index":"lms-east-core","provider_name":"registry.terraform.io/hashicorp/aws","schema_version":0,"values":{"auto_minor_version_upgrade":true,"cluster_identifier":"lms-uat-east-core","engine":"docdb","identifier":"lms-uat-east-core-3","instance_class":"db.t3.medium","promotion_tier":0,"tags":null,"timeouts":null},"sensitive_values":{"tags_all":{}}},{"address":"module.documentdb_cluster.aws_docdb_cluster_instance.lms_documentdb_instance_3[\"lms-east-order\"]","mode":"managed","type":"aws_docdb_cluster_instance","name":"lms_documentdb_instance_3","index":"lms-east-order","provider_name":"registry.terraform.io/hashicorp/aws","schema_version":0,"values":{"auto_minor_version_upgrade":true,"cluster_identifier":"lms-uat-east-orders","engine":"docdb","identifier":"lms-uat-east-orders-3","instance_class":"db.t3.medium","promotion_tier":0,"tags":null,"timeouts":null},"sensitive_values":{"tags_all":{}}},{"address":"module.documentdb_cluster.aws_kms_alias.document_db_kms_key_alias","mode":"managed","type":"aws_kms_alias","name":"document_db_kms_key_alias","provider_name":"registry.terraform.io/hashicorp/aws","schema_version":0,"values":{"name":"alias/uat-east-lms-documentdb"},"sensitive_values":{}},{"address":"module.documentdb_cluster.aws_kms_key.documentdb_kms_key","mode":"managed","type":"aws_kms_key","name":"documentdb_kms_key","provider_name":"registry.terraform.io/hashicorp/aws","schema_version":0,"values":{"bypass_policy_lockout_safety_check":false,"custom_key_store_id":null,"customer_master_key_spec":"SYMMETRIC_DEFAULT","deletion_window_in_days":null,"description":"Documentdb KMS encryption key.","enable_key_rotation":false,"is_enabled":true,"key_usage":"ENCRYPT_DECRYPT","tags":{"BillingGroup":"LMS: DEV","BillingSubGroup":"DocumentDB","CreatedBy":"sreteam@glidewelldental.com","DeptOwner":"SRE","DeptSubOwner":"Infrastructure","Environment":"uat","Name":"lms-uat-documentdb-kms-key","RequestedBy":"sreteam@glidewelldental.com"},"tags_all":{"BillingGroup":"LMS: DEV","BillingSubGroup":"DocumentDB","CreatedBy":"sreteam@glidewelldental.com","DeptOwner":"SRE","DeptSubOwner":"Infrastructure","Environment":"uat","Name":"lms-uat-documentdb-kms-key","RequestedBy":"sreteam@glidewelldental.com"}},"sensitive_values":{"tags":{},"tags_all":{}}},{"address":"module.documentdb_cluster.aws_security_group.documentdb_security_group","mode":"managed","type":"aws_security_group","name":"documentdb_security_group","provider_name":"registry.terraform.io/hashicorp/aws","schema_version":1,"values":{"description":"allows access from anywhere in the uat1 VPC","name":"lms-uat-documentdb-security-group","revoke_rules_on_delete":false,"tags":{"BillingGroup":"LMS: uat","BillingSubGroup":"DocumentDB","CreatedBy":"sreteam@glidewelldental.com","DeptOwner":"SRE","DeptSubOwner":"Infrastructure","Environment":"uat","Name":"lms-uat-documentdb-security-group","RequestedBy":"sreteam@glidewelldental.com"},"tags_all":{"BillingGroup":"LMS: uat","BillingSubGroup":"DocumentDB","CreatedBy":"sreteam@glidewelldental.com","DeptOwner":"SRE","DeptSubOwner":"Infrastructure","Environment":"uat","Name":"lms-uat-documentdb-security-group","RequestedBy":"sreteam@glidewelldental.com"},"timeouts":null,"vpc_id":"vpc-0b7884aeec3cb2a67"},"sensitive_values":{"egress":[],"ingress":[],"tags":{},"tags_all":{}}},{"address":"module.documentdb_cluster.aws_security_group_rule.docdb_egress_rules","mode":"managed","type":"aws_security_group_rule","name":"docdb_egress_rules","provider_name":"registry.terraform.io/hashicorp/aws","schema_version":2,"values":{"cidr_blocks":["0.0.0.0/0"],"description":"Egress can access all traffic.","from_port":0,"ipv6_cidr_blocks":null,"prefix_list_ids":null,"protocol":"-1","self":false,"timeouts":null,"to_port":0,"type":"egress"},"sensitive_values":{"cidr_blocks":[false]}},{"address":"module.documentdb_cluster.aws_security_group_rule.docdb_ingress_rules[0]","mode":"managed","type":"aws_security_group_rule","name":"docdb_ingress_rules","index":0,"provider_name":"registry.terraform.io/hashicorp/aws","schema_version":2,"values":{"cidr_blocks":["192.168.128.0/19"],"description":"gl-InfraServices ClientVPN Users","from_port":0,"ipv6_cidr_blocks":null,"prefix_list_ids":null,"protocol":"-1","self":false,"timeouts":null,"to_port":0,"type":"ingress"},"sensitive_values":{"cidr_blocks":[false]}},{"address":"module.documentdb_cluster.aws_security_group_rule.docdb_ingress_rules[1]","mode":"managed","type":"aws_security_group_rule","name":"docdb_ingress_rules","index":1,"provider_name":"registry.terraform.io/hashicorp/aws","schema_version":2,"values":{"cidr_blocks":["10.249.0.0/20"],"description":"DC6 - All Traffic","from_port":0,"ipv6_cidr_blocks":null,"prefix_list_ids":null,"protocol":"-1","self":false,"timeouts":null,"to_port":0,"type":"ingress"},"sensitive_values":{"cidr_blocks":[false]}},{"address":"module.documentdb_cluster.aws_security_group_rule.source_docdb_ingress_rules_1[0]","mode":"managed","type":"aws_security_group_rule","name":"source_docdb_ingress_rules_1","index":0,"provider_name":"registry.terraform.io/hashicorp/aws","schema_version":2,"values":{"cidr_blocks":null,"description":"(Security Group) lms-uat - Autoscaling Group security group - All Traffic","from_port":0,"ipv6_cidr_blocks":null,"prefix_list_ids":null,"protocol":"-1","self":false,"source_security_group_id":"sg-00fc551a4fefd8032","timeouts":null,"to_port":0,"type":"ingress"},"sensitive_values":{}},{"address":"module.documentdb_cluster.aws_security_group_rule.source_docdb_ingress_rules_2[0]","mode":"managed","type":"aws_security_group_rule","name":"source_docdb_ingress_rules_2","index":0,"provider_name":"registry.terraform.io/hashicorp/aws","schema_version":2,"values":{"cidr_blocks":null,"description":"(Security Group)  lms-uat - Application Load Balancer  - All Traffic","from_port":0,"ipv6_cidr_blocks":null,"prefix_list_ids":null,"protocol":"-1","self":false,"source_security_group_id":"sg-038ff21b0f78f37c6","timeouts":null,"to_port":0,"type":"ingress"},"sensitive_values":{}}],"address":"module.documentdb_cluster"}]}},"resource_changes":[{"address":"module.documentdb_cluster.aws_docdb_cluster.lms_documentdb[\"lms-east-core\"]","module_address":"module.documentdb_cluster","mode":"managed","type":"aws_docdb_cluster","name":"lms_documentdb","index":"lms-east-core","provider_name":"registry.terraform.io/hashicorp/aws","change":{"actions":["create"],"before":null,"after":{"backup_retention_period":5,"cluster_identifier":"lms-uat-east-core","db_subnet_group_name":"lms-uat-subnet-group","deletion_protection":false,"enabled_cloudwatch_logs_exports":["audit","profiler"],"engine":"docdb","engine_version":"4.0.0","final_snapshot_identifier":null,"global_cluster_identifier":null,"master_password":"U5sY98ReX2*m","master_username":"documentdbqauser","port":27017,"preferred_backup_window":"00:00-00:30","preferred_maintenance_window":"sat:10:00-sat:10:30","skip_final_snapshot":true,"snapshot_identifier":null,"storage_encrypted":true,"tags":{"BillingGroup":"LMS: Core","BillingSubGroup":"DocumentDB","CreatedBy":"sre@glidewelldental.com","DeptOwner":"SRE","DeptSubOwner":"Infrastructure","Environment":"uat","Name":"uat-documentdb-cluster","RequestedBy":"sre@glidewelldental.com"},"tags_all":{"BillingGroup":"LMS: Core","BillingSubGroup":"DocumentDB","CreatedBy":"sre@glidewelldental.com","DeptOwner":"SRE","DeptSubOwner":"Infrastructure","Environment":"uat","Name":"uat-documentdb-cluster","RequestedBy":"sre@glidewelldental.com"},"timeouts":null},"after_unknown":{"apply_immediately":true,"arn":true,"availability_zones":true,"cluster_identifier_prefix":true,"cluster_members":true,"cluster_resource_id":true,"db_cluster_parameter_group_name":true,"enabled_cloudwatch_logs_exports":[false,false],"endpoint":true,"hosted_zone_id":true,"id":true,"kms_key_id":true,"reader_endpoint":true,"tags":{},"tags_all":{},"vpc_security_group_ids":true},"before_sensitive":false,"after_sensitive":{"availability_zones":[],"cluster_members":[],"enabled_cloudwatch_logs_exports":[false,false],"master_password":true,"master_username":true,"tags":{},"tags_all":{},"vpc_security_group_ids":[]}}},{"address":"module.documentdb_cluster.aws_docdb_cluster.lms_documentdb[\"lms-east-order\"]","module_address":"module.documentdb_cluster","mode":"managed","type":"aws_docdb_cluster","name":"lms_documentdb","index":"lms-east-order","provider_name":"registry.terraform.io/hashicorp/aws","change":{"actions":["create"],"before":null,"after":{"backup_retention_period":5,"cluster_identifier":"lms-uat-east-orders","db_subnet_group_name":"lms-uat-subnet-group","deletion_protection":false,"enabled_cloudwatch_logs_exports":["audit","profiler"],"engine":"docdb","engine_version":"4.0.0","final_snapshot_identifier":null,"global_cluster_identifier":null,"master_password":"U5sY98ReX2*m","master_username":"documentdbqauser","port":27017,"preferred_backup_window":"00:00-00:30","preferred_maintenance_window":"sat:10:00-sat:10:30","skip_final_snapshot":true,"snapshot_identifier":null,"storage_encrypted":true,"tags":{"BillingGroup":"LMS: Core","BillingSubGroup":"DocumentDB","CreatedBy":"sre@glidewelldental.com","DeptOwner":"SRE","DeptSubOwner":"Infrastructure","Environment":"uat","Name":"uat-documentdb-cluster","RequestedBy":"sre@glidewelldental.com"},"tags_all":{"BillingGroup":"LMS: Core","BillingSubGroup":"DocumentDB","CreatedBy":"sre@glidewelldental.com","DeptOwner":"SRE","DeptSubOwner":"Infrastructure","Environment":"uat","Name":"uat-documentdb-cluster","RequestedBy":"sre@glidewelldental.com"},"timeouts":null},"after_unknown":{"apply_immediately":true,"arn":true,"availability_zones":true,"cluster_identifier_prefix":true,"cluster_members":true,"cluster_resource_id":true,"db_cluster_parameter_group_name":true,"enabled_cloudwatch_logs_exports":[false,false],"endpoint":true,"hosted_zone_id":true,"id":true,"kms_key_id":true,"reader_endpoint":true,"tags":{},"tags_all":{},"vpc_security_group_ids":true},"before_sensitive":false,"after_sensitive":{"availability_zones":[],"cluster_members":[],"enabled_cloudwatch_logs_exports":[false,false],"master_password":true,"master_username":true,"tags":{},"tags_all":{},"vpc_security_group_ids":[]}}},{"address":"module.documentdb_cluster.aws_docdb_cluster_instance.lms_documentdb_instance_1[\"lms-east-core\"]","module_address":"module.documentdb_cluster","mode":"managed","type":"aws_docdb_cluster_instance","name":"lms_documentdb_instance_1","index":"lms-east-core","provider_name":"registry.terraform.io/hashicorp/aws","change":{"actions":["create"],"before":null,"after":{"auto_minor_version_upgrade":true,"cluster_identifier":"lms-uat-east-core","engine":"docdb","identifier":"lms-uat-east-core-1","instance_class":"db.t3.medium","promotion_tier":0,"tags":null,"timeouts":null},"after_unknown":{"apply_immediately":true,"arn":true,"availability_zone":true,"ca_cert_identifier":true,"db_subnet_group_name":true,"dbi_resource_id":true,"enable_performance_insights":true,"endpoint":true,"engine_version":true,"id":true,"identifier_prefix":true,"kms_key_id":true,"performance_insights_kms_key_id":true,"port":true,"preferred_backup_window":true,"preferred_maintenance_window":true,"publicly_accessible":true,"storage_encrypted":true,"tags_all":true,"writer":true},"before_sensitive":false,"after_sensitive":{"tags_all":{}}}},{"address":"module.documentdb_cluster.aws_docdb_cluster_instance.lms_documentdb_instance_1[\"lms-east-order\"]","module_address":"module.documentdb_cluster","mode":"managed","type":"aws_docdb_cluster_instance","name":"lms_documentdb_instance_1","index":"lms-east-order","provider_name":"registry.terraform.io/hashicorp/aws","change":{"actions":["create"],"before":null,"after":{"auto_minor_version_upgrade":true,"cluster_identifier":"lms-uat-east-orders","engine":"docdb","identifier":"lms-uat-east-orders-1","instance_class":"db.t3.medium","promotion_tier":0,"tags":null,"timeouts":null},"after_unknown":{"apply_immediately":true,"arn":true,"availability_zone":true,"ca_cert_identifier":true,"db_subnet_group_name":true,"dbi_resource_id":true,"enable_performance_insights":true,"endpoint":true,"engine_version":true,"id":true,"identifier_prefix":true,"kms_key_id":true,"performance_insights_kms_key_id":true,"port":true,"preferred_backup_window":true,"preferred_maintenance_window":true,"publicly_accessible":true,"storage_encrypted":true,"tags_all":true,"writer":true},"before_sensitive":false,"after_sensitive":{"tags_all":{}}}},{"address":"module.documentdb_cluster.aws_docdb_cluster_instance.lms_documentdb_instance_2[\"lms-east-core\"]","module_address":"module.documentdb_cluster","mode":"managed","type":"aws_docdb_cluster_instance","name":"lms_documentdb_instance_2","index":"lms-east-core","provider_name":"registry.terraform.io/hashicorp/aws","change":{"actions":["create"],"before":null,"after":{"auto_minor_version_upgrade":true,"cluster_identifier":"lms-uat-east-core","engine":"docdb","identifier":"lms-uat-east-core-2","instance_class":"db.t3.medium","promotion_tier":0,"tags":null,"timeouts":null},"after_unknown":{"apply_immediately":true,"arn":true,"availability_zone":true,"ca_cert_identifier":true,"db_subnet_group_name":true,"dbi_resource_id":true,"enable_performance_insights":true,"endpoint":true,"engine_version":true,"id":true,"identifier_prefix":true,"kms_key_id":true,"performance_insights_kms_key_id":true,"port":true,"preferred_backup_window":true,"preferred_maintenance_window":true,"publicly_accessible":true,"storage_encrypted":true,"tags_all":true,"writer":true},"before_sensitive":false,"after_sensitive":{"tags_all":{}}}},{"address":"module.documentdb_cluster.aws_docdb_cluster_instance.lms_documentdb_instance_2[\"lms-east-order\"]","module_address":"module.documentdb_cluster","mode":"managed","type":"aws_docdb_cluster_instance","name":"lms_documentdb_instance_2","index":"lms-east-order","provider_name":"registry.terraform.io/hashicorp/aws","change":{"actions":["create"],"before":null,"after":{"auto_minor_version_upgrade":true,"cluster_identifier":"lms-uat-east-orders","engine":"docdb","identifier":"lms-uat-east-orders-2","instance_class":"db.t3.medium","promotion_tier":0,"tags":null,"timeouts":null},"after_unknown":{"apply_immediately":true,"arn":true,"availability_zone":true,"ca_cert_identifier":true,"db_subnet_group_name":true,"dbi_resource_id":true,"enable_performance_insights":true,"endpoint":true,"engine_version":true,"id":true,"identifier_prefix":true,"kms_key_id":true,"performance_insights_kms_key_id":true,"port":true,"preferred_backup_window":true,"preferred_maintenance_window":true,"publicly_accessible":true,"storage_encrypted":true,"tags_all":true,"writer":true},"before_sensitive":false,"after_sensitive":{"tags_all":{}}}},{"address":"module.documentdb_cluster.aws_docdb_cluster_instance.lms_documentdb_instance_3[\"lms-east-core\"]","module_address":"module.documentdb_cluster","mode":"managed","type":"aws_docdb_cluster_instance","name":"lms_documentdb_instance_3","index":"lms-east-core","provider_name":"registry.terraform.io/hashicorp/aws","change":{"actions":["create"],"before":null,"after":{"auto_minor_version_upgrade":true,"cluster_identifier":"lms-uat-east-core","engine":"docdb","identifier":"lms-uat-east-core-3","instance_class":"db.t3.medium","promotion_tier":0,"tags":null,"timeouts":null},"after_unknown":{"apply_immediately":true,"arn":true,"availability_zone":true,"ca_cert_identifier":true,"db_subnet_group_name":true,"dbi_resource_id":true,"enable_performance_insights":true,"endpoint":true,"engine_version":true,"id":true,"identifier_prefix":true,"kms_key_id":true,"performance_insights_kms_key_id":true,"port":true,"preferred_backup_window":true,"preferred_maintenance_window":true,"publicly_accessible":true,"storage_encrypted":true,"tags_all":true,"writer":true},"before_sensitive":false,"after_sensitive":{"tags_all":{}}}},{"address":"module.documentdb_cluster.aws_docdb_cluster_instance.lms_documentdb_instance_3[\"lms-east-order\"]","module_address":"module.documentdb_cluster","mode":"managed","type":"aws_docdb_cluster_instance","name":"lms_documentdb_instance_3","index":"lms-east-order","provider_name":"registry.terraform.io/hashicorp/aws","change":{"actions":["create"],"before":null,"after":{"auto_minor_version_upgrade":true,"cluster_identifier":"lms-uat-east-orders","engine":"docdb","identifier":"lms-uat-east-orders-3","instance_class":"db.t3.medium","promotion_tier":0,"tags":null,"timeouts":null},"after_unknown":{"apply_immediately":true,"arn":true,"availability_zone":true,"ca_cert_identifier":true,"db_subnet_group_name":true,"dbi_resource_id":true,"enable_performance_insights":true,"endpoint":true,"engine_version":true,"id":true,"identifier_prefix":true,"kms_key_id":true,"performance_insights_kms_key_id":true,"port":true,"preferred_backup_window":true,"preferred_maintenance_window":true,"publicly_accessible":true,"storage_encrypted":true,"tags_all":true,"writer":true},"before_sensitive":false,"after_sensitive":{"tags_all":{}}}},{"address":"module.documentdb_cluster.aws_kms_alias.document_db_kms_key_alias","module_address":"module.documentdb_cluster","mode":"managed","type":"aws_kms_alias","name":"document_db_kms_key_alias","provider_name":"registry.terraform.io/hashicorp/aws","change":{"actions":["create"],"before":null,"after":{"name":"alias/uat-east-lms-documentdb"},"after_unknown":{"arn":true,"id":true,"name_prefix":true,"target_key_arn":true,"target_key_id":true},"before_sensitive":false,"after_sensitive":{}}},{"address":"module.documentdb_cluster.aws_kms_key.documentdb_kms_key","module_address":"module.documentdb_cluster","mode":"managed","type":"aws_kms_key","name":"documentdb_kms_key","provider_name":"registry.terraform.io/hashicorp/aws","change":{"actions":["create"],"before":null,"after":{"bypass_policy_lockout_safety_check":false,"custom_key_store_id":null,"customer_master_key_spec":"SYMMETRIC_DEFAULT","deletion_window_in_days":null,"description":"Documentdb KMS encryption key.","enable_key_rotation":false,"is_enabled":true,"key_usage":"ENCRYPT_DECRYPT","tags":{"BillingGroup":"LMS: DEV","BillingSubGroup":"DocumentDB","CreatedBy":"sreteam@glidewelldental.com","DeptOwner":"SRE","DeptSubOwner":"Infrastructure","Environment":"uat","Name":"lms-uat-documentdb-kms-key","RequestedBy":"sreteam@glidewelldental.com"},"tags_all":{"BillingGroup":"LMS: DEV","BillingSubGroup":"DocumentDB","CreatedBy":"sreteam@glidewelldental.com","DeptOwner":"SRE","DeptSubOwner":"Infrastructure","Environment":"uat","Name":"lms-uat-documentdb-kms-key","RequestedBy":"sreteam@glidewelldental.com"}},"after_unknown":{"arn":true,"id":true,"key_id":true,"multi_region":true,"policy":true,"tags":{},"tags_all":{}},"before_sensitive":false,"after_sensitive":{"tags":{},"tags_all":{}}}},{"address":"module.documentdb_cluster.aws_security_group.documentdb_security_group","module_address":"module.documentdb_cluster","mode":"managed","type":"aws_security_group","name":"documentdb_security_group","provider_name":"registry.terraform.io/hashicorp/aws","change":{"actions":["create"],"before":null,"after":{"description":"allows access from anywhere in the uat1 VPC","name":"lms-uat-documentdb-security-group","revoke_rules_on_delete":false,"tags":{"BillingGroup":"LMS: uat","BillingSubGroup":"DocumentDB","CreatedBy":"sreteam@glidewelldental.com","DeptOwner":"SRE","DeptSubOwner":"Infrastructure","Environment":"uat","Name":"lms-uat-documentdb-security-group","RequestedBy":"sreteam@glidewelldental.com"},"tags_all":{"BillingGroup":"LMS: uat","BillingSubGroup":"DocumentDB","CreatedBy":"sreteam@glidewelldental.com","DeptOwner":"SRE","DeptSubOwner":"Infrastructure","Environment":"uat","Name":"lms-uat-documentdb-security-group","RequestedBy":"sreteam@glidewelldental.com"},"timeouts":null,"vpc_id":"vpc-0b7884aeec3cb2a67"},"after_unknown":{"arn":true,"egress":true,"id":true,"ingress":true,"name_prefix":true,"owner_id":true,"tags":{},"tags_all":{}},"before_sensitive":false,"after_sensitive":{"egress":[],"ingress":[],"tags":{},"tags_all":{}}}},{"address":"module.documentdb_cluster.aws_security_group_rule.docdb_egress_rules","module_address":"module.documentdb_cluster","mode":"managed","type":"aws_security_group_rule","name":"docdb_egress_rules","provider_name":"registry.terraform.io/hashicorp/aws","change":{"actions":["create"],"before":null,"after":{"cidr_blocks":["0.0.0.0/0"],"description":"Egress can access all traffic.","from_port":0,"ipv6_cidr_blocks":null,"prefix_list_ids":null,"protocol":"-1","self":false,"timeouts":null,"to_port":0,"type":"egress"},"after_unknown":{"cidr_blocks":[false],"id":true,"security_group_id":true,"security_group_rule_id":true,"source_security_group_id":true},"before_sensitive":false,"after_sensitive":{"cidr_blocks":[false]}}},{"address":"module.documentdb_cluster.aws_security_group_rule.docdb_ingress_rules[0]","module_address":"module.documentdb_cluster","mode":"managed","type":"aws_security_group_rule","name":"docdb_ingress_rules","index":0,"provider_name":"registry.terraform.io/hashicorp/aws","change":{"actions":["create"],"before":null,"after":{"cidr_blocks":["192.168.128.0/19"],"description":"gl-InfraServices ClientVPN Users","from_port":0,"ipv6_cidr_blocks":null,"prefix_list_ids":null,"protocol":"-1","self":false,"timeouts":null,"to_port":0,"type":"ingress"},"after_unknown":{"cidr_blocks":[false],"id":true,"security_group_id":true,"security_group_rule_id":true,"source_security_group_id":true},"before_sensitive":false,"after_sensitive":{"cidr_blocks":[false]}}},{"address":"module.documentdb_cluster.aws_security_group_rule.docdb_ingress_rules[1]","module_address":"module.documentdb_cluster","mode":"managed","type":"aws_security_group_rule","name":"docdb_ingress_rules","index":1,"provider_name":"registry.terraform.io/hashicorp/aws","change":{"actions":["create"],"before":null,"after":{"cidr_blocks":["10.249.0.0/20"],"description":"DC6 - All Traffic","from_port":0,"ipv6_cidr_blocks":null,"prefix_list_ids":null,"protocol":"-1","self":false,"timeouts":null,"to_port":0,"type":"ingress"},"after_unknown":{"cidr_blocks":[false],"id":true,"security_group_id":true,"security_group_rule_id":true,"source_security_group_id":true},"before_sensitive":false,"after_sensitive":{"cidr_blocks":[false]}}},{"address":"module.documentdb_cluster.aws_security_group_rule.source_docdb_ingress_rules_1[0]","module_address":"module.documentdb_cluster","mode":"managed","type":"aws_security_group_rule","name":"source_docdb_ingress_rules_1","index":0,"provider_name":"registry.terraform.io/hashicorp/aws","change":{"actions":["create"],"before":null,"after":{"cidr_blocks":null,"description":"(Security Group) lms-uat - Autoscaling Group security group - All Traffic","from_port":0,"ipv6_cidr_blocks":null,"prefix_list_ids":null,"protocol":"-1","self":false,"source_security_group_id":"sg-00fc551a4fefd8032","timeouts":null,"to_port":0,"type":"ingress"},"after_unknown":{"id":true,"security_group_id":true,"security_group_rule_id":true},"before_sensitive":false,"after_sensitive":{}}},{"address":"module.documentdb_cluster.aws_security_group_rule.source_docdb_ingress_rules_2[0]","module_address":"module.documentdb_cluster","mode":"managed","type":"aws_security_group_rule","name":"source_docdb_ingress_rules_2","index":0,"provider_name":"registry.terraform.io/hashicorp/aws","change":{"actions":["create"],"before":null,"after":{"cidr_blocks":null,"description":"(Security Group)  lms-uat - Application Load Balancer  - All Traffic","from_port":0,"ipv6_cidr_blocks":null,"prefix_list_ids":null,"protocol":"-1","self":false,"source_security_group_id":"sg-038ff21b0f78f37c6","timeouts":null,"to_port":0,"type":"ingress"},"after_unknown":{"id":true,"security_group_id":true,"security_group_rule_id":true},"before_sensitive":false,"after_sensitive":{}}}],"prior_state":{"format_version":"1.0","terraform_version":"1.3.4","values":{"root_module":{"resources":[{"address":"data.terraform_remote_state.vpc","mode":"data","type":"terraform_remote_state","name":"vpc","provider_name":"terraform.io/builtin/terraform","schema_version":0,"values":{"backend":"s3","config":{"bucket":"tf-remote-lms-uat-bkt","dynamodb_table":"lms-uat-terraform-state","key":"project/lms-uat/vpc-deployment","region":"us-east-1"},"defaults":null,"outputs":{"alb_security_group_output":{"arn":"arn:aws:ec2:us-east-1:752658969130:security-group/sg-00fc551a4fefd8032","description":"Managed by Terraform","egress":[{"cidr_blocks":["0.0.0.0/0"],"description":"Egress can access all traffic.","from_port":0,"ipv6_cidr_blocks":[],"prefix_list_ids":[],"protocol":"-1","security_groups":[],"self":false,"to_port":0}],"id":"sg-00fc551a4fefd8032","ingress":[{"cidr_blocks":["100.21.192.90/32"],"description":"Workspaces - NATGWY","from_port":0,"ipv6_cidr_blocks":[],"prefix_list_ids":[],"protocol":"-1","security_groups":[],"self":false,"to_port":0},{"cidr_blocks":["12.1.209.224/28"],"description":"DC6 - All Traffic","from_port":0,"ipv6_cidr_blocks":[],"prefix_list_ids":[],"protocol":"-1","security_groups":[],"self":false,"to_port":0},{"cidr_blocks":["192.168.128.0/19"],"description":"gl-InfraServices ClientVPN Users","from_port":0,"ipv6_cidr_blocks":[],"prefix_list_ids":[],"protocol":"-1","security_groups":[],"self":false,"to_port":0}],"name":"lms-uat - Autoscaling Group security group","name_prefix":"","owner_id":"752658969130","revoke_rules_on_delete":false,"tags":{"Name":"lms-uat - Autoscaling Group security group"},"tags_all":{"Name":"lms-uat - Autoscaling Group security group"},"timeouts":null,"vpc_id":"vpc-0b7884aeec3cb2a67"},"asg_security_group_output":{"arn":"arn:aws:ec2:us-east-1:752658969130:security-group/sg-00fc551a4fefd8032","description":"Managed by Terraform","egress":[{"cidr_blocks":["0.0.0.0/0"],"description":"Egress can access all traffic.","from_port":0,"ipv6_cidr_blocks":[],"prefix_list_ids":[],"protocol":"-1","security_groups":[],"self":false,"to_port":0}],"id":"sg-00fc551a4fefd8032","ingress":[{"cidr_blocks":["100.21.192.90/32"],"description":"Workspaces - NATGWY","from_port":0,"ipv6_cidr_blocks":[],"prefix_list_ids":[],"protocol":"-1","security_groups":[],"self":false,"to_port":0},{"cidr_blocks":["12.1.209.224/28"],"description":"DC6 - All Traffic","from_port":0,"ipv6_cidr_blocks":[],"prefix_list_ids":[],"protocol":"-1","security_groups":[],"self":false,"to_port":0},{"cidr_blocks":["192.168.128.0/19"],"description":"gl-InfraServices ClientVPN Users","from_port":0,"ipv6_cidr_blocks":[],"prefix_list_ids":[],"protocol":"-1","security_groups":[],"self":false,"to_port":0}],"name":"lms-uat - Autoscaling Group security group","name_prefix":"","owner_id":"752658969130","revoke_rules_on_delete":false,"tags":{"Name":"lms-uat - Autoscaling Group security group"},"tags_all":{"Name":"lms-uat - Autoscaling Group security group"},"timeouts":null,"vpc_id":"vpc-0b7884aeec3cb2a67"},"database_subnets_ids":[{"arn":"arn:aws:ec2:us-east-1:752658969130:subnet/subnet-039623172792ccc8a","assign_ipv6_address_on_creation":false,"availability_zone":"us-east-1a","availability_zone_id":"use1-az6","cidr_block":"10.249.168.0/24","customer_owned_ipv4_pool":"","enable_dns64":false,"enable_resource_name_dns_a_record_on_launch":false,"enable_resource_name_dns_aaaa_record_on_launch":false,"id":"subnet-039623172792ccc8a","ipv6_cidr_block":"","ipv6_cidr_block_association_id":"","ipv6_native":false,"map_customer_owned_ip_on_launch":false,"map_public_ip_on_launch":false,"outpost_arn":"","owner_id":"752658969130","private_dns_hostname_type_on_launch":"ip-name","tags":{"BillingGroup":"LMS","BillingSubGroup":"Subnet","CreatedBy":"SRETeam@glidewelldental.com","DeptOwner":"SRE","DeptSubOwner":"Infrastructure","Environment":"lms-uat","Name":"lms-uat-database-subnet-1","Tier":"Private"},"tags_all":{"BillingGroup":"LMS","BillingSubGroup":"Subnet","CreatedBy":"SRETeam@glidewelldental.com","DeptOwner":"SRE","DeptSubOwner":"Infrastructure","Environment":"lms-uat","Name":"lms-uat-database-subnet-1","Tier":"Private"},"timeouts":null,"vpc_id":"vpc-0b7884aeec3cb2a67"},{"arn":"arn:aws:ec2:us-east-1:752658969130:subnet/subnet-0eb0c657fcc9e9f5a","assign_ipv6_address_on_creation":false,"availability_zone":"us-east-1b","availability_zone_id":"use1-az1","cidr_block":"10.249.169.0/24","customer_owned_ipv4_pool":"","enable_dns64":false,"enable_resource_name_dns_a_record_on_launch":false,"enable_resource_name_dns_aaaa_record_on_launch":false,"id":"subnet-0eb0c657fcc9e9f5a","ipv6_cidr_block":"","ipv6_cidr_block_association_id":"","ipv6_native":false,"map_customer_owned_ip_on_launch":false,"map_public_ip_on_launch":false,"outpost_arn":"","owner_id":"752658969130","private_dns_hostname_type_on_launch":"ip-name","tags":{"BillingGroup":"LMS","BillingSubGroup":"Subnet","CreatedBy":"SRETeam@glidewelldental.com","DeptOwner":"SRE","DeptSubOwner":"Infrastructure","Environment":"lms-uat","Name":"lms-uat-database-subnet-2","Tier":"Private"},"tags_all":{"BillingGroup":"LMS","BillingSubGroup":"Subnet","CreatedBy":"SRETeam@glidewelldental.com","DeptOwner":"SRE","DeptSubOwner":"Infrastructure","Environment":"lms-uat","Name":"lms-uat-database-subnet-2","Tier":"Private"},"timeouts":null,"vpc_id":"vpc-0b7884aeec3cb2a67"},{"arn":"arn:aws:ec2:us-east-1:752658969130:subnet/subnet-000f2c4892e9d4e1b","assign_ipv6_address_on_creation":false,"availability_zone":"us-east-1c","availability_zone_id":"use1-az2","cidr_block":"10.249.170.0/24","customer_owned_ipv4_pool":"","enable_dns64":false,"enable_resource_name_dns_a_record_on_launch":false,"enable_resource_name_dns_aaaa_record_on_launch":false,"id":"subnet-000f2c4892e9d4e1b","ipv6_cidr_block":"","ipv6_cidr_block_association_id":"","ipv6_native":false,"map_customer_owned_ip_on_launch":false,"map_public_ip_on_launch":false,"outpost_arn":"","owner_id":"752658969130","private_dns_hostname_type_on_launch":"ip-name","tags":{"BillingGroup":"LMS","BillingSubGroup":"Subnet","CreatedBy":"SRETeam@glidewelldental.com","DeptOwner":"SRE","DeptSubOwner":"Infrastructure","Environment":"lms-uat","Name":"lms-uat-database-subnet-3","Tier":"Private"},"tags_all":{"BillingGroup":"LMS","BillingSubGroup":"Subnet","CreatedBy":"SRETeam@glidewelldental.com","DeptOwner":"SRE","DeptSubOwner":"Infrastructure","Environment":"lms-uat","Name":"lms-uat-database-subnet-3","Tier":"Private"},"timeouts":null,"vpc_id":"vpc-0b7884aeec3cb2a67"},{"arn":"arn:aws:ec2:us-east-1:752658969130:subnet/subnet-01174e017c2337104","assign_ipv6_address_on_creation":false,"availability_zone":"us-east-1d","availability_zone_id":"use1-az4","cidr_block":"10.249.171.0/24","customer_owned_ipv4_pool":"","enable_dns64":false,"enable_resource_name_dns_a_record_on_launch":false,"enable_resource_name_dns_aaaa_record_on_launch":false,"id":"subnet-01174e017c2337104","ipv6_cidr_block":"","ipv6_cidr_block_association_id":"","ipv6_native":false,"map_customer_owned_ip_on_launch":false,"map_public_ip_on_launch":false,"outpost_arn":"","owner_id":"752658969130","private_dns_hostname_type_on_launch":"ip-name","tags":{"BillingGroup":"LMS","BillingSubGroup":"Subnet","CreatedBy":"SRETeam@glidewelldental.com","DeptOwner":"SRE","DeptSubOwner":"Infrastructure","Environment":"lms-uat","Name":"lms-uat-database-subnet-4","Tier":"Private"},"tags_all":{"BillingGroup":"LMS","BillingSubGroup":"Subnet","CreatedBy":"SRETeam@glidewelldental.com","DeptOwner":"SRE","DeptSubOwner":"Infrastructure","Environment":"lms-uat","Name":"lms-uat-database-subnet-4","Tier":"Private"},"timeouts":null,"vpc_id":"vpc-0b7884aeec3cb2a67"}],"elastisearch_security_group_output":{"arn":"arn:aws:ec2:us-east-1:752658969130:security-group/sg-0edb854798f7eb9f6","description":"Managed by Terraform","egress":[{"cidr_blocks":["0.0.0.0/0"],"description":"Egress can access all traffic.","from_port":0,"ipv6_cidr_blocks":[],"prefix_list_ids":[],"protocol":"-1","security_groups":[],"self":false,"to_port":0}],"id":"sg-0edb854798f7eb9f6","ingress":[{"cidr_blocks":["192.168.128.0/19"],"description":"gl-InfraServices ClientVPN Users","from_port":0,"ipv6_cidr_blocks":[],"prefix_list_ids":[],"protocol":"-1","security_groups":[],"self":false,"to_port":0}],"name":"lms-uat - Elasticsearch security group","name_prefix":"","owner_id":"752658969130","revoke_rules_on_delete":false,"tags":{"Name":"lms-uat - Elasticsearch security group"},"tags_all":{"Name":"lms-uat - Elasticsearch security group"},"timeouts":null,"vpc_id":"vpc-0b7884aeec3cb2a67"},"private_subnet_ids":[{"arn":"arn:aws:ec2:us-east-1:752658969130:subnet/subnet-0c74bb95d94b99628","assign_ipv6_address_on_creation":false,"availability_zone":"us-east-1a","availability_zone_id":"use1-az6","cidr_block":"10.249.160.0/24","customer_owned_ipv4_pool":"","enable_dns64":false,"enable_resource_name_dns_a_record_on_launch":false,"enable_resource_name_dns_aaaa_record_on_launch":false,"id":"subnet-0c74bb95d94b99628","ipv6_cidr_block":"","ipv6_cidr_block_association_id":"","ipv6_native":false,"map_customer_owned_ip_on_launch":false,"map_public_ip_on_launch":false,"outpost_arn":"","owner_id":"752658969130","private_dns_hostname_type_on_launch":"ip-name","tags":{"BillingGroup":"LMS","BillingSubGroup":"Subnet","CreatedBy":"SRETeam@glidewelldental.com","DeptOwner":"SRE","DeptSubOwner":"Infrastructure","Environment":"lms-uat","Name":"lms-uat-private-subnet-1","Tier":"Private"},"tags_all":{"BillingGroup":"LMS","BillingSubGroup":"Subnet","CreatedBy":"SRETeam@glidewelldental.com","DeptOwner":"SRE","DeptSubOwner":"Infrastructure","Environment":"lms-uat","Name":"lms-uat-private-subnet-1","Tier":"Private"},"timeouts":null,"vpc_id":"vpc-0b7884aeec3cb2a67"},{"arn":"arn:aws:ec2:us-east-1:752658969130:subnet/subnet-0394583c6faae9f98","assign_ipv6_address_on_creation":false,"availability_zone":"us-east-1b","availability_zone_id":"use1-az1","cidr_block":"10.249.161.0/24","customer_owned_ipv4_pool":"","enable_dns64":false,"enable_resource_name_dns_a_record_on_launch":false,"enable_resource_name_dns_aaaa_record_on_launch":false,"id":"subnet-0394583c6faae9f98","ipv6_cidr_block":"","ipv6_cidr_block_association_id":"","ipv6_native":false,"map_customer_owned_ip_on_launch":false,"map_public_ip_on_launch":false,"outpost_arn":"","owner_id":"752658969130","private_dns_hostname_type_on_launch":"ip-name","tags":{"BillingGroup":"LMS","BillingSubGroup":"Subnet","CreatedBy":"SRETeam@glidewelldental.com","DeptOwner":"SRE","DeptSubOwner":"Infrastructure","Environment":"lms-uat","Name":"lms-uat-private-subnet-2","Tier":"Private"},"tags_all":{"BillingGroup":"LMS","BillingSubGroup":"Subnet","CreatedBy":"SRETeam@glidewelldental.com","DeptOwner":"SRE","DeptSubOwner":"Infrastructure","Environment":"lms-uat","Name":"lms-uat-private-subnet-2","Tier":"Private"},"timeouts":null,"vpc_id":"vpc-0b7884aeec3cb2a67"},{"arn":"arn:aws:ec2:us-east-1:752658969130:subnet/subnet-0febd1984f319177f","assign_ipv6_address_on_creation":false,"availability_zone":"us-east-1c","availability_zone_id":"use1-az2","cidr_block":"10.249.162.0/24","customer_owned_ipv4_pool":"","enable_dns64":false,"enable_resource_name_dns_a_record_on_launch":false,"enable_resource_name_dns_aaaa_record_on_launch":false,"id":"subnet-0febd1984f319177f","ipv6_cidr_block":"","ipv6_cidr_block_association_id":"","ipv6_native":false,"map_customer_owned_ip_on_launch":false,"map_public_ip_on_launch":false,"outpost_arn":"","owner_id":"752658969130","private_dns_hostname_type_on_launch":"ip-name","tags":{"BillingGroup":"LMS","BillingSubGroup":"Subnet","CreatedBy":"SRETeam@glidewelldental.com","DeptOwner":"SRE","DeptSubOwner":"Infrastructure","Environment":"lms-uat","Name":"lms-uat-private-subnet-3","Tier":"Private"},"tags_all":{"BillingGroup":"LMS","BillingSubGroup":"Subnet","CreatedBy":"SRETeam@glidewelldental.com","DeptOwner":"SRE","DeptSubOwner":"Infrastructure","Environment":"lms-uat","Name":"lms-uat-private-subnet-3","Tier":"Private"},"timeouts":null,"vpc_id":"vpc-0b7884aeec3cb2a67"},{"arn":"arn:aws:ec2:us-east-1:752658969130:subnet/subnet-0c4725723c0c015ad","assign_ipv6_address_on_creation":false,"availability_zone":"us-east-1d","availability_zone_id":"use1-az4","cidr_block":"10.249.163.0/24","customer_owned_ipv4_pool":"","enable_dns64":false,"enable_resource_name_dns_a_record_on_launch":false,"enable_resource_name_dns_aaaa_record_on_launch":false,"id":"subnet-0c4725723c0c015ad","ipv6_cidr_block":"","ipv6_cidr_block_association_id":"","ipv6_native":false,"map_customer_owned_ip_on_launch":false,"map_public_ip_on_launch":false,"outpost_arn":"","owner_id":"752658969130","private_dns_hostname_type_on_launch":"ip-name","tags":{"BillingGroup":"LMS","BillingSubGroup":"Subnet","CreatedBy":"SRETeam@glidewelldental.com","DeptOwner":"SRE","DeptSubOwner":"Infrastructure","Environment":"lms-uat","Name":"lms-uat-private-subnet-4","Tier":"Private"},"tags_all":{"BillingGroup":"LMS","BillingSubGroup":"Subnet","CreatedBy":"SRETeam@glidewelldental.com","DeptOwner":"SRE","DeptSubOwner":"Infrastructure","Environment":"lms-uat","Name":"lms-uat-private-subnet-4","Tier":"Private"},"timeouts":null,"vpc_id":"vpc-0b7884aeec3cb2a67"}],"public_subnet_ids":[{"arn":"arn:aws:ec2:us-east-1:752658969130:subnet/subnet-024bf9ae03025f4e0","assign_ipv6_address_on_creation":false,"availability_zone":"us-east-1a","availability_zone_id":"use1-az6","cidr_block":"10.249.172.0/24","customer_owned_ipv4_pool":"","enable_dns64":false,"enable_resource_name_dns_a_record_on_launch":false,"enable_resource_name_dns_aaaa_record_on_launch":false,"id":"subnet-024bf9ae03025f4e0","ipv6_cidr_block":"","ipv6_cidr_block_association_id":"","ipv6_native":false,"map_customer_owned_ip_on_launch":false,"map_public_ip_on_launch":true,"outpost_arn":"","owner_id":"752658969130","private_dns_hostname_type_on_launch":"ip-name","tags":{"BillingGroup":"LMS","BillingSubGroup":"Subnet","CreatedBy":"SRETeam@glidewelldental.com","DeptOwner":"SRE","DeptSubOwner":"Infrastructure","Environment":"lms-uat","Name":"lms-uat-public-subnet-1","Tier":"Public"},"tags_all":{"BillingGroup":"LMS","BillingSubGroup":"Subnet","CreatedBy":"SRETeam@glidewelldental.com","DeptOwner":"SRE","DeptSubOwner":"Infrastructure","Environment":"lms-uat","Name":"lms-uat-public-subnet-1","Tier":"Public"},"timeouts":null,"vpc_id":"vpc-0b7884aeec3cb2a67"},{"arn":"arn:aws:ec2:us-east-1:752658969130:subnet/subnet-0e4dad738c8949071","assign_ipv6_address_on_creation":false,"availability_zone":"us-east-1b","availability_zone_id":"use1-az1","cidr_block":"10.249.173.0/24","customer_owned_ipv4_pool":"","enable_dns64":false,"enable_resource_name_dns_a_record_on_launch":false,"enable_resource_name_dns_aaaa_record_on_launch":false,"id":"subnet-0e4dad738c8949071","ipv6_cidr_block":"","ipv6_cidr_block_association_id":"","ipv6_native":false,"map_customer_owned_ip_on_launch":false,"map_public_ip_on_launch":true,"outpost_arn":"","owner_id":"752658969130","private_dns_hostname_type_on_launch":"ip-name","tags":{"BillingGroup":"LMS","BillingSubGroup":"Subnet","CreatedBy":"SRETeam@glidewelldental.com","DeptOwner":"SRE","DeptSubOwner":"Infrastructure","Environment":"lms-uat","Name":"lms-uat-public-subnet-2","Tier":"Public"},"tags_all":{"BillingGroup":"LMS","BillingSubGroup":"Subnet","CreatedBy":"SRETeam@glidewelldental.com","DeptOwner":"SRE","DeptSubOwner":"Infrastructure","Environment":"lms-uat","Name":"lms-uat-public-subnet-2","Tier":"Public"},"timeouts":null,"vpc_id":"vpc-0b7884aeec3cb2a67"},{"arn":"arn:aws:ec2:us-east-1:752658969130:subnet/subnet-0181eda9892b55ea8","assign_ipv6_address_on_creation":false,"availability_zone":"us-east-1c","availability_zone_id":"use1-az2","cidr_block":"10.249.174.0/24","customer_owned_ipv4_pool":"","enable_dns64":false,"enable_resource_name_dns_a_record_on_launch":false,"enable_resource_name_dns_aaaa_record_on_launch":false,"id":"subnet-0181eda9892b55ea8","ipv6_cidr_block":"","ipv6_cidr_block_association_id":"","ipv6_native":false,"map_customer_owned_ip_on_launch":false,"map_public_ip_on_launch":true,"outpost_arn":"","owner_id":"752658969130","private_dns_hostname_type_on_launch":"ip-name","tags":{"BillingGroup":"LMS","BillingSubGroup":"Subnet","CreatedBy":"SRETeam@glidewelldental.com","DeptOwner":"SRE","DeptSubOwner":"Infrastructure","Environment":"lms-uat","Name":"lms-uat-public-subnet-3","Tier":"Public"},"tags_all":{"BillingGroup":"LMS","BillingSubGroup":"Subnet","CreatedBy":"SRETeam@glidewelldental.com","DeptOwner":"SRE","DeptSubOwner":"Infrastructure","Environment":"lms-uat","Name":"lms-uat-public-subnet-3","Tier":"Public"},"timeouts":null,"vpc_id":"vpc-0b7884aeec3cb2a67"},{"arn":"arn:aws:ec2:us-east-1:752658969130:subnet/subnet-0d6dea66128c509ee","assign_ipv6_address_on_creation":false,"availability_zone":"us-east-1d","availability_zone_id":"use1-az4","cidr_block":"10.249.175.0/24","customer_owned_ipv4_pool":"","enable_dns64":false,"enable_resource_name_dns_a_record_on_launch":false,"enable_resource_name_dns_aaaa_record_on_launch":false,"id":"subnet-0d6dea66128c509ee","ipv6_cidr_block":"","ipv6_cidr_block_association_id":"","ipv6_native":false,"map_customer_owned_ip_on_launch":false,"map_public_ip_on_launch":true,"outpost_arn":"","owner_id":"752658969130","private_dns_hostname_type_on_launch":"ip-name","tags":{"BillingGroup":"LMS","BillingSubGroup":"Subnet","CreatedBy":"SRETeam@glidewelldental.com","DeptOwner":"SRE","DeptSubOwner":"Infrastructure","Environment":"lms-uat","Name":"lms-uat-public-subnet-4","Tier":"Public"},"tags_all":{"BillingGroup":"LMS","BillingSubGroup":"Subnet","CreatedBy":"SRETeam@glidewelldental.com","DeptOwner":"SRE","DeptSubOwner":"Infrastructure","Environment":"lms-uat","Name":"lms-uat-public-subnet-4","Tier":"Public"},"timeouts":null,"vpc_id":"vpc-0b7884aeec3cb2a67"}],"vpc_id":"vpc-0b7884aeec3cb2a67"},"workspace":null},"sensitive_values":{"config":{},"outputs":{"alb_security_group_output":{"egress":[{"cidr_blocks":[false],"ipv6_cidr_blocks":[],"prefix_list_ids":[],"security_groups":[]}],"ingress":[{"cidr_blocks":[false],"ipv6_cidr_blocks":[],"prefix_list_ids":[],"security_groups":[]},{"cidr_blocks":[false],"ipv6_cidr_blocks":[],"prefix_list_ids":[],"security_groups":[]},{"cidr_blocks":[false],"ipv6_cidr_blocks":[],"prefix_list_ids":[],"security_groups":[]}],"tags":{},"tags_all":{}},"asg_security_group_output":{"egress":[{"cidr_blocks":[false],"ipv6_cidr_blocks":[],"prefix_list_ids":[],"security_groups":[]}],"ingress":[{"cidr_blocks":[false],"ipv6_cidr_blocks":[],"prefix_list_ids":[],"security_groups":[]},{"cidr_blocks":[false],"ipv6_cidr_blocks":[],"prefix_list_ids":[],"security_groups":[]},{"cidr_blocks":[false],"ipv6_cidr_blocks":[],"prefix_list_ids":[],"security_groups":[]}],"tags":{},"tags_all":{}},"database_subnets_ids":[{"tags":{},"tags_all":{}},{"tags":{},"tags_all":{}},{"tags":{},"tags_all":{}},{"tags":{},"tags_all":{}}],"elastisearch_security_group_output":{"egress":[{"cidr_blocks":[false],"ipv6_cidr_blocks":[],"prefix_list_ids":[],"security_groups":[]}],"ingress":[{"cidr_blocks":[false],"ipv6_cidr_blocks":[],"prefix_list_ids":[],"security_groups":[]}],"tags":{},"tags_all":{}},"private_subnet_ids":[{"tags":{},"tags_all":{}},{"tags":{},"tags_all":{}},{"tags":{},"tags_all":{}},{"tags":{},"tags_all":{}}],"public_subnet_ids":[{"tags":{},"tags_all":{}},{"tags":{},"tags_all":{}},{"tags":{},"tags_all":{}},{"tags":{},"tags_all":{}}]}}}],"child_modules":[{"resources":[{"address":"module.documentdb_cluster.data.aws_ssm_parameter.documentdb_password","mode":"data","type":"aws_ssm_parameter","name":"documentdb_password","provider_name":"registry.terraform.io/hashicorp/aws","schema_version":0,"values":{"arn":"arn:aws:ssm:us-east-1:752658969130:parameter/lms-uat/documentdb/documentdb_password","id":"/lms-uat/documentdb/documentdb_password","name":"/lms-uat/documentdb/documentdb_password","type":"SecureString","value":"U5sY98ReX2*m","version":1,"with_decryption":true},"sensitive_values":{}},{"address":"module.documentdb_cluster.data.aws_ssm_parameter.documentdb_username","mode":"data","type":"aws_ssm_parameter","name":"documentdb_username","provider_name":"registry.terraform.io/hashicorp/aws","schema_version":0,"values":{"arn":"arn:aws:ssm:us-east-1:752658969130:parameter/lms-uat/documentdb/documentdb_username","id":"/lms-uat/documentdb/documentdb_username","name":"/lms-uat/documentdb/documentdb_username","type":"SecureString","value":"documentdbqauser","version":1,"with_decryption":true},"sensitive_values":{}}],"address":"module.documentdb_cluster"}]}}},"configuration":{"provider_config":{"aws":{"name":"aws","full_name":"registry.terraform.io/hashicorp/aws","version_constraint":"~\u003e 4.12"},"datadog":{"name":"datadog","full_name":"registry.terraform.io/datadog/datadog"},"terraform":{"name":"terraform","full_name":"terraform.io/builtin/terraform"}},"root_module":{"resources":[{"address":"data.terraform_remote_state.vpc","mode":"data","type":"terraform_remote_state","name":"vpc","provider_config_key":"terraform","expressions":{"backend":{"constant_value":"s3"},"config":{"constant_value":{"bucket":"tf-remote-lms-uat-bkt","dynamodb_table":"lms-uat-terraform-state","key":"project/lms-uat/vpc-deployment","region":"us-east-1"}}},"schema_version":0}],"module_calls":{"documentdb_cluster":{"source":"../../","expressions":{"db_subnet_group_name":{"constant_value":"lms-uat-subnet-group"},"deletion_protection":{"constant_value":true},"docdb_sg_ingress_rules":{"constant_value":[{"cidr_block":"192.168.128.0/19","description":"gl-InfraServices ClientVPN Users","from_port":0,"protocol":"-1","to_port":0},{"cidr_block":"10.249.0.0/20","description":"DC6 - All Traffic","from_port":0,"protocol":"-1","to_port":0}]},"domain":{"references":["local.domain"]},"enabled_cloudwatch_logs_exports":{"constant_value":["audit","profiler"]},"env":{"constant_value":"lms-uat"},"environment":{"references":["local.environment"]},"ingress_cidr_blocks":{"constant_value":["10.196.0.0/16","10.249.0.0/20","192.168.128.0/19"]},"instance_class":{"constant_value":"db.t3.medium"},"instance_count":{"constant_value":"2"},"key_alias":{"references":["local.environment","local.region","local.domain"]},"lms-alb-sg":{"constant_value":"sg-038ff21b0f78f37c6"},"lms-asg-sg":{"constant_value":"sg-00fc551a4fefd8032"},"port":{"constant_value":27017},"preferred_backup_window":{"constant_value":"00:00-00:30"},"preferred_maintenance_window":{"constant_value":"sat:10:00-sat:10:30"},"resource_version":{"constant_value":"0.0.1"},"skip_final_snapshot":{"constant_value":true},"source_docdb_ingress_rules":{"constant_value":[{"from_port":0,"protocol":"-1","to_port":0},{"from_port":0,"protocol":"-1","to_port":0}]},"storage_encrypted":{"constant_value":true},"subnet_ids":{"references":["data.terraform_remote_state.vpc.outputs.private_subnet_ids","data.terraform_remote_state.vpc.outputs","data.terraform_remote_state.vpc"]},"vpc_id":{"references":["data.terraform_remote_state.vpc.outputs.vpc_id","data.terraform_remote_state.vpc.outputs","data.terraform_remote_state.vpc"]},"vpc_security_group_ids":{"references":["data.terraform_remote_state.vpc.outputs.asg_security_group_output.id","data.terraform_remote_state.vpc.outputs.asg_security_group_output","data.terraform_remote_state.vpc.outputs","data.terraform_remote_state.vpc"]}},"module":{"resources":[{"address":"aws_docdb_cluster.lms_documentdb","mode":"managed","type":"aws_docdb_cluster","name":"lms_documentdb","provider_config_key":"aws","expressions":{"backup_retention_period":{"references":["each.value[\"backup_retention_period\"]","each.value"]},"cluster_identifier":{"references":["var.env","each.value[\"identifier\"]","each.value"]},"db_subnet_group_name":{"references":["var.db_subnet_group_name"]},"deletion_protection":{"constant_value":false},"enabled_cloudwatch_logs_exports":{"references":["var.enabled_cloudwatch_logs_exports"]},"engine":{"references":["each.value[\"engine\"]","each.value"]},"engine_version":{"references":["each.value[\"engine_version\"]","each.value"]},"kms_key_id":{"references":["aws_kms_key.documentdb_kms_key.arn","aws_kms_key.documentdb_kms_key"]},"master_password":{"references":["data.aws_ssm_parameter.documentdb_password.value","data.aws_ssm_parameter.documentdb_password"]},"master_username":{"references":["data.aws_ssm_parameter.documentdb_username.value","data.aws_ssm_parameter.documentdb_username"]},"port":{"constant_value":27017},"preferred_backup_window":{"references":["var.preferred_backup_window"]},"preferred_maintenance_window":{"references":["var.preferred_maintenance_window"]},"skip_final_snapshot":{"references":["var.skip_final_snapshot"]},"storage_encrypted":{"references":["var.storage_encrypted"]},"tags":{"references":["var.environment","var.environment"]},"vpc_security_group_ids":{"references":["aws_security_group.documentdb_security_group.id","aws_security_group.documentdb_security_group"]}},"schema_version":0,"for_each_expression":{"references":["var.create","var.cluster_details"]}},{"address":"aws_docdb_cluster_instance.lms_documentdb_instance_1","mode":"managed","type":"aws_docdb_cluster_instance","name":"lms_documentdb_instance_1","provider_config_key":"aws","expressions":{"cluster_identifier":{"references":["var.env","each.value[\"identifier\"]","each.value"]},"identifier":{"references":["var.env","each.value[\"identifier\"]","each.value"]},"instance_class":{"references":["var.instance_class"]}},"schema_version":0,"for_each_expression":{"references":["var.create","var.cluster_details"]},"depends_on":["aws_docdb_cluster.lms_documentdb"]},{"address":"aws_docdb_cluster_instance.lms_documentdb_instance_2","mode":"managed","type":"aws_docdb_cluster_instance","name":"lms_documentdb_instance_2","provider_config_key":"aws","expressions":{"cluster_identifier":{"references":["var.env","each.value[\"identifier\"]","each.value"]},"identifier":{"references":["var.env","each.value[\"identifier\"]","each.value"]},"instance_class":{"references":["var.instance_class"]}},"schema_version":0,"for_each_expression":{"references":["var.create","var.cluster_details"]},"depends_on":["aws_docdb_cluster.lms_documentdb"]},{"address":"aws_docdb_cluster_instance.lms_documentdb_instance_3","mode":"managed","type":"aws_docdb_cluster_instance","name":"lms_documentdb_instance_3","provider_config_key":"aws","expressions":{"cluster_identifier":{"references":["var.env","each.value[\"identifier\"]","each.value"]},"identifier":{"references":["var.env","each.value[\"identifier\"]","each.value"]},"instance_class":{"references":["var.instance_class"]}},"schema_version":0,"for_each_expression":{"references":["var.create","var.cluster_details"]},"depends_on":["aws_docdb_cluster.lms_documentdb"]},{"address":"aws_kms_alias.document_db_kms_key_alias","mode":"managed","type":"aws_kms_alias","name":"document_db_kms_key_alias","provider_config_key":"aws","expressions":{"name":{"references":["var.key_alias"]},"target_key_id":{"references":["aws_kms_key.documentdb_kms_key.key_id","aws_kms_key.documentdb_kms_key"]}},"schema_version":0},{"address":"aws_kms_key.documentdb_kms_key","mode":"managed","type":"aws_kms_key","name":"documentdb_kms_key","provider_config_key":"aws","expressions":{"description":{"constant_value":"Documentdb KMS encryption key."},"tags":{"references":["var.domain","var.environment","var.environment"]}},"schema_version":0},{"address":"aws_security_group.documentdb_security_group","mode":"managed","type":"aws_security_group","name":"documentdb_security_group","provider_config_key":"aws","expressions":{"description":{"references":["var.environment"]},"name":{"references":["var.domain","var.environment"]},"tags":{"references":["var.domain","var.environment","var.environment","var.environment"]},"vpc_id":{"references":["var.vpc_id"]}},"schema_version":1},{"address":"aws_security_group_rule.docdb_egress_rules","mode":"managed","type":"aws_security_group_rule","name":"docdb_egress_rules","provider_config_key":"aws","expressions":{"cidr_blocks":{"constant_value":["0.0.0.0/0"]},"description":{"constant_value":"Egress can access all traffic."},"from_port":{"constant_value":0},"protocol":{"constant_value":"-1"},"security_group_id":{"references":["aws_security_group.documentdb_security_group.id","aws_security_group.documentdb_security_group"]},"to_port":{"constant_value":0},"type":{"constant_value":"egress"}},"schema_version":2},{"address":"aws_security_group_rule.docdb_ingress_rules","mode":"managed","type":"aws_security_group_rule","name":"docdb_ingress_rules","provider_config_key":"aws","expressions":{"cidr_blocks":{"references":["var.docdb_sg_ingress_rules","count.index"]},"description":{"references":["var.docdb_sg_ingress_rules","count.index"]},"from_port":{"references":["var.docdb_sg_ingress_rules","count.index"]},"protocol":{"references":["var.docdb_sg_ingress_rules","count.index"]},"security_group_id":{"references":["aws_security_group.documentdb_security_group.id","aws_security_group.documentdb_security_group"]},"to_port":{"references":["var.docdb_sg_ingress_rules","count.index"]},"type":{"constant_value":"ingress"}},"schema_version":2,"count_expression":{"references":["var.docdb_sg_ingress_rules"]}},{"address":"aws_security_group_rule.source_docdb_ingress_rules_1","mode":"managed","type":"aws_security_group_rule","name":"source_docdb_ingress_rules_1","provider_config_key":"aws","expressions":{"description":{"references":["var.environment"]},"from_port":{"references":["var.source_docdb_ingress_rules","count.index"]},"protocol":{"references":["var.source_docdb_ingress_rules","count.index"]},"security_group_id":{"references":["aws_security_group.documentdb_security_group.id","aws_security_group.documentdb_security_group"]},"source_security_group_id":{"references":["var.lms-asg-sg"]},"to_port":{"references":["var.source_docdb_ingress_rules","count.index"]},"type":{"constant_value":"ingress"}},"schema_version":2,"count_expression":{"constant_value":1}},{"address":"aws_security_group_rule.source_docdb_ingress_rules_2","mode":"managed","type":"aws_security_group_rule","name":"source_docdb_ingress_rules_2","provider_config_key":"aws","expressions":{"description":{"references":["var.environment"]},"from_port":{"references":["var.source_docdb_ingress_rules","count.index"]},"protocol":{"references":["var.source_docdb_ingress_rules","count.index"]},"security_group_id":{"references":["aws_security_group.documentdb_security_group.id","aws_security_group.documentdb_security_group"]},"source_security_group_id":{"references":["var.lms-alb-sg"]},"to_port":{"references":["var.source_docdb_ingress_rules","count.index"]},"type":{"constant_value":"ingress"}},"schema_version":2,"count_expression":{"constant_value":1}},{"address":"data.aws_ssm_parameter.documentdb_password","mode":"data","type":"aws_ssm_parameter","name":"documentdb_password","provider_config_key":"aws","expressions":{"name":{"references":["var.domain","var.environment"]}},"schema_version":0},{"address":"data.aws_ssm_parameter.documentdb_username","mode":"data","type":"aws_ssm_parameter","name":"documentdb_username","provider_config_key":"aws","expressions":{"name":{"references":["var.domain","var.environment"]}},"schema_version":0}],"variables":{"cluster_details":{"default":{"lms-east-core":{"backup_retention_period":5,"engine":"docdb","engine_version":"4.0.0","identifier":"east-core"},"lms-east-order":{"backup_retention_period":5,"engine":"docdb","engine_version":"4.0.0","identifier":"east-orders"}}},"create":{"default":"true"},"db_subnet_group_name":{},"deletion_protection":{},"docdb_sg_ingress_rules":{},"domain":{},"enabled_cloudwatch_logs_exports":{},"env":{"default":""},"environment":{},"ingress_cidr_blocks":{},"instance_class":{"default":""},"instance_count":{},"key_alias":{},"lms-alb-sg":{},"lms-asg-sg":{},"port":{},"preferred_backup_window":{},"preferred_maintenance_window":{},"resource_version":{},"skip_final_snapshot":{},"source_docdb_ingress_rules":{},"storage_encrypted":{},"subnet_ids":{},"vpc_id":{},"vpc_security_group_ids":{}}}}}}},"relevant_attributes":[{"resource":"data.terraform_remote_state.vpc","attribute":["outputs","vpc_id"]},{"resource":"module.documentdb_cluster.aws_kms_key.documentdb_kms_key","attribute":["key_id"]},{"resource":"module.documentdb_cluster.aws_security_group.documentdb_security_group","attribute":["id"]},{"resource":"module.documentdb_cluster.data.aws_ssm_parameter.documentdb_password","attribute":["value"]},{"resource":"module.documentdb_cluster.data.aws_ssm_parameter.documentdb_username","attribute":["value"]},{"resource":"module.documentdb_cluster.aws_kms_key.documentdb_kms_key","attribute":["arn"]}]}
