{"format_version":"1.1","terraform_version":"1.3.4","planned_values":{"root_module":{"child_modules":[{"resources":[{"address":"module.documentdb_cluster.aws_docdb_cluster.lms_documentdb[\"lms-east-marketing\"]","mode":"managed","type":"aws_docdb_cluster","name":"lms_documentdb","index":"lms-east-marketing","provider_name":"registry.terraform.io/hashicorp/aws","schema_version":0,"values":{"apply_immediately":null,"arn":"arn:aws:rds:us-east-1:686907943941:cluster:lms-dev-east-marketing","availability_zones":["us-east-1a","us-east-1b","us-east-1c"],"backup_retention_period":5,"cluster_identifier":"lms-dev-east-marketing","cluster_identifier_prefix":null,"cluster_members":["lms-dev-east-marketing-1","lms-dev-east-marketing-2","lms-dev-east-marketing-3"],"cluster_resource_id":"cluster-64PQBXXQRH7CDXBUA4P4N3CNTA","db_cluster_parameter_group_name":"default.docdb4.0","db_subnet_group_name":"lms-dev-subnet-group","deletion_protection":false,"enabled_cloudwatch_logs_exports":["audit","profiler"],"endpoint":"lms-dev-east-marketing.cluster-ciry1ylxvk9d.us-east-1.docdb.amazonaws.com","engine":"docdb","engine_version":"4.0.0","final_snapshot_identifier":null,"global_cluster_identifier":"","hosted_zone_id":"ZNKXH85TT8WVW","id":"lms-dev-east-marketing","kms_key_id":"arn:aws:kms:us-east-1:686907943941:key/2465c5cc-988f-46ac-a417-593e61eb469e","master_password":"WbsR46QFMAjW5aeb","master_username":"marketingdevdocdbuser","port":27017,"preferred_backup_window":"00:00-00:30","preferred_maintenance_window":"sat:10:00-sat:10:30","reader_endpoint":"lms-dev-east-marketing.cluster-ro-ciry1ylxvk9d.us-east-1.docdb.amazonaws.com","skip_final_snapshot":true,"snapshot_identifier":null,"storage_encrypted":true,"tags":{"BillingGroup":"LMS: lms","BillingSubGroup":"DocumentDB","CreatedBy":"sre@glidewelldental.com","DeptOwner":"SRE","DeptSubOwner":"Infrastructure","Environment":"dev","Name":"dev-documentdb-cluster","RequestedBy":"sre@glidewelldental.com"},"tags_all":{"BillingGroup":"LMS: lms","BillingSubGroup":"DocumentDB","CreatedBy":"sre@glidewelldental.com","DeptOwner":"SRE","DeptSubOwner":"Infrastructure","Environment":"dev","Name":"dev-documentdb-cluster","RequestedBy":"sre@glidewelldental.com"},"timeouts":null,"vpc_security_group_ids":["sg-0af43203f136b6000"]},"sensitive_values":{"availability_zones":[false,false,false],"cluster_members":[false,false,false],"enabled_cloudwatch_logs_exports":[false,false],"master_password":true,"master_username":true,"tags":{},"tags_all":{},"vpc_security_group_ids":[false]}},{"address":"module.documentdb_cluster.aws_docdb_cluster_instance.lms_documentdb_instance_1[\"lms-east-marketing\"]","mode":"managed","type":"aws_docdb_cluster_instance","name":"lms_documentdb_instance_1","index":"lms-east-marketing","provider_name":"registry.terraform.io/hashicorp/aws","schema_version":0,"values":{"apply_immediately":null,"arn":"arn:aws:rds:us-east-1:686907943941:db:lms-dev-east-marketing-1","auto_minor_version_upgrade":true,"availability_zone":"us-east-1b","ca_cert_identifier":"rds-ca-2019","cluster_identifier":"lms-dev-east-marketing","db_subnet_group_name":"lms-dev-subnet-group","dbi_resource_id":"db-HTZBFYZZ6XTKO4AMA5EDJDVRNY","enable_performance_insights":null,"endpoint":"lms-dev-east-marketing-1.ciry1ylxvk9d.us-east-1.docdb.amazonaws.com","engine":"docdb","engine_version":"4.0.0","id":"lms-dev-east-marketing-1","identifier":"lms-dev-east-marketing-1","identifier_prefix":null,"instance_class":"db.t3.medium","kms_key_id":"arn:aws:kms:us-east-1:686907943941:key/2465c5cc-988f-46ac-a417-593e61eb469e","performance_insights_kms_key_id":null,"port":27017,"preferred_backup_window":"00:00-00:30","preferred_maintenance_window":"thu:05:38-thu:06:08","promotion_tier":0,"publicly_accessible":false,"storage_encrypted":true,"tags":{},"timeouts":null,"writer":true},"sensitive_values":{"tags":{},"tags_all":{}}},{"address":"module.documentdb_cluster.aws_docdb_cluster_instance.lms_documentdb_instance_2[\"lms-east-marketing\"]","mode":"managed","type":"aws_docdb_cluster_instance","name":"lms_documentdb_instance_2","index":"lms-east-marketing","provider_name":"registry.terraform.io/hashicorp/aws","schema_version":0,"values":{"apply_immediately":null,"arn":"arn:aws:rds:us-east-1:686907943941:db:lms-dev-east-marketing-2","auto_minor_version_upgrade":true,"availability_zone":"us-east-1a","ca_cert_identifier":"rds-ca-2019","cluster_identifier":"lms-dev-east-marketing","db_subnet_group_name":"lms-dev-subnet-group","dbi_resource_id":"db-AJTSWD5TUDHJXCH74RNW3JCHHA","enable_performance_insights":null,"endpoint":"lms-dev-east-marketing-2.ciry1ylxvk9d.us-east-1.docdb.amazonaws.com","engine":"docdb","engine_version":"4.0.0","id":"lms-dev-east-marketing-2","identifier":"lms-dev-east-marketing-2","identifier_prefix":null,"instance_class":"db.t3.medium","kms_key_id":"arn:aws:kms:us-east-1:686907943941:key/2465c5cc-988f-46ac-a417-593e61eb469e","performance_insights_kms_key_id":null,"port":27017,"preferred_backup_window":"00:00-00:30","preferred_maintenance_window":"wed:07:09-wed:07:39","promotion_tier":0,"publicly_accessible":false,"storage_encrypted":true,"tags":{},"timeouts":null,"writer":false},"sensitive_values":{"tags":{},"tags_all":{}}},{"address":"module.documentdb_cluster.aws_docdb_cluster_instance.lms_documentdb_instance_3[\"lms-east-marketing\"]","mode":"managed","type":"aws_docdb_cluster_instance","name":"lms_documentdb_instance_3","index":"lms-east-marketing","provider_name":"registry.terraform.io/hashicorp/aws","schema_version":0,"values":{"apply_immediately":null,"arn":"arn:aws:rds:us-east-1:686907943941:db:lms-dev-east-marketing-3","auto_minor_version_upgrade":true,"availability_zone":"us-east-1a","ca_cert_identifier":"rds-ca-2019","cluster_identifier":"lms-dev-east-marketing","db_subnet_group_name":"lms-dev-subnet-group","dbi_resource_id":"db-YHXSSWO7WYRLBZSELMPS75MDIM","enable_performance_insights":null,"endpoint":"lms-dev-east-marketing-3.ciry1ylxvk9d.us-east-1.docdb.amazonaws.com","engine":"docdb","engine_version":"4.0.0","id":"lms-dev-east-marketing-3","identifier":"lms-dev-east-marketing-3","identifier_prefix":null,"instance_class":"db.t3.medium","kms_key_id":"arn:aws:kms:us-east-1:686907943941:key/2465c5cc-988f-46ac-a417-593e61eb469e","performance_insights_kms_key_id":null,"port":27017,"preferred_backup_window":"00:00-00:30","preferred_maintenance_window":"wed:07:45-wed:08:15","promotion_tier":0,"publicly_accessible":false,"storage_encrypted":true,"tags":{},"timeouts":null,"writer":false},"sensitive_values":{"tags":{},"tags_all":{}}},{"address":"module.documentdb_cluster.aws_kms_alias.document_db_kms_key_alias","mode":"managed","type":"aws_kms_alias","name":"document_db_kms_key_alias","provider_name":"registry.terraform.io/hashicorp/aws","schema_version":0,"values":{"arn":"arn:aws:kms:us-east-1:686907943941:alias/dev-east-lms-marketing-docdb","id":"alias/dev-east-lms-marketing-docdb","name":"alias/dev-east-lms-marketing-docdb","name_prefix":"","target_key_arn":"arn:aws:kms:us-east-1:686907943941:key/2465c5cc-988f-46ac-a417-593e61eb469e","target_key_id":"2465c5cc-988f-46ac-a417-593e61eb469e"},"sensitive_values":{}},{"address":"module.documentdb_cluster.aws_kms_key.documentdb_kms_key","mode":"managed","type":"aws_kms_key","name":"documentdb_kms_key","provider_name":"registry.terraform.io/hashicorp/aws","schema_version":0,"values":{"arn":"arn:aws:kms:us-east-1:686907943941:key/2465c5cc-988f-46ac-a417-593e61eb469e","bypass_policy_lockout_safety_check":false,"custom_key_store_id":"","customer_master_key_spec":"SYMMETRIC_DEFAULT","deletion_window_in_days":null,"description":"Documentdb KMS encryption key.","enable_key_rotation":false,"id":"2465c5cc-988f-46ac-a417-593e61eb469e","is_enabled":true,"key_id":"2465c5cc-988f-46ac-a417-593e61eb469e","key_usage":"ENCRYPT_DECRYPT","multi_region":false,"policy":"{\"Id\":\"key-default-1\",\"Statement\":[{\"Action\":\"kms:*\",\"Effect\":\"Allow\",\"Principal\":{\"AWS\":\"arn:aws:iam::686907943941:root\"},\"Resource\":\"*\",\"Sid\":\"Enable IAM User Permissions\"}],\"Version\":\"2012-10-17\"}","tags":{"BillingGroup":"LMS: dev","BillingSubGroup":"DocumentDB","CreatedBy":"sreteam@glidewelldental.com","DeptOwner":"SRE","DeptSubOwner":"Infrastructure","Environment":"dev","Name":"lms-dev-documentdb-kms-key","RequestedBy":"sreteam@glidewelldental.com"},"tags_all":{"BillingGroup":"LMS: dev","BillingSubGroup":"DocumentDB","CreatedBy":"sreteam@glidewelldental.com","DeptOwner":"SRE","DeptSubOwner":"Infrastructure","Environment":"dev","Name":"lms-dev-documentdb-kms-key","RequestedBy":"sreteam@glidewelldental.com"}},"sensitive_values":{"tags":{},"tags_all":{}}},{"address":"module.documentdb_cluster.aws_security_group.documentdb_security_group","mode":"managed","type":"aws_security_group","name":"documentdb_security_group","provider_name":"registry.terraform.io/hashicorp/aws","schema_version":1,"values":{"arn":"arn:aws:ec2:us-east-1:686907943941:security-group/sg-0af43203f136b6000","description":"allows access from anywhere in the dev1 VPC","egress":[{"cidr_blocks":["0.0.0.0/0"],"description":"Egress can access all traffic.","from_port":0,"ipv6_cidr_blocks":[],"prefix_list_ids":[],"protocol":"-1","security_groups":[],"self":false,"to_port":0}],"id":"sg-0af43203f136b6000","ingress":[{"cidr_blocks":["10.249.0.0/20"],"description":"DC6 - All Traffic","from_port":0,"ipv6_cidr_blocks":[],"prefix_list_ids":[],"protocol":"-1","security_groups":[],"self":false,"to_port":0},{"cidr_blocks":["192.168.128.0/19"],"description":"gl-InfraServices ClientVPN Users","from_port":0,"ipv6_cidr_blocks":[],"prefix_list_ids":[],"protocol":"-1","security_groups":[],"self":false,"to_port":0},{"cidr_blocks":[],"description":"(Security Group)  lms-dev - Application Load Balancer  - All Traffic","from_port":0,"ipv6_cidr_blocks":[],"prefix_list_ids":[],"protocol":"-1","security_groups":["sg-074beef40f34b6d32"],"self":false,"to_port":0},{"cidr_blocks":[],"description":"(Security Group) lms-dev - Autoscaling Group security group - All Traffic","from_port":0,"ipv6_cidr_blocks":[],"prefix_list_ids":[],"protocol":"-1","security_groups":["sg-02c16144bf6ce0c7b"],"self":false,"to_port":0}],"name":"lms-dev-marketing-docdb-security-group","name_prefix":"","owner_id":"686907943941","revoke_rules_on_delete":false,"tags":{"BillingGroup":"LMS: dev","BillingSubGroup":"DocumentDB","CreatedBy":"sreteam@glidewelldental.com","DeptOwner":"SRE","DeptSubOwner":"Infrastructure","Environment":"dev","Name":"lms-dev-documentdb-security-group","RequestedBy":"sreteam@glidewelldental.com"},"tags_all":{"BillingGroup":"LMS: dev","BillingSubGroup":"DocumentDB","CreatedBy":"sreteam@glidewelldental.com","DeptOwner":"SRE","DeptSubOwner":"Infrastructure","Environment":"dev","Name":"lms-dev-documentdb-security-group","RequestedBy":"sreteam@glidewelldental.com"},"timeouts":null,"vpc_id":"vpc-023df3891901d96d4"},"sensitive_values":{"egress":[{"cidr_blocks":[false],"ipv6_cidr_blocks":[],"prefix_list_ids":[],"security_groups":[]}],"ingress":[{"cidr_blocks":[false],"ipv6_cidr_blocks":[],"prefix_list_ids":[],"security_groups":[]},{"cidr_blocks":[false],"ipv6_cidr_blocks":[],"prefix_list_ids":[],"security_groups":[]},{"cidr_blocks":[],"ipv6_cidr_blocks":[],"prefix_list_ids":[],"security_groups":[false]},{"cidr_blocks":[],"ipv6_cidr_blocks":[],"prefix_list_ids":[],"security_groups":[false]}],"tags":{},"tags_all":{}}},{"address":"module.documentdb_cluster.aws_security_group_rule.docdb_egress_rules","mode":"managed","type":"aws_security_group_rule","name":"docdb_egress_rules","provider_name":"registry.terraform.io/hashicorp/aws","schema_version":2,"values":{"cidr_blocks":["0.0.0.0/0"],"description":"Egress can access all traffic.","from_port":0,"id":"sgrule-1908022019","ipv6_cidr_blocks":null,"prefix_list_ids":null,"protocol":"-1","security_group_id":"sg-0af43203f136b6000","security_group_rule_id":"sgr-01d411d0b46aea898","self":false,"source_security_group_id":null,"timeouts":null,"to_port":0,"type":"egress"},"sensitive_values":{"cidr_blocks":[false]}},{"address":"module.documentdb_cluster.aws_security_group_rule.docdb_ingress_rules[0]","mode":"managed","type":"aws_security_group_rule","name":"docdb_ingress_rules","index":0,"provider_name":"registry.terraform.io/hashicorp/aws","schema_version":2,"values":{"cidr_blocks":["192.168.128.0/19"],"description":"gl-InfraServices ClientVPN Users","from_port":0,"id":"sgrule-4158581725","ipv6_cidr_blocks":null,"prefix_list_ids":null,"protocol":"-1","security_group_id":"sg-0af43203f136b6000","security_group_rule_id":"sgr-0a87dc2c7b834f209","self":false,"source_security_group_id":null,"timeouts":null,"to_port":0,"type":"ingress"},"sensitive_values":{"cidr_blocks":[false]}},{"address":"module.documentdb_cluster.aws_security_group_rule.docdb_ingress_rules[1]","mode":"managed","type":"aws_security_group_rule","name":"docdb_ingress_rules","index":1,"provider_name":"registry.terraform.io/hashicorp/aws","schema_version":2,"values":{"cidr_blocks":["10.249.0.0/20"],"description":"DC6 - All Traffic","from_port":0,"id":"sgrule-532156711","ipv6_cidr_blocks":null,"prefix_list_ids":null,"protocol":"-1","security_group_id":"sg-0af43203f136b6000","security_group_rule_id":"sgr-00436f018483f93c4","self":false,"source_security_group_id":null,"timeouts":null,"to_port":0,"type":"ingress"},"sensitive_values":{"cidr_blocks":[false]}},{"address":"module.documentdb_cluster.aws_security_group_rule.source_docdb_ingress_rules_1[0]","mode":"managed","type":"aws_security_group_rule","name":"source_docdb_ingress_rules_1","index":0,"provider_name":"registry.terraform.io/hashicorp/aws","schema_version":2,"values":{"cidr_blocks":null,"description":"(Security Group) lms-dev - Autoscaling Group security group - All Traffic","from_port":0,"id":"sgrule-3891041202","ipv6_cidr_blocks":null,"prefix_list_ids":null,"protocol":"-1","security_group_id":"sg-0af43203f136b6000","security_group_rule_id":"sgr-0d9f3ab7bdfb1a32f","self":false,"source_security_group_id":"sg-02c16144bf6ce0c7b","timeouts":null,"to_port":0,"type":"ingress"},"sensitive_values":{}},{"address":"module.documentdb_cluster.aws_security_group_rule.source_docdb_ingress_rules_2[0]","mode":"managed","type":"aws_security_group_rule","name":"source_docdb_ingress_rules_2","index":0,"provider_name":"registry.terraform.io/hashicorp/aws","schema_version":2,"values":{"cidr_blocks":null,"description":"(Security Group)  lms-dev - Application Load Balancer  - All Traffic","from_port":0,"id":"sgrule-925967847","ipv6_cidr_blocks":null,"prefix_list_ids":null,"protocol":"-1","security_group_id":"sg-0af43203f136b6000","security_group_rule_id":"sgr-024b1710d4deae0bc","self":false,"source_security_group_id":"sg-074beef40f34b6d32","timeouts":null,"to_port":0,"type":"ingress"},"sensitive_values":{}}],"address":"module.documentdb_cluster"}]}},"resource_drift":[{"address":"module.documentdb_cluster.aws_docdb_cluster.lms_documentdb[\"lms-east-marketing\"]","module_address":"module.documentdb_cluster","mode":"managed","type":"aws_docdb_cluster","name":"lms_documentdb","index":"lms-east-marketing","provider_name":"registry.terraform.io/hashicorp/aws","change":{"actions":["update"],"before":{"apply_immediately":null,"arn":"arn:aws:rds:us-east-1:686907943941:cluster:lms-dev-east-marketing","availability_zones":["us-east-1a","us-east-1b","us-east-1c"],"backup_retention_period":5,"cluster_identifier":"lms-dev-east-marketing","cluster_identifier_prefix":null,"cluster_members":[],"cluster_resource_id":"cluster-64PQBXXQRH7CDXBUA4P4N3CNTA","db_cluster_parameter_group_name":"default.docdb4.0","db_subnet_group_name":"lms-dev-subnet-group","deletion_protection":false,"enabled_cloudwatch_logs_exports":["audit","profiler"],"endpoint":"lms-dev-east-marketing.cluster-ciry1ylxvk9d.us-east-1.docdb.amazonaws.com","engine":"docdb","engine_version":"4.0.0","final_snapshot_identifier":null,"global_cluster_identifier":"","hosted_zone_id":"ZNKXH85TT8WVW","id":"lms-dev-east-marketing","kms_key_id":"arn:aws:kms:us-east-1:686907943941:key/2465c5cc-988f-46ac-a417-593e61eb469e","master_password":"WbsR46QFMAjW5aeb","master_username":"marketingdevdocdbuser","port":27017,"preferred_backup_window":"00:00-00:30","preferred_maintenance_window":"sat:10:00-sat:10:30","reader_endpoint":"lms-dev-east-marketing.cluster-ro-ciry1ylxvk9d.us-east-1.docdb.amazonaws.com","skip_final_snapshot":true,"snapshot_identifier":null,"storage_encrypted":true,"tags":{"BillingGroup":"LMS: lms","BillingSubGroup":"DocumentDB","CreatedBy":"Azeez.Olanrewaju@glidewelldental.com","DeptOwner":"SRE","DeptSubOwner":"Infrastructure","Environment":"dev","Name":"dev-documentdb-cluster","RequestedBy":"sre@glidewelldental.com","TaggedBy":"CrossAccountAutoTaggingLambda"},"tags_all":{"BillingGroup":"LMS: lms","BillingSubGroup":"DocumentDB","CreatedBy":"Azeez.Olanrewaju@glidewelldental.com","DeptOwner":"SRE","DeptSubOwner":"Infrastructure","Environment":"dev","Name":"dev-documentdb-cluster","RequestedBy":"sre@glidewelldental.com","TaggedBy":"CrossAccountAutoTaggingLambda"},"timeouts":null,"vpc_security_group_ids":["sg-0af43203f136b6000"]},"after":{"apply_immediately":null,"arn":"arn:aws:rds:us-east-1:686907943941:cluster:lms-dev-east-marketing","availability_zones":["us-east-1a","us-east-1b","us-east-1c"],"backup_retention_period":5,"cluster_identifier":"lms-dev-east-marketing","cluster_identifier_prefix":null,"cluster_members":["lms-dev-east-marketing-1","lms-dev-east-marketing-2","lms-dev-east-marketing-3"],"cluster_resource_id":"cluster-64PQBXXQRH7CDXBUA4P4N3CNTA","db_cluster_parameter_group_name":"default.docdb4.0","db_subnet_group_name":"lms-dev-subnet-group","deletion_protection":false,"enabled_cloudwatch_logs_exports":["audit","profiler"],"endpoint":"lms-dev-east-marketing.cluster-ciry1ylxvk9d.us-east-1.docdb.amazonaws.com","engine":"docdb","engine_version":"4.0.0","final_snapshot_identifier":null,"global_cluster_identifier":"","hosted_zone_id":"ZNKXH85TT8WVW","id":"lms-dev-east-marketing","kms_key_id":"arn:aws:kms:us-east-1:686907943941:key/2465c5cc-988f-46ac-a417-593e61eb469e","master_password":"WbsR46QFMAjW5aeb","master_username":"marketingdevdocdbuser","port":27017,"preferred_backup_window":"00:00-00:30","preferred_maintenance_window":"sat:10:00-sat:10:30","reader_endpoint":"lms-dev-east-marketing.cluster-ro-ciry1ylxvk9d.us-east-1.docdb.amazonaws.com","skip_final_snapshot":true,"snapshot_identifier":null,"storage_encrypted":true,"tags":{"BillingGroup":"LMS: lms","BillingSubGroup":"DocumentDB","CreatedBy":"Azeez.Olanrewaju@glidewelldental.com","DeptOwner":"SRE","DeptSubOwner":"Infrastructure","Environment":"dev","Name":"dev-documentdb-cluster","RequestedBy":"sre@glidewelldental.com","TaggedBy":"CrossAccountAutoTaggingLambda"},"tags_all":{"BillingGroup":"LMS: lms","BillingSubGroup":"DocumentDB","CreatedBy":"Azeez.Olanrewaju@glidewelldental.com","DeptOwner":"SRE","DeptSubOwner":"Infrastructure","Environment":"dev","Name":"dev-documentdb-cluster","RequestedBy":"sre@glidewelldental.com","TaggedBy":"CrossAccountAutoTaggingLambda"},"timeouts":null,"vpc_security_group_ids":["sg-0af43203f136b6000"]},"after_unknown":{},"before_sensitive":{"availability_zones":[false,false,false],"cluster_members":[],"enabled_cloudwatch_logs_exports":[false,false],"master_password":true,"master_username":true,"tags":{},"tags_all":{},"vpc_security_group_ids":[false]},"after_sensitive":{"availability_zones":[false,false,false],"cluster_members":[false,false,false],"enabled_cloudwatch_logs_exports":[false,false],"master_password":true,"master_username":true,"tags":{},"tags_all":{},"vpc_security_group_ids":[false]}}},{"address":"module.documentdb_cluster.aws_security_group.documentdb_security_group","module_address":"module.documentdb_cluster","mode":"managed","type":"aws_security_group","name":"documentdb_security_group","provider_name":"registry.terraform.io/hashicorp/aws","change":{"actions":["update"],"before":{"arn":"arn:aws:ec2:us-east-1:686907943941:security-group/sg-0af43203f136b6000","description":"allows access from anywhere in the dev1 VPC","egress":[],"id":"sg-0af43203f136b6000","ingress":[],"name":"lms-dev-marketing-docdb-security-group","name_prefix":"","owner_id":"686907943941","revoke_rules_on_delete":false,"tags":{"BillingGroup":"LMS: dev","BillingSubGroup":"DocumentDB","CreatedBy":"sreteam@glidewelldental.com","DeptOwner":"SRE","DeptSubOwner":"Infrastructure","Environment":"dev","Name":"lms-dev-documentdb-security-group","RequestedBy":"sreteam@glidewelldental.com"},"tags_all":{"BillingGroup":"LMS: dev","BillingSubGroup":"DocumentDB","CreatedBy":"sreteam@glidewelldental.com","DeptOwner":"SRE","DeptSubOwner":"Infrastructure","Environment":"dev","Name":"lms-dev-documentdb-security-group","RequestedBy":"sreteam@glidewelldental.com"},"timeouts":null,"vpc_id":"vpc-023df3891901d96d4"},"after":{"arn":"arn:aws:ec2:us-east-1:686907943941:security-group/sg-0af43203f136b6000","description":"allows access from anywhere in the dev1 VPC","egress":[{"cidr_blocks":["0.0.0.0/0"],"description":"Egress can access all traffic.","from_port":0,"ipv6_cidr_blocks":[],"prefix_list_ids":[],"protocol":"-1","security_groups":[],"self":false,"to_port":0}],"id":"sg-0af43203f136b6000","ingress":[{"cidr_blocks":["10.249.0.0/20"],"description":"DC6 - All Traffic","from_port":0,"ipv6_cidr_blocks":[],"prefix_list_ids":[],"protocol":"-1","security_groups":[],"self":false,"to_port":0},{"cidr_blocks":["192.168.128.0/19"],"description":"gl-InfraServices ClientVPN Users","from_port":0,"ipv6_cidr_blocks":[],"prefix_list_ids":[],"protocol":"-1","security_groups":[],"self":false,"to_port":0},{"cidr_blocks":[],"description":"(Security Group)  lms-dev - Application Load Balancer  - All Traffic","from_port":0,"ipv6_cidr_blocks":[],"prefix_list_ids":[],"protocol":"-1","security_groups":["sg-074beef40f34b6d32"],"self":false,"to_port":0},{"cidr_blocks":[],"description":"(Security Group) lms-dev - Autoscaling Group security group - All Traffic","from_port":0,"ipv6_cidr_blocks":[],"prefix_list_ids":[],"protocol":"-1","security_groups":["sg-02c16144bf6ce0c7b"],"self":false,"to_port":0}],"name":"lms-dev-marketing-docdb-security-group","name_prefix":"","owner_id":"686907943941","revoke_rules_on_delete":false,"tags":{"BillingGroup":"LMS: dev","BillingSubGroup":"DocumentDB","CreatedBy":"sreteam@glidewelldental.com","DeptOwner":"SRE","DeptSubOwner":"Infrastructure","Environment":"dev","Name":"lms-dev-documentdb-security-group","RequestedBy":"sreteam@glidewelldental.com"},"tags_all":{"BillingGroup":"LMS: dev","BillingSubGroup":"DocumentDB","CreatedBy":"sreteam@glidewelldental.com","DeptOwner":"SRE","DeptSubOwner":"Infrastructure","Environment":"dev","Name":"lms-dev-documentdb-security-group","RequestedBy":"sreteam@glidewelldental.com"},"timeouts":null,"vpc_id":"vpc-023df3891901d96d4"},"after_unknown":{},"before_sensitive":{"egress":[],"ingress":[],"tags":{},"tags_all":{}},"after_sensitive":{"egress":[{"cidr_blocks":[false],"ipv6_cidr_blocks":[],"prefix_list_ids":[],"security_groups":[]}],"ingress":[{"cidr_blocks":[false],"ipv6_cidr_blocks":[],"prefix_list_ids":[],"security_groups":[]},{"cidr_blocks":[false],"ipv6_cidr_blocks":[],"prefix_list_ids":[],"security_groups":[]},{"cidr_blocks":[],"ipv6_cidr_blocks":[],"prefix_list_ids":[],"security_groups":[false]},{"cidr_blocks":[],"ipv6_cidr_blocks":[],"prefix_list_ids":[],"security_groups":[false]}],"tags":{},"tags_all":{}}}}],"resource_changes":[{"address":"module.documentdb_cluster.aws_docdb_cluster.lms_documentdb[\"lms-east-marketing\"]","module_address":"module.documentdb_cluster","mode":"managed","type":"aws_docdb_cluster","name":"lms_documentdb","index":"lms-east-marketing","provider_name":"registry.terraform.io/hashicorp/aws","change":{"actions":["update"],"before":{"apply_immediately":null,"arn":"arn:aws:rds:us-east-1:686907943941:cluster:lms-dev-east-marketing","availability_zones":["us-east-1a","us-east-1b","us-east-1c"],"backup_retention_period":5,"cluster_identifier":"lms-dev-east-marketing","cluster_identifier_prefix":null,"cluster_members":["lms-dev-east-marketing-1","lms-dev-east-marketing-2","lms-dev-east-marketing-3"],"cluster_resource_id":"cluster-64PQBXXQRH7CDXBUA4P4N3CNTA","db_cluster_parameter_group_name":"default.docdb4.0","db_subnet_group_name":"lms-dev-subnet-group","deletion_protection":false,"enabled_cloudwatch_logs_exports":["audit","profiler"],"endpoint":"lms-dev-east-marketing.cluster-ciry1ylxvk9d.us-east-1.docdb.amazonaws.com","engine":"docdb","engine_version":"4.0.0","final_snapshot_identifier":null,"global_cluster_identifier":"","hosted_zone_id":"ZNKXH85TT8WVW","id":"lms-dev-east-marketing","kms_key_id":"arn:aws:kms:us-east-1:686907943941:key/2465c5cc-988f-46ac-a417-593e61eb469e","master_password":"WbsR46QFMAjW5aeb","master_username":"marketingdevdocdbuser","port":27017,"preferred_backup_window":"00:00-00:30","preferred_maintenance_window":"sat:10:00-sat:10:30","reader_endpoint":"lms-dev-east-marketing.cluster-ro-ciry1ylxvk9d.us-east-1.docdb.amazonaws.com","skip_final_snapshot":true,"snapshot_identifier":null,"storage_encrypted":true,"tags":{"BillingGroup":"LMS: lms","BillingSubGroup":"DocumentDB","CreatedBy":"Azeez.Olanrewaju@glidewelldental.com","DeptOwner":"SRE","DeptSubOwner":"Infrastructure","Environment":"dev","Name":"dev-documentdb-cluster","RequestedBy":"sre@glidewelldental.com","TaggedBy":"CrossAccountAutoTaggingLambda"},"tags_all":{"BillingGroup":"LMS: lms","BillingSubGroup":"DocumentDB","CreatedBy":"Azeez.Olanrewaju@glidewelldental.com","DeptOwner":"SRE","DeptSubOwner":"Infrastructure","Environment":"dev","Name":"dev-documentdb-cluster","RequestedBy":"sre@glidewelldental.com","TaggedBy":"CrossAccountAutoTaggingLambda"},"timeouts":null,"vpc_security_group_ids":["sg-0af43203f136b6000"]},"after":{"apply_immediately":null,"arn":"arn:aws:rds:us-east-1:686907943941:cluster:lms-dev-east-marketing","availability_zones":["us-east-1a","us-east-1b","us-east-1c"],"backup_retention_period":5,"cluster_identifier":"lms-dev-east-marketing","cluster_identifier_prefix":null,"cluster_members":["lms-dev-east-marketing-1","lms-dev-east-marketing-2","lms-dev-east-marketing-3"],"cluster_resource_id":"cluster-64PQBXXQRH7CDXBUA4P4N3CNTA","db_cluster_parameter_group_name":"default.docdb4.0","db_subnet_group_name":"lms-dev-subnet-group","deletion_protection":false,"enabled_cloudwatch_logs_exports":["audit","profiler"],"endpoint":"lms-dev-east-marketing.cluster-ciry1ylxvk9d.us-east-1.docdb.amazonaws.com","engine":"docdb","engine_version":"4.0.0","final_snapshot_identifier":null,"global_cluster_identifier":"","hosted_zone_id":"ZNKXH85TT8WVW","id":"lms-dev-east-marketing","kms_key_id":"arn:aws:kms:us-east-1:686907943941:key/2465c5cc-988f-46ac-a417-593e61eb469e","master_password":"WbsR46QFMAjW5aeb","master_username":"marketingdevdocdbuser","port":27017,"preferred_backup_window":"00:00-00:30","preferred_maintenance_window":"sat:10:00-sat:10:30","reader_endpoint":"lms-dev-east-marketing.cluster-ro-ciry1ylxvk9d.us-east-1.docdb.amazonaws.com","skip_final_snapshot":true,"snapshot_identifier":null,"storage_encrypted":true,"tags":{"BillingGroup":"LMS: lms","BillingSubGroup":"DocumentDB","CreatedBy":"sre@glidewelldental.com","DeptOwner":"SRE","DeptSubOwner":"Infrastructure","Environment":"dev","Name":"dev-documentdb-cluster","RequestedBy":"sre@glidewelldental.com"},"tags_all":{"BillingGroup":"LMS: lms","BillingSubGroup":"DocumentDB","CreatedBy":"sre@glidewelldental.com","DeptOwner":"SRE","DeptSubOwner":"Infrastructure","Environment":"dev","Name":"dev-documentdb-cluster","RequestedBy":"sre@glidewelldental.com"},"timeouts":null,"vpc_security_group_ids":["sg-0af43203f136b6000"]},"after_unknown":{},"before_sensitive":{"availability_zones":[false,false,false],"cluster_members":[false,false,false],"enabled_cloudwatch_logs_exports":[false,false],"master_password":true,"master_username":true,"tags":{},"tags_all":{},"vpc_security_group_ids":[false]},"after_sensitive":{"availability_zones":[false,false,false],"cluster_members":[false,false,false],"enabled_cloudwatch_logs_exports":[false,false],"master_password":true,"master_username":true,"tags":{},"tags_all":{},"vpc_security_group_ids":[false]}}},{"address":"module.documentdb_cluster.aws_docdb_cluster_instance.lms_documentdb_instance_1[\"lms-east-marketing\"]","module_address":"module.documentdb_cluster","mode":"managed","type":"aws_docdb_cluster_instance","name":"lms_documentdb_instance_1","index":"lms-east-marketing","provider_name":"registry.terraform.io/hashicorp/aws","change":{"actions":["update"],"before":{"apply_immediately":null,"arn":"arn:aws:rds:us-east-1:686907943941:db:lms-dev-east-marketing-1","auto_minor_version_upgrade":true,"availability_zone":"us-east-1b","ca_cert_identifier":"rds-ca-2019","cluster_identifier":"lms-dev-east-marketing","db_subnet_group_name":"lms-dev-subnet-group","dbi_resource_id":"db-HTZBFYZZ6XTKO4AMA5EDJDVRNY","enable_performance_insights":null,"endpoint":"lms-dev-east-marketing-1.ciry1ylxvk9d.us-east-1.docdb.amazonaws.com","engine":"docdb","engine_version":"4.0.0","id":"lms-dev-east-marketing-1","identifier":"lms-dev-east-marketing-1","identifier_prefix":null,"instance_class":"db.t3.medium","kms_key_id":"arn:aws:kms:us-east-1:686907943941:key/2465c5cc-988f-46ac-a417-593e61eb469e","performance_insights_kms_key_id":null,"port":27017,"preferred_backup_window":"00:00-00:30","preferred_maintenance_window":"thu:05:38-thu:06:08","promotion_tier":0,"publicly_accessible":false,"storage_encrypted":true,"tags":{"CreatedBy":"Azeez.Olanrewaju@glidewelldental.com","TaggedBy":"CrossAccountAutoTaggingLambda"},"tags_all":{"CreatedBy":"Azeez.Olanrewaju@glidewelldental.com","TaggedBy":"CrossAccountAutoTaggingLambda"},"timeouts":null,"writer":true},"after":{"apply_immediately":null,"arn":"arn:aws:rds:us-east-1:686907943941:db:lms-dev-east-marketing-1","auto_minor_version_upgrade":true,"availability_zone":"us-east-1b","ca_cert_identifier":"rds-ca-2019","cluster_identifier":"lms-dev-east-marketing","db_subnet_group_name":"lms-dev-subnet-group","dbi_resource_id":"db-HTZBFYZZ6XTKO4AMA5EDJDVRNY","enable_performance_insights":null,"endpoint":"lms-dev-east-marketing-1.ciry1ylxvk9d.us-east-1.docdb.amazonaws.com","engine":"docdb","engine_version":"4.0.0","id":"lms-dev-east-marketing-1","identifier":"lms-dev-east-marketing-1","identifier_prefix":null,"instance_class":"db.t3.medium","kms_key_id":"arn:aws:kms:us-east-1:686907943941:key/2465c5cc-988f-46ac-a417-593e61eb469e","performance_insights_kms_key_id":null,"port":27017,"preferred_backup_window":"00:00-00:30","preferred_maintenance_window":"thu:05:38-thu:06:08","promotion_tier":0,"publicly_accessible":false,"storage_encrypted":true,"tags":{},"timeouts":null,"writer":true},"after_unknown":{"tags":{},"tags_all":true},"before_sensitive":{"tags":{},"tags_all":{}},"after_sensitive":{"tags":{},"tags_all":{}}}},{"address":"module.documentdb_cluster.aws_docdb_cluster_instance.lms_documentdb_instance_2[\"lms-east-marketing\"]","module_address":"module.documentdb_cluster","mode":"managed","type":"aws_docdb_cluster_instance","name":"lms_documentdb_instance_2","index":"lms-east-marketing","provider_name":"registry.terraform.io/hashicorp/aws","change":{"actions":["update"],"before":{"apply_immediately":null,"arn":"arn:aws:rds:us-east-1:686907943941:db:lms-dev-east-marketing-2","auto_minor_version_upgrade":true,"availability_zone":"us-east-1a","ca_cert_identifier":"rds-ca-2019","cluster_identifier":"lms-dev-east-marketing","db_subnet_group_name":"lms-dev-subnet-group","dbi_resource_id":"db-AJTSWD5TUDHJXCH74RNW3JCHHA","enable_performance_insights":null,"endpoint":"lms-dev-east-marketing-2.ciry1ylxvk9d.us-east-1.docdb.amazonaws.com","engine":"docdb","engine_version":"4.0.0","id":"lms-dev-east-marketing-2","identifier":"lms-dev-east-marketing-2","identifier_prefix":null,"instance_class":"db.t3.medium","kms_key_id":"arn:aws:kms:us-east-1:686907943941:key/2465c5cc-988f-46ac-a417-593e61eb469e","performance_insights_kms_key_id":null,"port":27017,"preferred_backup_window":"00:00-00:30","preferred_maintenance_window":"wed:07:09-wed:07:39","promotion_tier":0,"publicly_accessible":false,"storage_encrypted":true,"tags":{"CreatedBy":"Azeez.Olanrewaju@glidewelldental.com","TaggedBy":"CrossAccountAutoTaggingLambda"},"tags_all":{"CreatedBy":"Azeez.Olanrewaju@glidewelldental.com","TaggedBy":"CrossAccountAutoTaggingLambda"},"timeouts":null,"writer":false},"after":{"apply_immediately":null,"arn":"arn:aws:rds:us-east-1:686907943941:db:lms-dev-east-marketing-2","auto_minor_version_upgrade":true,"availability_zone":"us-east-1a","ca_cert_identifier":"rds-ca-2019","cluster_identifier":"lms-dev-east-marketing","db_subnet_group_name":"lms-dev-subnet-group","dbi_resource_id":"db-AJTSWD5TUDHJXCH74RNW3JCHHA","enable_performance_insights":null,"endpoint":"lms-dev-east-marketing-2.ciry1ylxvk9d.us-east-1.docdb.amazonaws.com","engine":"docdb","engine_version":"4.0.0","id":"lms-dev-east-marketing-2","identifier":"lms-dev-east-marketing-2","identifier_prefix":null,"instance_class":"db.t3.medium","kms_key_id":"arn:aws:kms:us-east-1:686907943941:key/2465c5cc-988f-46ac-a417-593e61eb469e","performance_insights_kms_key_id":null,"port":27017,"preferred_backup_window":"00:00-00:30","preferred_maintenance_window":"wed:07:09-wed:07:39","promotion_tier":0,"publicly_accessible":false,"storage_encrypted":true,"tags":{},"timeouts":null,"writer":false},"after_unknown":{"tags":{},"tags_all":true},"before_sensitive":{"tags":{},"tags_all":{}},"after_sensitive":{"tags":{},"tags_all":{}}}},{"address":"module.documentdb_cluster.aws_docdb_cluster_instance.lms_documentdb_instance_3[\"lms-east-marketing\"]","module_address":"module.documentdb_cluster","mode":"managed","type":"aws_docdb_cluster_instance","name":"lms_documentdb_instance_3","index":"lms-east-marketing","provider_name":"registry.terraform.io/hashicorp/aws","change":{"actions":["update"],"before":{"apply_immediately":null,"arn":"arn:aws:rds:us-east-1:686907943941:db:lms-dev-east-marketing-3","auto_minor_version_upgrade":true,"availability_zone":"us-east-1a","ca_cert_identifier":"rds-ca-2019","cluster_identifier":"lms-dev-east-marketing","db_subnet_group_name":"lms-dev-subnet-group","dbi_resource_id":"db-YHXSSWO7WYRLBZSELMPS75MDIM","enable_performance_insights":null,"endpoint":"lms-dev-east-marketing-3.ciry1ylxvk9d.us-east-1.docdb.amazonaws.com","engine":"docdb","engine_version":"4.0.0","id":"lms-dev-east-marketing-3","identifier":"lms-dev-east-marketing-3","identifier_prefix":null,"instance_class":"db.t3.medium","kms_key_id":"arn:aws:kms:us-east-1:686907943941:key/2465c5cc-988f-46ac-a417-593e61eb469e","performance_insights_kms_key_id":null,"port":27017,"preferred_backup_window":"00:00-00:30","preferred_maintenance_window":"wed:07:45-wed:08:15","promotion_tier":0,"publicly_accessible":false,"storage_encrypted":true,"tags":{"CreatedBy":"Azeez.Olanrewaju@glidewelldental.com","TaggedBy":"CrossAccountAutoTaggingLambda"},"tags_all":{"CreatedBy":"Azeez.Olanrewaju@glidewelldental.com","TaggedBy":"CrossAccountAutoTaggingLambda"},"timeouts":null,"writer":false},"after":{"apply_immediately":null,"arn":"arn:aws:rds:us-east-1:686907943941:db:lms-dev-east-marketing-3","auto_minor_version_upgrade":true,"availability_zone":"us-east-1a","ca_cert_identifier":"rds-ca-2019","cluster_identifier":"lms-dev-east-marketing","db_subnet_group_name":"lms-dev-subnet-group","dbi_resource_id":"db-YHXSSWO7WYRLBZSELMPS75MDIM","enable_performance_insights":null,"endpoint":"lms-dev-east-marketing-3.ciry1ylxvk9d.us-east-1.docdb.amazonaws.com","engine":"docdb","engine_version":"4.0.0","id":"lms-dev-east-marketing-3","identifier":"lms-dev-east-marketing-3","identifier_prefix":null,"instance_class":"db.t3.medium","kms_key_id":"arn:aws:kms:us-east-1:686907943941:key/2465c5cc-988f-46ac-a417-593e61eb469e","performance_insights_kms_key_id":null,"port":27017,"preferred_backup_window":"00:00-00:30","preferred_maintenance_window":"wed:07:45-wed:08:15","promotion_tier":0,"publicly_accessible":false,"storage_encrypted":true,"tags":{},"timeouts":null,"writer":false},"after_unknown":{"tags":{},"tags_all":true},"before_sensitive":{"tags":{},"tags_all":{}},"after_sensitive":{"tags":{},"tags_all":{}}}},{"address":"module.documentdb_cluster.aws_kms_alias.document_db_kms_key_alias","module_address":"module.documentdb_cluster","mode":"managed","type":"aws_kms_alias","name":"document_db_kms_key_alias","provider_name":"registry.terraform.io/hashicorp/aws","change":{"actions":["no-op"],"before":{"arn":"arn:aws:kms:us-east-1:686907943941:alias/dev-east-lms-marketing-docdb","id":"alias/dev-east-lms-marketing-docdb","name":"alias/dev-east-lms-marketing-docdb","name_prefix":"","target_key_arn":"arn:aws:kms:us-east-1:686907943941:key/2465c5cc-988f-46ac-a417-593e61eb469e","target_key_id":"2465c5cc-988f-46ac-a417-593e61eb469e"},"after":{"arn":"arn:aws:kms:us-east-1:686907943941:alias/dev-east-lms-marketing-docdb","id":"alias/dev-east-lms-marketing-docdb","name":"alias/dev-east-lms-marketing-docdb","name_prefix":"","target_key_arn":"arn:aws:kms:us-east-1:686907943941:key/2465c5cc-988f-46ac-a417-593e61eb469e","target_key_id":"2465c5cc-988f-46ac-a417-593e61eb469e"},"after_unknown":{},"before_sensitive":{},"after_sensitive":{}}},{"address":"module.documentdb_cluster.aws_kms_key.documentdb_kms_key","module_address":"module.documentdb_cluster","mode":"managed","type":"aws_kms_key","name":"documentdb_kms_key","provider_name":"registry.terraform.io/hashicorp/aws","change":{"actions":["no-op"],"before":{"arn":"arn:aws:kms:us-east-1:686907943941:key/2465c5cc-988f-46ac-a417-593e61eb469e","bypass_policy_lockout_safety_check":false,"custom_key_store_id":"","customer_master_key_spec":"SYMMETRIC_DEFAULT","deletion_window_in_days":null,"description":"Documentdb KMS encryption key.","enable_key_rotation":false,"id":"2465c5cc-988f-46ac-a417-593e61eb469e","is_enabled":true,"key_id":"2465c5cc-988f-46ac-a417-593e61eb469e","key_usage":"ENCRYPT_DECRYPT","multi_region":false,"policy":"{\"Id\":\"key-default-1\",\"Statement\":[{\"Action\":\"kms:*\",\"Effect\":\"Allow\",\"Principal\":{\"AWS\":\"arn:aws:iam::686907943941:root\"},\"Resource\":\"*\",\"Sid\":\"Enable IAM User Permissions\"}],\"Version\":\"2012-10-17\"}","tags":{"BillingGroup":"LMS: dev","BillingSubGroup":"DocumentDB","CreatedBy":"sreteam@glidewelldental.com","DeptOwner":"SRE","DeptSubOwner":"Infrastructure","Environment":"dev","Name":"lms-dev-documentdb-kms-key","RequestedBy":"sreteam@glidewelldental.com"},"tags_all":{"BillingGroup":"LMS: dev","BillingSubGroup":"DocumentDB","CreatedBy":"sreteam@glidewelldental.com","DeptOwner":"SRE","DeptSubOwner":"Infrastructure","Environment":"dev","Name":"lms-dev-documentdb-kms-key","RequestedBy":"sreteam@glidewelldental.com"}},"after":{"arn":"arn:aws:kms:us-east-1:686907943941:key/2465c5cc-988f-46ac-a417-593e61eb469e","bypass_policy_lockout_safety_check":false,"custom_key_store_id":"","customer_master_key_spec":"SYMMETRIC_DEFAULT","deletion_window_in_days":null,"description":"Documentdb KMS encryption key.","enable_key_rotation":false,"id":"2465c5cc-988f-46ac-a417-593e61eb469e","is_enabled":true,"key_id":"2465c5cc-988f-46ac-a417-593e61eb469e","key_usage":"ENCRYPT_DECRYPT","multi_region":false,"policy":"{\"Id\":\"key-default-1\",\"Statement\":[{\"Action\":\"kms:*\",\"Effect\":\"Allow\",\"Principal\":{\"AWS\":\"arn:aws:iam::686907943941:root\"},\"Resource\":\"*\",\"Sid\":\"Enable IAM User Permissions\"}],\"Version\":\"2012-10-17\"}","tags":{"BillingGroup":"LMS: dev","BillingSubGroup":"DocumentDB","CreatedBy":"sreteam@glidewelldental.com","DeptOwner":"SRE","DeptSubOwner":"Infrastructure","Environment":"dev","Name":"lms-dev-documentdb-kms-key","RequestedBy":"sreteam@glidewelldental.com"},"tags_all":{"BillingGroup":"LMS: dev","BillingSubGroup":"DocumentDB","CreatedBy":"sreteam@glidewelldental.com","DeptOwner":"SRE","DeptSubOwner":"Infrastructure","Environment":"dev","Name":"lms-dev-documentdb-kms-key","RequestedBy":"sreteam@glidewelldental.com"}},"after_unknown":{},"before_sensitive":{"tags":{},"tags_all":{}},"after_sensitive":{"tags":{},"tags_all":{}}}},{"address":"module.documentdb_cluster.aws_security_group.documentdb_security_group","module_address":"module.documentdb_cluster","mode":"managed","type":"aws_security_group","name":"documentdb_security_group","provider_name":"registry.terraform.io/hashicorp/aws","change":{"actions":["no-op"],"before":{"arn":"arn:aws:ec2:us-east-1:686907943941:security-group/sg-0af43203f136b6000","description":"allows access from anywhere in the dev1 VPC","egress":[{"cidr_blocks":["0.0.0.0/0"],"description":"Egress can access all traffic.","from_port":0,"ipv6_cidr_blocks":[],"prefix_list_ids":[],"protocol":"-1","security_groups":[],"self":false,"to_port":0}],"id":"sg-0af43203f136b6000","ingress":[{"cidr_blocks":["10.249.0.0/20"],"description":"DC6 - All Traffic","from_port":0,"ipv6_cidr_blocks":[],"prefix_list_ids":[],"protocol":"-1","security_groups":[],"self":false,"to_port":0},{"cidr_blocks":["192.168.128.0/19"],"description":"gl-InfraServices ClientVPN Users","from_port":0,"ipv6_cidr_blocks":[],"prefix_list_ids":[],"protocol":"-1","security_groups":[],"self":false,"to_port":0},{"cidr_blocks":[],"description":"(Security Group)  lms-dev - Application Load Balancer  - All Traffic","from_port":0,"ipv6_cidr_blocks":[],"prefix_list_ids":[],"protocol":"-1","security_groups":["sg-074beef40f34b6d32"],"self":false,"to_port":0},{"cidr_blocks":[],"description":"(Security Group) lms-dev - Autoscaling Group security group - All Traffic","from_port":0,"ipv6_cidr_blocks":[],"prefix_list_ids":[],"protocol":"-1","security_groups":["sg-02c16144bf6ce0c7b"],"self":false,"to_port":0}],"name":"lms-dev-marketing-docdb-security-group","name_prefix":"","owner_id":"686907943941","revoke_rules_on_delete":false,"tags":{"BillingGroup":"LMS: dev","BillingSubGroup":"DocumentDB","CreatedBy":"sreteam@glidewelldental.com","DeptOwner":"SRE","DeptSubOwner":"Infrastructure","Environment":"dev","Name":"lms-dev-documentdb-security-group","RequestedBy":"sreteam@glidewelldental.com"},"tags_all":{"BillingGroup":"LMS: dev","BillingSubGroup":"DocumentDB","CreatedBy":"sreteam@glidewelldental.com","DeptOwner":"SRE","DeptSubOwner":"Infrastructure","Environment":"dev","Name":"lms-dev-documentdb-security-group","RequestedBy":"sreteam@glidewelldental.com"},"timeouts":null,"vpc_id":"vpc-023df3891901d96d4"},"after":{"arn":"arn:aws:ec2:us-east-1:686907943941:security-group/sg-0af43203f136b6000","description":"allows access from anywhere in the dev1 VPC","egress":[{"cidr_blocks":["0.0.0.0/0"],"description":"Egress can access all traffic.","from_port":0,"ipv6_cidr_blocks":[],"prefix_list_ids":[],"protocol":"-1","security_groups":[],"self":false,"to_port":0}],"id":"sg-0af43203f136b6000","ingress":[{"cidr_blocks":["10.249.0.0/20"],"description":"DC6 - All Traffic","from_port":0,"ipv6_cidr_blocks":[],"prefix_list_ids":[],"protocol":"-1","security_groups":[],"self":false,"to_port":0},{"cidr_blocks":["192.168.128.0/19"],"description":"gl-InfraServices ClientVPN Users","from_port":0,"ipv6_cidr_blocks":[],"prefix_list_ids":[],"protocol":"-1","security_groups":[],"self":false,"to_port":0},{"cidr_blocks":[],"description":"(Security Group)  lms-dev - Application Load Balancer  - All Traffic","from_port":0,"ipv6_cidr_blocks":[],"prefix_list_ids":[],"protocol":"-1","security_groups":["sg-074beef40f34b6d32"],"self":false,"to_port":0},{"cidr_blocks":[],"description":"(Security Group) lms-dev - Autoscaling Group security group - All Traffic","from_port":0,"ipv6_cidr_blocks":[],"prefix_list_ids":[],"protocol":"-1","security_groups":["sg-02c16144bf6ce0c7b"],"self":false,"to_port":0}],"name":"lms-dev-marketing-docdb-security-group","name_prefix":"","owner_id":"686907943941","revoke_rules_on_delete":false,"tags":{"BillingGroup":"LMS: dev","BillingSubGroup":"DocumentDB","CreatedBy":"sreteam@glidewelldental.com","DeptOwner":"SRE","DeptSubOwner":"Infrastructure","Environment":"dev","Name":"lms-dev-documentdb-security-group","RequestedBy":"sreteam@glidewelldental.com"},"tags_all":{"BillingGroup":"LMS: dev","BillingSubGroup":"DocumentDB","CreatedBy":"sreteam@glidewelldental.com","DeptOwner":"SRE","DeptSubOwner":"Infrastructure","Environment":"dev","Name":"lms-dev-documentdb-security-group","RequestedBy":"sreteam@glidewelldental.com"},"timeouts":null,"vpc_id":"vpc-023df3891901d96d4"},"after_unknown":{},"before_sensitive":{"egress":[{"cidr_blocks":[false],"ipv6_cidr_blocks":[],"prefix_list_ids":[],"security_groups":[]}],"ingress":[{"cidr_blocks":[false],"ipv6_cidr_blocks":[],"prefix_list_ids":[],"security_groups":[]},{"cidr_blocks":[false],"ipv6_cidr_blocks":[],"prefix_list_ids":[],"security_groups":[]},{"cidr_blocks":[],"ipv6_cidr_blocks":[],"prefix_list_ids":[],"security_groups":[false]},{"cidr_blocks":[],"ipv6_cidr_blocks":[],"prefix_list_ids":[],"security_groups":[false]}],"tags":{},"tags_all":{}},"after_sensitive":{"egress":[{"cidr_blocks":[false],"ipv6_cidr_blocks":[],"prefix_list_ids":[],"security_groups":[]}],"ingress":[{"cidr_blocks":[false],"ipv6_cidr_blocks":[],"prefix_list_ids":[],"security_groups":[]},{"cidr_blocks":[false],"ipv6_cidr_blocks":[],"prefix_list_ids":[],"security_groups":[]},{"cidr_blocks":[],"ipv6_cidr_blocks":[],"prefix_list_ids":[],"security_groups":[false]},{"cidr_blocks":[],"ipv6_cidr_blocks":[],"prefix_list_ids":[],"security_groups":[false]}],"tags":{},"tags_all":{}}}},{"address":"module.documentdb_cluster.aws_security_group_rule.docdb_egress_rules","module_address":"module.documentdb_cluster","mode":"managed","type":"aws_security_group_rule","name":"docdb_egress_rules","provider_name":"registry.terraform.io/hashicorp/aws","change":{"actions":["no-op"],"before":{"cidr_blocks":["0.0.0.0/0"],"description":"Egress can access all traffic.","from_port":0,"id":"sgrule-1908022019","ipv6_cidr_blocks":null,"prefix_list_ids":null,"protocol":"-1","security_group_id":"sg-0af43203f136b6000","security_group_rule_id":"sgr-01d411d0b46aea898","self":false,"source_security_group_id":null,"timeouts":null,"to_port":0,"type":"egress"},"after":{"cidr_blocks":["0.0.0.0/0"],"description":"Egress can access all traffic.","from_port":0,"id":"sgrule-1908022019","ipv6_cidr_blocks":null,"prefix_list_ids":null,"protocol":"-1","security_group_id":"sg-0af43203f136b6000","security_group_rule_id":"sgr-01d411d0b46aea898","self":false,"source_security_group_id":null,"timeouts":null,"to_port":0,"type":"egress"},"after_unknown":{},"before_sensitive":{"cidr_blocks":[false]},"after_sensitive":{"cidr_blocks":[false]}}},{"address":"module.documentdb_cluster.aws_security_group_rule.docdb_ingress_rules[0]","module_address":"module.documentdb_cluster","mode":"managed","type":"aws_security_group_rule","name":"docdb_ingress_rules","index":0,"provider_name":"registry.terraform.io/hashicorp/aws","change":{"actions":["no-op"],"before":{"cidr_blocks":["192.168.128.0/19"],"description":"gl-InfraServices ClientVPN Users","from_port":0,"id":"sgrule-4158581725","ipv6_cidr_blocks":null,"prefix_list_ids":null,"protocol":"-1","security_group_id":"sg-0af43203f136b6000","security_group_rule_id":"sgr-0a87dc2c7b834f209","self":false,"source_security_group_id":null,"timeouts":null,"to_port":0,"type":"ingress"},"after":{"cidr_blocks":["192.168.128.0/19"],"description":"gl-InfraServices ClientVPN Users","from_port":0,"id":"sgrule-4158581725","ipv6_cidr_blocks":null,"prefix_list_ids":null,"protocol":"-1","security_group_id":"sg-0af43203f136b6000","security_group_rule_id":"sgr-0a87dc2c7b834f209","self":false,"source_security_group_id":null,"timeouts":null,"to_port":0,"type":"ingress"},"after_unknown":{},"before_sensitive":{"cidr_blocks":[false]},"after_sensitive":{"cidr_blocks":[false]}}},{"address":"module.documentdb_cluster.aws_security_group_rule.docdb_ingress_rules[1]","module_address":"module.documentdb_cluster","mode":"managed","type":"aws_security_group_rule","name":"docdb_ingress_rules","index":1,"provider_name":"registry.terraform.io/hashicorp/aws","change":{"actions":["no-op"],"before":{"cidr_blocks":["10.249.0.0/20"],"description":"DC6 - All Traffic","from_port":0,"id":"sgrule-532156711","ipv6_cidr_blocks":null,"prefix_list_ids":null,"protocol":"-1","security_group_id":"sg-0af43203f136b6000","security_group_rule_id":"sgr-00436f018483f93c4","self":false,"source_security_group_id":null,"timeouts":null,"to_port":0,"type":"ingress"},"after":{"cidr_blocks":["10.249.0.0/20"],"description":"DC6 - All Traffic","from_port":0,"id":"sgrule-532156711","ipv6_cidr_blocks":null,"prefix_list_ids":null,"protocol":"-1","security_group_id":"sg-0af43203f136b6000","security_group_rule_id":"sgr-00436f018483f93c4","self":false,"source_security_group_id":null,"timeouts":null,"to_port":0,"type":"ingress"},"after_unknown":{},"before_sensitive":{"cidr_blocks":[false]},"after_sensitive":{"cidr_blocks":[false]}}},{"address":"module.documentdb_cluster.aws_security_group_rule.source_docdb_ingress_rules_1[0]","module_address":"module.documentdb_cluster","mode":"managed","type":"aws_security_group_rule","name":"source_docdb_ingress_rules_1","index":0,"provider_name":"registry.terraform.io/hashicorp/aws","change":{"actions":["no-op"],"before":{"cidr_blocks":null,"description":"(Security Group) lms-dev - Autoscaling Group security group - All Traffic","from_port":0,"id":"sgrule-3891041202","ipv6_cidr_blocks":null,"prefix_list_ids":null,"protocol":"-1","security_group_id":"sg-0af43203f136b6000","security_group_rule_id":"sgr-0d9f3ab7bdfb1a32f","self":false,"source_security_group_id":"sg-02c16144bf6ce0c7b","timeouts":null,"to_port":0,"type":"ingress"},"after":{"cidr_blocks":null,"description":"(Security Group) lms-dev - Autoscaling Group security group - All Traffic","from_port":0,"id":"sgrule-3891041202","ipv6_cidr_blocks":null,"prefix_list_ids":null,"protocol":"-1","security_group_id":"sg-0af43203f136b6000","security_group_rule_id":"sgr-0d9f3ab7bdfb1a32f","self":false,"source_security_group_id":"sg-02c16144bf6ce0c7b","timeouts":null,"to_port":0,"type":"ingress"},"after_unknown":{},"before_sensitive":{},"after_sensitive":{}}},{"address":"module.documentdb_cluster.aws_security_group_rule.source_docdb_ingress_rules_2[0]","module_address":"module.documentdb_cluster","mode":"managed","type":"aws_security_group_rule","name":"source_docdb_ingress_rules_2","index":0,"provider_name":"registry.terraform.io/hashicorp/aws","change":{"actions":["no-op"],"before":{"cidr_blocks":null,"description":"(Security Group)  lms-dev - Application Load Balancer  - All Traffic","from_port":0,"id":"sgrule-925967847","ipv6_cidr_blocks":null,"prefix_list_ids":null,"protocol":"-1","security_group_id":"sg-0af43203f136b6000","security_group_rule_id":"sgr-024b1710d4deae0bc","self":false,"source_security_group_id":"sg-074beef40f34b6d32","timeouts":null,"to_port":0,"type":"ingress"},"after":{"cidr_blocks":null,"description":"(Security Group)  lms-dev - Application Load Balancer  - All Traffic","from_port":0,"id":"sgrule-925967847","ipv6_cidr_blocks":null,"prefix_list_ids":null,"protocol":"-1","security_group_id":"sg-0af43203f136b6000","security_group_rule_id":"sgr-024b1710d4deae0bc","self":false,"source_security_group_id":"sg-074beef40f34b6d32","timeouts":null,"to_port":0,"type":"ingress"},"after_unknown":{},"before_sensitive":{},"after_sensitive":{}}}],"prior_state":{"format_version":"1.0","terraform_version":"1.3.4","values":{"root_module":{"resources":[{"address":"data.terraform_remote_state.vpc","mode":"data","type":"terraform_remote_state","name":"vpc","provider_name":"terraform.io/builtin/terraform","schema_version":0,"values":{"backend":"s3","config":{"bucket":"tf-remote-lms-dev-bkt","dynamodb_table":"lms-terraform-state","key":"project/lms-dev/vpc-deployment","region":"us-east-1"},"defaults":null,"outputs":{"alb_security_group_output":{"arn":"arn:aws:ec2:us-east-1:686907943941:security-group/sg-02c16144bf6ce0c7b","description":"Managed by Terraform","egress":[{"cidr_blocks":["0.0.0.0/0"],"description":"Egress can access all traffic.","from_port":0,"ipv6_cidr_blocks":[],"prefix_list_ids":[],"protocol":"-1","security_groups":[],"self":false,"to_port":0}],"id":"sg-02c16144bf6ce0c7b","ingress":[{"cidr_blocks":["100.21.192.90/32"],"description":"Workspaces - NATGWY","from_port":0,"ipv6_cidr_blocks":[],"prefix_list_ids":[],"protocol":"-1","security_groups":[],"self":false,"to_port":0},{"cidr_blocks":["12.1.209.224/28"],"description":"DC6 - All Traffic","from_port":0,"ipv6_cidr_blocks":[],"prefix_list_ids":[],"protocol":"-1","security_groups":[],"self":false,"to_port":0},{"cidr_blocks":["192.168.128.0/19"],"description":"gl-InfraServices ClientVPN Users","from_port":0,"ipv6_cidr_blocks":[],"prefix_list_ids":[],"protocol":"-1","security_groups":[],"self":false,"to_port":0}],"name":"lms-dev - Autoscaling Group security group","name_prefix":"","owner_id":"686907943941","revoke_rules_on_delete":false,"tags":{"Name":"lms-dev - Autoscaling Group security group"},"tags_all":{"Name":"lms-dev - Autoscaling Group security group"},"timeouts":null,"vpc_id":"vpc-023df3891901d96d4"},"asg_security_group_output":{"arn":"arn:aws:ec2:us-east-1:686907943941:security-group/sg-02c16144bf6ce0c7b","description":"Managed by Terraform","egress":[{"cidr_blocks":["0.0.0.0/0"],"description":"Egress can access all traffic.","from_port":0,"ipv6_cidr_blocks":[],"prefix_list_ids":[],"protocol":"-1","security_groups":[],"self":false,"to_port":0}],"id":"sg-02c16144bf6ce0c7b","ingress":[{"cidr_blocks":["100.21.192.90/32"],"description":"Workspaces - NATGWY","from_port":0,"ipv6_cidr_blocks":[],"prefix_list_ids":[],"protocol":"-1","security_groups":[],"self":false,"to_port":0},{"cidr_blocks":["12.1.209.224/28"],"description":"DC6 - All Traffic","from_port":0,"ipv6_cidr_blocks":[],"prefix_list_ids":[],"protocol":"-1","security_groups":[],"self":false,"to_port":0},{"cidr_blocks":["192.168.128.0/19"],"description":"gl-InfraServices ClientVPN Users","from_port":0,"ipv6_cidr_blocks":[],"prefix_list_ids":[],"protocol":"-1","security_groups":[],"self":false,"to_port":0}],"name":"lms-dev - Autoscaling Group security group","name_prefix":"","owner_id":"686907943941","revoke_rules_on_delete":false,"tags":{"Name":"lms-dev - Autoscaling Group security group"},"tags_all":{"Name":"lms-dev - Autoscaling Group security group"},"timeouts":null,"vpc_id":"vpc-023df3891901d96d4"},"database_subnets_ids":[{"arn":"arn:aws:ec2:us-east-1:686907943941:subnet/subnet-0e4ee5e09fc069953","assign_ipv6_address_on_creation":false,"availability_zone":"us-east-1a","availability_zone_id":"use1-az4","cidr_block":"10.249.136.0/24","customer_owned_ipv4_pool":"","enable_dns64":false,"enable_resource_name_dns_a_record_on_launch":false,"enable_resource_name_dns_aaaa_record_on_launch":false,"id":"subnet-0e4ee5e09fc069953","ipv6_cidr_block":"","ipv6_cidr_block_association_id":"","ipv6_native":false,"map_customer_owned_ip_on_launch":false,"map_public_ip_on_launch":false,"outpost_arn":"","owner_id":"686907943941","private_dns_hostname_type_on_launch":"ip-name","tags":{"BillingGroup":"LMS","BillingSubGroup":"Subnet","CreatedBy":"SRETeam@glidewelldental.com","DeptOwner":"SRE","DeptSubOwner":"Infrastructure","Environment":"lms-dev","Name":"lms-dev-database-subnet-1","Tier":"Private"},"tags_all":{"BillingGroup":"LMS","BillingSubGroup":"Subnet","CreatedBy":"SRETeam@glidewelldental.com","DeptOwner":"SRE","DeptSubOwner":"Infrastructure","Environment":"lms-dev","Name":"lms-dev-database-subnet-1","Tier":"Private"},"timeouts":null,"vpc_id":"vpc-023df3891901d96d4"},{"arn":"arn:aws:ec2:us-east-1:686907943941:subnet/subnet-097e65e67ae26a54f","assign_ipv6_address_on_creation":false,"availability_zone":"us-east-1b","availability_zone_id":"use1-az6","cidr_block":"10.249.137.0/24","customer_owned_ipv4_pool":"","enable_dns64":false,"enable_resource_name_dns_a_record_on_launch":false,"enable_resource_name_dns_aaaa_record_on_launch":false,"id":"subnet-097e65e67ae26a54f","ipv6_cidr_block":"","ipv6_cidr_block_association_id":"","ipv6_native":false,"map_customer_owned_ip_on_launch":false,"map_public_ip_on_launch":false,"outpost_arn":"","owner_id":"686907943941","private_dns_hostname_type_on_launch":"ip-name","tags":{"BillingGroup":"LMS","BillingSubGroup":"Subnet","CreatedBy":"SRETeam@glidewelldental.com","DeptOwner":"SRE","DeptSubOwner":"Infrastructure","Environment":"lms-dev","Name":"lms-dev-database-subnet-2","Tier":"Private"},"tags_all":{"BillingGroup":"LMS","BillingSubGroup":"Subnet","CreatedBy":"SRETeam@glidewelldental.com","DeptOwner":"SRE","DeptSubOwner":"Infrastructure","Environment":"lms-dev","Name":"lms-dev-database-subnet-2","Tier":"Private"},"timeouts":null,"vpc_id":"vpc-023df3891901d96d4"},{"arn":"arn:aws:ec2:us-east-1:686907943941:subnet/subnet-04a02e95434b3872d","assign_ipv6_address_on_creation":false,"availability_zone":"us-east-1c","availability_zone_id":"use1-az1","cidr_block":"10.249.138.0/24","customer_owned_ipv4_pool":"","enable_dns64":false,"enable_resource_name_dns_a_record_on_launch":false,"enable_resource_name_dns_aaaa_record_on_launch":false,"id":"subnet-04a02e95434b3872d","ipv6_cidr_block":"","ipv6_cidr_block_association_id":"","ipv6_native":false,"map_customer_owned_ip_on_launch":false,"map_public_ip_on_launch":false,"outpost_arn":"","owner_id":"686907943941","private_dns_hostname_type_on_launch":"ip-name","tags":{"BillingGroup":"LMS","BillingSubGroup":"Subnet","CreatedBy":"SRETeam@glidewelldental.com","DeptOwner":"SRE","DeptSubOwner":"Infrastructure","Environment":"lms-dev","Name":"lms-dev-database-subnet-3","Tier":"Private"},"tags_all":{"BillingGroup":"LMS","BillingSubGroup":"Subnet","CreatedBy":"SRETeam@glidewelldental.com","DeptOwner":"SRE","DeptSubOwner":"Infrastructure","Environment":"lms-dev","Name":"lms-dev-database-subnet-3","Tier":"Private"},"timeouts":null,"vpc_id":"vpc-023df3891901d96d4"},{"arn":"arn:aws:ec2:us-east-1:686907943941:subnet/subnet-049844577f7c59246","assign_ipv6_address_on_creation":false,"availability_zone":"us-east-1d","availability_zone_id":"use1-az2","cidr_block":"10.249.139.0/24","customer_owned_ipv4_pool":"","enable_dns64":false,"enable_resource_name_dns_a_record_on_launch":false,"enable_resource_name_dns_aaaa_record_on_launch":false,"id":"subnet-049844577f7c59246","ipv6_cidr_block":"","ipv6_cidr_block_association_id":"","ipv6_native":false,"map_customer_owned_ip_on_launch":false,"map_public_ip_on_launch":false,"outpost_arn":"","owner_id":"686907943941","private_dns_hostname_type_on_launch":"ip-name","tags":{"BillingGroup":"LMS","BillingSubGroup":"Subnet","CreatedBy":"SRETeam@glidewelldental.com","DeptOwner":"SRE","DeptSubOwner":"Infrastructure","Environment":"lms-dev","Name":"lms-dev-database-subnet-4","Tier":"Private"},"tags_all":{"BillingGroup":"LMS","BillingSubGroup":"Subnet","CreatedBy":"SRETeam@glidewelldental.com","DeptOwner":"SRE","DeptSubOwner":"Infrastructure","Environment":"lms-dev","Name":"lms-dev-database-subnet-4","Tier":"Private"},"timeouts":null,"vpc_id":"vpc-023df3891901d96d4"}],"elastisearch_security_group_output":{"arn":"arn:aws:ec2:us-east-1:686907943941:security-group/sg-0acaa5ba3ebc68415","description":"Managed by Terraform","egress":[{"cidr_blocks":["0.0.0.0/0"],"description":"Egress can access all traffic.","from_port":0,"ipv6_cidr_blocks":[],"prefix_list_ids":[],"protocol":"-1","security_groups":[],"self":false,"to_port":0}],"id":"sg-0acaa5ba3ebc68415","ingress":[{"cidr_blocks":["192.168.128.0/19"],"description":"gl-InfraServices ClientVPN Users","from_port":0,"ipv6_cidr_blocks":[],"prefix_list_ids":[],"protocol":"-1","security_groups":[],"self":false,"to_port":0}],"name":"lms-dev - Elasticsearch security group","name_prefix":"","owner_id":"686907943941","revoke_rules_on_delete":false,"tags":{"Name":"lms-dev - Elasticsearch security group"},"tags_all":{"Name":"lms-dev - Elasticsearch security group"},"timeouts":null,"vpc_id":"vpc-023df3891901d96d4"},"private_subnet_ids":[{"arn":"arn:aws:ec2:us-east-1:686907943941:subnet/subnet-0ccf008a1835530fa","assign_ipv6_address_on_creation":false,"availability_zone":"us-east-1a","availability_zone_id":"use1-az4","cidr_block":"10.249.128.0/24","customer_owned_ipv4_pool":"","enable_dns64":false,"enable_resource_name_dns_a_record_on_launch":false,"enable_resource_name_dns_aaaa_record_on_launch":false,"id":"subnet-0ccf008a1835530fa","ipv6_cidr_block":"","ipv6_cidr_block_association_id":"","ipv6_native":false,"map_customer_owned_ip_on_launch":false,"map_public_ip_on_launch":false,"outpost_arn":"","owner_id":"686907943941","private_dns_hostname_type_on_launch":"ip-name","tags":{"BillingGroup":"LMS","BillingSubGroup":"Subnet","CreatedBy":"SRETeam@glidewelldental.com","DeptOwner":"SRE","DeptSubOwner":"Infrastructure","Environment":"lms-dev","Name":"lms-dev-private-subnet-1","Tier":"Private"},"tags_all":{"BillingGroup":"LMS","BillingSubGroup":"Subnet","CreatedBy":"SRETeam@glidewelldental.com","DeptOwner":"SRE","DeptSubOwner":"Infrastructure","Environment":"lms-dev","Name":"lms-dev-private-subnet-1","Tier":"Private"},"timeouts":null,"vpc_id":"vpc-023df3891901d96d4"},{"arn":"arn:aws:ec2:us-east-1:686907943941:subnet/subnet-0f526b85a6e3f10ed","assign_ipv6_address_on_creation":false,"availability_zone":"us-east-1b","availability_zone_id":"use1-az6","cidr_block":"10.249.129.0/24","customer_owned_ipv4_pool":"","enable_dns64":false,"enable_resource_name_dns_a_record_on_launch":false,"enable_resource_name_dns_aaaa_record_on_launch":false,"id":"subnet-0f526b85a6e3f10ed","ipv6_cidr_block":"","ipv6_cidr_block_association_id":"","ipv6_native":false,"map_customer_owned_ip_on_launch":false,"map_public_ip_on_launch":false,"outpost_arn":"","owner_id":"686907943941","private_dns_hostname_type_on_launch":"ip-name","tags":{"BillingGroup":"LMS","BillingSubGroup":"Subnet","CreatedBy":"SRETeam@glidewelldental.com","DeptOwner":"SRE","DeptSubOwner":"Infrastructure","Environment":"lms-dev","Name":"lms-dev-private-subnet-2","Tier":"Private"},"tags_all":{"BillingGroup":"LMS","BillingSubGroup":"Subnet","CreatedBy":"SRETeam@glidewelldental.com","DeptOwner":"SRE","DeptSubOwner":"Infrastructure","Environment":"lms-dev","Name":"lms-dev-private-subnet-2","Tier":"Private"},"timeouts":null,"vpc_id":"vpc-023df3891901d96d4"},{"arn":"arn:aws:ec2:us-east-1:686907943941:subnet/subnet-0ff1b7ac17424502e","assign_ipv6_address_on_creation":false,"availability_zone":"us-east-1c","availability_zone_id":"use1-az1","cidr_block":"10.249.130.0/24","customer_owned_ipv4_pool":"","enable_dns64":false,"enable_resource_name_dns_a_record_on_launch":false,"enable_resource_name_dns_aaaa_record_on_launch":false,"id":"subnet-0ff1b7ac17424502e","ipv6_cidr_block":"","ipv6_cidr_block_association_id":"","ipv6_native":false,"map_customer_owned_ip_on_launch":false,"map_public_ip_on_launch":false,"outpost_arn":"","owner_id":"686907943941","private_dns_hostname_type_on_launch":"ip-name","tags":{"BillingGroup":"LMS","BillingSubGroup":"Subnet","CreatedBy":"SRETeam@glidewelldental.com","DeptOwner":"SRE","DeptSubOwner":"Infrastructure","Environment":"lms-dev","Name":"lms-dev-private-subnet-3","Tier":"Private"},"tags_all":{"BillingGroup":"LMS","BillingSubGroup":"Subnet","CreatedBy":"SRETeam@glidewelldental.com","DeptOwner":"SRE","DeptSubOwner":"Infrastructure","Environment":"lms-dev","Name":"lms-dev-private-subnet-3","Tier":"Private"},"timeouts":null,"vpc_id":"vpc-023df3891901d96d4"},{"arn":"arn:aws:ec2:us-east-1:686907943941:subnet/subnet-0d8c2936eea36c5c7","assign_ipv6_address_on_creation":false,"availability_zone":"us-east-1d","availability_zone_id":"use1-az2","cidr_block":"10.249.131.0/24","customer_owned_ipv4_pool":"","enable_dns64":false,"enable_resource_name_dns_a_record_on_launch":false,"enable_resource_name_dns_aaaa_record_on_launch":false,"id":"subnet-0d8c2936eea36c5c7","ipv6_cidr_block":"","ipv6_cidr_block_association_id":"","ipv6_native":false,"map_customer_owned_ip_on_launch":false,"map_public_ip_on_launch":false,"outpost_arn":"","owner_id":"686907943941","private_dns_hostname_type_on_launch":"ip-name","tags":{"BillingGroup":"LMS","BillingSubGroup":"Subnet","CreatedBy":"SRETeam@glidewelldental.com","DeptOwner":"SRE","DeptSubOwner":"Infrastructure","Environment":"lms-dev","Name":"lms-dev-private-subnet-4","Tier":"Private"},"tags_all":{"BillingGroup":"LMS","BillingSubGroup":"Subnet","CreatedBy":"SRETeam@glidewelldental.com","DeptOwner":"SRE","DeptSubOwner":"Infrastructure","Environment":"lms-dev","Name":"lms-dev-private-subnet-4","Tier":"Private"},"timeouts":null,"vpc_id":"vpc-023df3891901d96d4"}],"public_subnet_ids":[{"arn":"arn:aws:ec2:us-east-1:686907943941:subnet/subnet-040144c4c654c875e","assign_ipv6_address_on_creation":false,"availability_zone":"us-east-1a","availability_zone_id":"use1-az4","cidr_block":"10.249.140.0/24","customer_owned_ipv4_pool":"","enable_dns64":false,"enable_resource_name_dns_a_record_on_launch":false,"enable_resource_name_dns_aaaa_record_on_launch":false,"id":"subnet-040144c4c654c875e","ipv6_cidr_block":"","ipv6_cidr_block_association_id":"","ipv6_native":false,"map_customer_owned_ip_on_launch":false,"map_public_ip_on_launch":true,"outpost_arn":"","owner_id":"686907943941","private_dns_hostname_type_on_launch":"ip-name","tags":{"BillingGroup":"LMS","BillingSubGroup":"Subnet","CreatedBy":"SRETeam@glidewelldental.com","DeptOwner":"SRE","DeptSubOwner":"Infrastructure","Environment":"lms-dev","Name":"lms-dev-public-subnet-1","Tier":"Public"},"tags_all":{"BillingGroup":"LMS","BillingSubGroup":"Subnet","CreatedBy":"SRETeam@glidewelldental.com","DeptOwner":"SRE","DeptSubOwner":"Infrastructure","Environment":"lms-dev","Name":"lms-dev-public-subnet-1","Tier":"Public"},"timeouts":null,"vpc_id":"vpc-023df3891901d96d4"},{"arn":"arn:aws:ec2:us-east-1:686907943941:subnet/subnet-04f840e3fee5dc1d7","assign_ipv6_address_on_creation":false,"availability_zone":"us-east-1b","availability_zone_id":"use1-az6","cidr_block":"10.249.141.0/24","customer_owned_ipv4_pool":"","enable_dns64":false,"enable_resource_name_dns_a_record_on_launch":false,"enable_resource_name_dns_aaaa_record_on_launch":false,"id":"subnet-04f840e3fee5dc1d7","ipv6_cidr_block":"","ipv6_cidr_block_association_id":"","ipv6_native":false,"map_customer_owned_ip_on_launch":false,"map_public_ip_on_launch":true,"outpost_arn":"","owner_id":"686907943941","private_dns_hostname_type_on_launch":"ip-name","tags":{"BillingGroup":"LMS","BillingSubGroup":"Subnet","CreatedBy":"SRETeam@glidewelldental.com","DeptOwner":"SRE","DeptSubOwner":"Infrastructure","Environment":"lms-dev","Name":"lms-dev-public-subnet-2","Tier":"Public"},"tags_all":{"BillingGroup":"LMS","BillingSubGroup":"Subnet","CreatedBy":"SRETeam@glidewelldental.com","DeptOwner":"SRE","DeptSubOwner":"Infrastructure","Environment":"lms-dev","Name":"lms-dev-public-subnet-2","Tier":"Public"},"timeouts":null,"vpc_id":"vpc-023df3891901d96d4"},{"arn":"arn:aws:ec2:us-east-1:686907943941:subnet/subnet-0b3ddb6b9db9ecf78","assign_ipv6_address_on_creation":false,"availability_zone":"us-east-1c","availability_zone_id":"use1-az1","cidr_block":"10.249.142.0/24","customer_owned_ipv4_pool":"","enable_dns64":false,"enable_resource_name_dns_a_record_on_launch":false,"enable_resource_name_dns_aaaa_record_on_launch":false,"id":"subnet-0b3ddb6b9db9ecf78","ipv6_cidr_block":"","ipv6_cidr_block_association_id":"","ipv6_native":false,"map_customer_owned_ip_on_launch":false,"map_public_ip_on_launch":true,"outpost_arn":"","owner_id":"686907943941","private_dns_hostname_type_on_launch":"ip-name","tags":{"BillingGroup":"LMS","BillingSubGroup":"Subnet","CreatedBy":"SRETeam@glidewelldental.com","DeptOwner":"SRE","DeptSubOwner":"Infrastructure","Environment":"lms-dev","Name":"lms-dev-public-subnet-3","Tier":"Public"},"tags_all":{"BillingGroup":"LMS","BillingSubGroup":"Subnet","CreatedBy":"SRETeam@glidewelldental.com","DeptOwner":"SRE","DeptSubOwner":"Infrastructure","Environment":"lms-dev","Name":"lms-dev-public-subnet-3","Tier":"Public"},"timeouts":null,"vpc_id":"vpc-023df3891901d96d4"},{"arn":"arn:aws:ec2:us-east-1:686907943941:subnet/subnet-04e850334f3af738b","assign_ipv6_address_on_creation":false,"availability_zone":"us-east-1d","availability_zone_id":"use1-az2","cidr_block":"10.249.143.0/24","customer_owned_ipv4_pool":"","enable_dns64":false,"enable_resource_name_dns_a_record_on_launch":false,"enable_resource_name_dns_aaaa_record_on_launch":false,"id":"subnet-04e850334f3af738b","ipv6_cidr_block":"","ipv6_cidr_block_association_id":"","ipv6_native":false,"map_customer_owned_ip_on_launch":false,"map_public_ip_on_launch":true,"outpost_arn":"","owner_id":"686907943941","private_dns_hostname_type_on_launch":"ip-name","tags":{"BillingGroup":"LMS","BillingSubGroup":"Subnet","CreatedBy":"SRETeam@glidewelldental.com","DeptOwner":"SRE","DeptSubOwner":"Infrastructure","Environment":"lms-dev","Name":"lms-dev-public-subnet-4","Tier":"Public"},"tags_all":{"BillingGroup":"LMS","BillingSubGroup":"Subnet","CreatedBy":"SRETeam@glidewelldental.com","DeptOwner":"SRE","DeptSubOwner":"Infrastructure","Environment":"lms-dev","Name":"lms-dev-public-subnet-4","Tier":"Public"},"timeouts":null,"vpc_id":"vpc-023df3891901d96d4"}],"vpc_id":"vpc-023df3891901d96d4"},"workspace":null},"sensitive_values":{"config":{},"outputs":{"alb_security_group_output":{"egress":[{"cidr_blocks":[false],"ipv6_cidr_blocks":[],"prefix_list_ids":[],"security_groups":[]}],"ingress":[{"cidr_blocks":[false],"ipv6_cidr_blocks":[],"prefix_list_ids":[],"security_groups":[]},{"cidr_blocks":[false],"ipv6_cidr_blocks":[],"prefix_list_ids":[],"security_groups":[]},{"cidr_blocks":[false],"ipv6_cidr_blocks":[],"prefix_list_ids":[],"security_groups":[]}],"tags":{},"tags_all":{}},"asg_security_group_output":{"egress":[{"cidr_blocks":[false],"ipv6_cidr_blocks":[],"prefix_list_ids":[],"security_groups":[]}],"ingress":[{"cidr_blocks":[false],"ipv6_cidr_blocks":[],"prefix_list_ids":[],"security_groups":[]},{"cidr_blocks":[false],"ipv6_cidr_blocks":[],"prefix_list_ids":[],"security_groups":[]},{"cidr_blocks":[false],"ipv6_cidr_blocks":[],"prefix_list_ids":[],"security_groups":[]}],"tags":{},"tags_all":{}},"database_subnets_ids":[{"tags":{},"tags_all":{}},{"tags":{},"tags_all":{}},{"tags":{},"tags_all":{}},{"tags":{},"tags_all":{}}],"elastisearch_security_group_output":{"egress":[{"cidr_blocks":[false],"ipv6_cidr_blocks":[],"prefix_list_ids":[],"security_groups":[]}],"ingress":[{"cidr_blocks":[false],"ipv6_cidr_blocks":[],"prefix_list_ids":[],"security_groups":[]}],"tags":{},"tags_all":{}},"private_subnet_ids":[{"tags":{},"tags_all":{}},{"tags":{},"tags_all":{}},{"tags":{},"tags_all":{}},{"tags":{},"tags_all":{}}],"public_subnet_ids":[{"tags":{},"tags_all":{}},{"tags":{},"tags_all":{}},{"tags":{},"tags_all":{}},{"tags":{},"tags_all":{}}]}}}],"child_modules":[{"resources":[{"address":"module.documentdb_cluster.aws_docdb_cluster.lms_documentdb[\"lms-east-marketing\"]","mode":"managed","type":"aws_docdb_cluster","name":"lms_documentdb","index":"lms-east-marketing","provider_name":"registry.terraform.io/hashicorp/aws","schema_version":0,"values":{"apply_immediately":null,"arn":"arn:aws:rds:us-east-1:686907943941:cluster:lms-dev-east-marketing","availability_zones":["us-east-1a","us-east-1b","us-east-1c"],"backup_retention_period":5,"cluster_identifier":"lms-dev-east-marketing","cluster_identifier_prefix":null,"cluster_members":["lms-dev-east-marketing-1","lms-dev-east-marketing-2","lms-dev-east-marketing-3"],"cluster_resource_id":"cluster-64PQBXXQRH7CDXBUA4P4N3CNTA","db_cluster_parameter_group_name":"default.docdb4.0","db_subnet_group_name":"lms-dev-subnet-group","deletion_protection":false,"enabled_cloudwatch_logs_exports":["audit","profiler"],"endpoint":"lms-dev-east-marketing.cluster-ciry1ylxvk9d.us-east-1.docdb.amazonaws.com","engine":"docdb","engine_version":"4.0.0","final_snapshot_identifier":null,"global_cluster_identifier":"","hosted_zone_id":"ZNKXH85TT8WVW","id":"lms-dev-east-marketing","kms_key_id":"arn:aws:kms:us-east-1:686907943941:key/2465c5cc-988f-46ac-a417-593e61eb469e","master_password":"WbsR46QFMAjW5aeb","master_username":"marketingdevdocdbuser","port":27017,"preferred_backup_window":"00:00-00:30","preferred_maintenance_window":"sat:10:00-sat:10:30","reader_endpoint":"lms-dev-east-marketing.cluster-ro-ciry1ylxvk9d.us-east-1.docdb.amazonaws.com","skip_final_snapshot":true,"snapshot_identifier":null,"storage_encrypted":true,"tags":{"BillingGroup":"LMS: lms","BillingSubGroup":"DocumentDB","CreatedBy":"Azeez.Olanrewaju@glidewelldental.com","DeptOwner":"SRE","DeptSubOwner":"Infrastructure","Environment":"dev","Name":"dev-documentdb-cluster","RequestedBy":"sre@glidewelldental.com","TaggedBy":"CrossAccountAutoTaggingLambda"},"tags_all":{"BillingGroup":"LMS: lms","BillingSubGroup":"DocumentDB","CreatedBy":"Azeez.Olanrewaju@glidewelldental.com","DeptOwner":"SRE","DeptSubOwner":"Infrastructure","Environment":"dev","Name":"dev-documentdb-cluster","RequestedBy":"sre@glidewelldental.com","TaggedBy":"CrossAccountAutoTaggingLambda"},"timeouts":null,"vpc_security_group_ids":["sg-0af43203f136b6000"]},"sensitive_values":{"availability_zones":[false,false,false],"cluster_members":[false,false,false],"enabled_cloudwatch_logs_exports":[false,false],"master_password":true,"master_username":true,"tags":{},"tags_all":{},"vpc_security_group_ids":[false]},"depends_on":["data.terraform_remote_state.vpc","module.documentdb_cluster.aws_kms_key.documentdb_kms_key","module.documentdb_cluster.aws_security_group.documentdb_security_group","module.documentdb_cluster.data.aws_ssm_parameter.documentdb_password","module.documentdb_cluster.data.aws_ssm_parameter.documentdb_username"]},{"address":"module.documentdb_cluster.aws_docdb_cluster_instance.lms_documentdb_instance_1[\"lms-east-marketing\"]","mode":"managed","type":"aws_docdb_cluster_instance","name":"lms_documentdb_instance_1","index":"lms-east-marketing","provider_name":"registry.terraform.io/hashicorp/aws","schema_version":0,"values":{"apply_immediately":null,"arn":"arn:aws:rds:us-east-1:686907943941:db:lms-dev-east-marketing-1","auto_minor_version_upgrade":true,"availability_zone":"us-east-1b","ca_cert_identifier":"rds-ca-2019","cluster_identifier":"lms-dev-east-marketing","db_subnet_group_name":"lms-dev-subnet-group","dbi_resource_id":"db-HTZBFYZZ6XTKO4AMA5EDJDVRNY","enable_performance_insights":null,"endpoint":"lms-dev-east-marketing-1.ciry1ylxvk9d.us-east-1.docdb.amazonaws.com","engine":"docdb","engine_version":"4.0.0","id":"lms-dev-east-marketing-1","identifier":"lms-dev-east-marketing-1","identifier_prefix":null,"instance_class":"db.t3.medium","kms_key_id":"arn:aws:kms:us-east-1:686907943941:key/2465c5cc-988f-46ac-a417-593e61eb469e","performance_insights_kms_key_id":null,"port":27017,"preferred_backup_window":"00:00-00:30","preferred_maintenance_window":"thu:05:38-thu:06:08","promotion_tier":0,"publicly_accessible":false,"storage_encrypted":true,"tags":{"CreatedBy":"Azeez.Olanrewaju@glidewelldental.com","TaggedBy":"CrossAccountAutoTaggingLambda"},"tags_all":{"CreatedBy":"Azeez.Olanrewaju@glidewelldental.com","TaggedBy":"CrossAccountAutoTaggingLambda"},"timeouts":null,"writer":true},"sensitive_values":{"tags":{},"tags_all":{}},"depends_on":["data.terraform_remote_state.vpc","module.documentdb_cluster.aws_docdb_cluster.lms_documentdb","module.documentdb_cluster.aws_kms_key.documentdb_kms_key","module.documentdb_cluster.aws_security_group.documentdb_security_group","module.documentdb_cluster.data.aws_ssm_parameter.documentdb_password","module.documentdb_cluster.data.aws_ssm_parameter.documentdb_username"]},{"address":"module.documentdb_cluster.aws_docdb_cluster_instance.lms_documentdb_instance_2[\"lms-east-marketing\"]","mode":"managed","type":"aws_docdb_cluster_instance","name":"lms_documentdb_instance_2","index":"lms-east-marketing","provider_name":"registry.terraform.io/hashicorp/aws","schema_version":0,"values":{"apply_immediately":null,"arn":"arn:aws:rds:us-east-1:686907943941:db:lms-dev-east-marketing-2","auto_minor_version_upgrade":true,"availability_zone":"us-east-1a","ca_cert_identifier":"rds-ca-2019","cluster_identifier":"lms-dev-east-marketing","db_subnet_group_name":"lms-dev-subnet-group","dbi_resource_id":"db-AJTSWD5TUDHJXCH74RNW3JCHHA","enable_performance_insights":null,"endpoint":"lms-dev-east-marketing-2.ciry1ylxvk9d.us-east-1.docdb.amazonaws.com","engine":"docdb","engine_version":"4.0.0","id":"lms-dev-east-marketing-2","identifier":"lms-dev-east-marketing-2","identifier_prefix":null,"instance_class":"db.t3.medium","kms_key_id":"arn:aws:kms:us-east-1:686907943941:key/2465c5cc-988f-46ac-a417-593e61eb469e","performance_insights_kms_key_id":null,"port":27017,"preferred_backup_window":"00:00-00:30","preferred_maintenance_window":"wed:07:09-wed:07:39","promotion_tier":0,"publicly_accessible":false,"storage_encrypted":true,"tags":{"CreatedBy":"Azeez.Olanrewaju@glidewelldental.com","TaggedBy":"CrossAccountAutoTaggingLambda"},"tags_all":{"CreatedBy":"Azeez.Olanrewaju@glidewelldental.com","TaggedBy":"CrossAccountAutoTaggingLambda"},"timeouts":null,"writer":false},"sensitive_values":{"tags":{},"tags_all":{}},"depends_on":["data.terraform_remote_state.vpc","module.documentdb_cluster.aws_docdb_cluster.lms_documentdb","module.documentdb_cluster.aws_kms_key.documentdb_kms_key","module.documentdb_cluster.aws_security_group.documentdb_security_group","module.documentdb_cluster.data.aws_ssm_parameter.documentdb_password","module.documentdb_cluster.data.aws_ssm_parameter.documentdb_username"]},{"address":"module.documentdb_cluster.aws_docdb_cluster_instance.lms_documentdb_instance_3[\"lms-east-marketing\"]","mode":"managed","type":"aws_docdb_cluster_instance","name":"lms_documentdb_instance_3","index":"lms-east-marketing","provider_name":"registry.terraform.io/hashicorp/aws","schema_version":0,"values":{"apply_immediately":null,"arn":"arn:aws:rds:us-east-1:686907943941:db:lms-dev-east-marketing-3","auto_minor_version_upgrade":true,"availability_zone":"us-east-1a","ca_cert_identifier":"rds-ca-2019","cluster_identifier":"lms-dev-east-marketing","db_subnet_group_name":"lms-dev-subnet-group","dbi_resource_id":"db-YHXSSWO7WYRLBZSELMPS75MDIM","enable_performance_insights":null,"endpoint":"lms-dev-east-marketing-3.ciry1ylxvk9d.us-east-1.docdb.amazonaws.com","engine":"docdb","engine_version":"4.0.0","id":"lms-dev-east-marketing-3","identifier":"lms-dev-east-marketing-3","identifier_prefix":null,"instance_class":"db.t3.medium","kms_key_id":"arn:aws:kms:us-east-1:686907943941:key/2465c5cc-988f-46ac-a417-593e61eb469e","performance_insights_kms_key_id":null,"port":27017,"preferred_backup_window":"00:00-00:30","preferred_maintenance_window":"wed:07:45-wed:08:15","promotion_tier":0,"publicly_accessible":false,"storage_encrypted":true,"tags":{"CreatedBy":"Azeez.Olanrewaju@glidewelldental.com","TaggedBy":"CrossAccountAutoTaggingLambda"},"tags_all":{"CreatedBy":"Azeez.Olanrewaju@glidewelldental.com","TaggedBy":"CrossAccountAutoTaggingLambda"},"timeouts":null,"writer":false},"sensitive_values":{"tags":{},"tags_all":{}},"depends_on":["data.terraform_remote_state.vpc","module.documentdb_cluster.aws_docdb_cluster.lms_documentdb","module.documentdb_cluster.aws_kms_key.documentdb_kms_key","module.documentdb_cluster.aws_security_group.documentdb_security_group","module.documentdb_cluster.data.aws_ssm_parameter.documentdb_password","module.documentdb_cluster.data.aws_ssm_parameter.documentdb_username"]},{"address":"module.documentdb_cluster.aws_kms_alias.document_db_kms_key_alias","mode":"managed","type":"aws_kms_alias","name":"document_db_kms_key_alias","provider_name":"registry.terraform.io/hashicorp/aws","schema_version":0,"values":{"arn":"arn:aws:kms:us-east-1:686907943941:alias/dev-east-lms-marketing-docdb","id":"alias/dev-east-lms-marketing-docdb","name":"alias/dev-east-lms-marketing-docdb","name_prefix":"","target_key_arn":"arn:aws:kms:us-east-1:686907943941:key/2465c5cc-988f-46ac-a417-593e61eb469e","target_key_id":"2465c5cc-988f-46ac-a417-593e61eb469e"},"sensitive_values":{},"depends_on":["module.documentdb_cluster.aws_kms_key.documentdb_kms_key"]},{"address":"module.documentdb_cluster.aws_kms_key.documentdb_kms_key","mode":"managed","type":"aws_kms_key","name":"documentdb_kms_key","provider_name":"registry.terraform.io/hashicorp/aws","schema_version":0,"values":{"arn":"arn:aws:kms:us-east-1:686907943941:key/2465c5cc-988f-46ac-a417-593e61eb469e","bypass_policy_lockout_safety_check":false,"custom_key_store_id":"","customer_master_key_spec":"SYMMETRIC_DEFAULT","deletion_window_in_days":null,"description":"Documentdb KMS encryption key.","enable_key_rotation":false,"id":"2465c5cc-988f-46ac-a417-593e61eb469e","is_enabled":true,"key_id":"2465c5cc-988f-46ac-a417-593e61eb469e","key_usage":"ENCRYPT_DECRYPT","multi_region":false,"policy":"{\"Id\":\"key-default-1\",\"Statement\":[{\"Action\":\"kms:*\",\"Effect\":\"Allow\",\"Principal\":{\"AWS\":\"arn:aws:iam::686907943941:root\"},\"Resource\":\"*\",\"Sid\":\"Enable IAM User Permissions\"}],\"Version\":\"2012-10-17\"}","tags":{"BillingGroup":"LMS: dev","BillingSubGroup":"DocumentDB","CreatedBy":"sreteam@glidewelldental.com","DeptOwner":"SRE","DeptSubOwner":"Infrastructure","Environment":"dev","Name":"lms-dev-documentdb-kms-key","RequestedBy":"sreteam@glidewelldental.com"},"tags_all":{"BillingGroup":"LMS: dev","BillingSubGroup":"DocumentDB","CreatedBy":"sreteam@glidewelldental.com","DeptOwner":"SRE","DeptSubOwner":"Infrastructure","Environment":"dev","Name":"lms-dev-documentdb-kms-key","RequestedBy":"sreteam@glidewelldental.com"}},"sensitive_values":{"tags":{},"tags_all":{}}},{"address":"module.documentdb_cluster.aws_security_group.documentdb_security_group","mode":"managed","type":"aws_security_group","name":"documentdb_security_group","provider_name":"registry.terraform.io/hashicorp/aws","schema_version":1,"values":{"arn":"arn:aws:ec2:us-east-1:686907943941:security-group/sg-0af43203f136b6000","description":"allows access from anywhere in the dev1 VPC","egress":[{"cidr_blocks":["0.0.0.0/0"],"description":"Egress can access all traffic.","from_port":0,"ipv6_cidr_blocks":[],"prefix_list_ids":[],"protocol":"-1","security_groups":[],"self":false,"to_port":0}],"id":"sg-0af43203f136b6000","ingress":[{"cidr_blocks":["10.249.0.0/20"],"description":"DC6 - All Traffic","from_port":0,"ipv6_cidr_blocks":[],"prefix_list_ids":[],"protocol":"-1","security_groups":[],"self":false,"to_port":0},{"cidr_blocks":["192.168.128.0/19"],"description":"gl-InfraServices ClientVPN Users","from_port":0,"ipv6_cidr_blocks":[],"prefix_list_ids":[],"protocol":"-1","security_groups":[],"self":false,"to_port":0},{"cidr_blocks":[],"description":"(Security Group)  lms-dev - Application Load Balancer  - All Traffic","from_port":0,"ipv6_cidr_blocks":[],"prefix_list_ids":[],"protocol":"-1","security_groups":["sg-074beef40f34b6d32"],"self":false,"to_port":0},{"cidr_blocks":[],"description":"(Security Group) lms-dev - Autoscaling Group security group - All Traffic","from_port":0,"ipv6_cidr_blocks":[],"prefix_list_ids":[],"protocol":"-1","security_groups":["sg-02c16144bf6ce0c7b"],"self":false,"to_port":0}],"name":"lms-dev-marketing-docdb-security-group","name_prefix":"","owner_id":"686907943941","revoke_rules_on_delete":false,"tags":{"BillingGroup":"LMS: dev","BillingSubGroup":"DocumentDB","CreatedBy":"sreteam@glidewelldental.com","DeptOwner":"SRE","DeptSubOwner":"Infrastructure","Environment":"dev","Name":"lms-dev-documentdb-security-group","RequestedBy":"sreteam@glidewelldental.com"},"tags_all":{"BillingGroup":"LMS: dev","BillingSubGroup":"DocumentDB","CreatedBy":"sreteam@glidewelldental.com","DeptOwner":"SRE","DeptSubOwner":"Infrastructure","Environment":"dev","Name":"lms-dev-documentdb-security-group","RequestedBy":"sreteam@glidewelldental.com"},"timeouts":null,"vpc_id":"vpc-023df3891901d96d4"},"sensitive_values":{"egress":[{"cidr_blocks":[false],"ipv6_cidr_blocks":[],"prefix_list_ids":[],"security_groups":[]}],"ingress":[{"cidr_blocks":[false],"ipv6_cidr_blocks":[],"prefix_list_ids":[],"security_groups":[]},{"cidr_blocks":[false],"ipv6_cidr_blocks":[],"prefix_list_ids":[],"security_groups":[]},{"cidr_blocks":[],"ipv6_cidr_blocks":[],"prefix_list_ids":[],"security_groups":[false]},{"cidr_blocks":[],"ipv6_cidr_blocks":[],"prefix_list_ids":[],"security_groups":[false]}],"tags":{},"tags_all":{}},"depends_on":["data.terraform_remote_state.vpc"]},{"address":"module.documentdb_cluster.aws_security_group_rule.docdb_egress_rules","mode":"managed","type":"aws_security_group_rule","name":"docdb_egress_rules","provider_name":"registry.terraform.io/hashicorp/aws","schema_version":2,"values":{"cidr_blocks":["0.0.0.0/0"],"description":"Egress can access all traffic.","from_port":0,"id":"sgrule-1908022019","ipv6_cidr_blocks":null,"prefix_list_ids":null,"protocol":"-1","security_group_id":"sg-0af43203f136b6000","security_group_rule_id":"sgr-01d411d0b46aea898","self":false,"source_security_group_id":null,"timeouts":null,"to_port":0,"type":"egress"},"sensitive_values":{"cidr_blocks":[false]},"depends_on":["data.terraform_remote_state.vpc","module.documentdb_cluster.aws_security_group.documentdb_security_group"]},{"address":"module.documentdb_cluster.aws_security_group_rule.docdb_ingress_rules[0]","mode":"managed","type":"aws_security_group_rule","name":"docdb_ingress_rules","index":0,"provider_name":"registry.terraform.io/hashicorp/aws","schema_version":2,"values":{"cidr_blocks":["192.168.128.0/19"],"description":"gl-InfraServices ClientVPN Users","from_port":0,"id":"sgrule-4158581725","ipv6_cidr_blocks":null,"prefix_list_ids":null,"protocol":"-1","security_group_id":"sg-0af43203f136b6000","security_group_rule_id":"sgr-0a87dc2c7b834f209","self":false,"source_security_group_id":null,"timeouts":null,"to_port":0,"type":"ingress"},"sensitive_values":{"cidr_blocks":[false]},"depends_on":["data.terraform_remote_state.vpc","module.documentdb_cluster.aws_security_group.documentdb_security_group"]},{"address":"module.documentdb_cluster.aws_security_group_rule.docdb_ingress_rules[1]","mode":"managed","type":"aws_security_group_rule","name":"docdb_ingress_rules","index":1,"provider_name":"registry.terraform.io/hashicorp/aws","schema_version":2,"values":{"cidr_blocks":["10.249.0.0/20"],"description":"DC6 - All Traffic","from_port":0,"id":"sgrule-532156711","ipv6_cidr_blocks":null,"prefix_list_ids":null,"protocol":"-1","security_group_id":"sg-0af43203f136b6000","security_group_rule_id":"sgr-00436f018483f93c4","self":false,"source_security_group_id":null,"timeouts":null,"to_port":0,"type":"ingress"},"sensitive_values":{"cidr_blocks":[false]},"depends_on":["data.terraform_remote_state.vpc","module.documentdb_cluster.aws_security_group.documentdb_security_group"]},{"address":"module.documentdb_cluster.aws_security_group_rule.source_docdb_ingress_rules_1[0]","mode":"managed","type":"aws_security_group_rule","name":"source_docdb_ingress_rules_1","index":0,"provider_name":"registry.terraform.io/hashicorp/aws","schema_version":2,"values":{"cidr_blocks":null,"description":"(Security Group) lms-dev - Autoscaling Group security group - All Traffic","from_port":0,"id":"sgrule-3891041202","ipv6_cidr_blocks":null,"prefix_list_ids":null,"protocol":"-1","security_group_id":"sg-0af43203f136b6000","security_group_rule_id":"sgr-0d9f3ab7bdfb1a32f","self":false,"source_security_group_id":"sg-02c16144bf6ce0c7b","timeouts":null,"to_port":0,"type":"ingress"},"sensitive_values":{},"depends_on":["data.terraform_remote_state.vpc","module.documentdb_cluster.aws_security_group.documentdb_security_group"]},{"address":"module.documentdb_cluster.aws_security_group_rule.source_docdb_ingress_rules_2[0]","mode":"managed","type":"aws_security_group_rule","name":"source_docdb_ingress_rules_2","index":0,"provider_name":"registry.terraform.io/hashicorp/aws","schema_version":2,"values":{"cidr_blocks":null,"description":"(Security Group)  lms-dev - Application Load Balancer  - All Traffic","from_port":0,"id":"sgrule-925967847","ipv6_cidr_blocks":null,"prefix_list_ids":null,"protocol":"-1","security_group_id":"sg-0af43203f136b6000","security_group_rule_id":"sgr-024b1710d4deae0bc","self":false,"source_security_group_id":"sg-074beef40f34b6d32","timeouts":null,"to_port":0,"type":"ingress"},"sensitive_values":{},"depends_on":["data.terraform_remote_state.vpc","module.documentdb_cluster.aws_security_group.documentdb_security_group"]},{"address":"module.documentdb_cluster.data.aws_ssm_parameter.documentdb_password","mode":"data","type":"aws_ssm_parameter","name":"documentdb_password","provider_name":"registry.terraform.io/hashicorp/aws","schema_version":0,"values":{"arn":"arn:aws:ssm:us-east-1:686907943941:parameter/lms-dev/marketing/documentdb_password","id":"/lms-dev/marketing/documentdb_password","name":"/lms-dev/marketing/documentdb_password","type":"SecureString","value":"WbsR46QFMAjW5aeb","version":1,"with_decryption":true},"sensitive_values":{}},{"address":"module.documentdb_cluster.data.aws_ssm_parameter.documentdb_username","mode":"data","type":"aws_ssm_parameter","name":"documentdb_username","provider_name":"registry.terraform.io/hashicorp/aws","schema_version":0,"values":{"arn":"arn:aws:ssm:us-east-1:686907943941:parameter/lms-dev/marketing/documentdb_username","id":"/lms-dev/marketing/documentdb_username","name":"/lms-dev/marketing/documentdb_username","type":"SecureString","value":"marketingdevdocdbuser","version":1,"with_decryption":true},"sensitive_values":{}}],"address":"module.documentdb_cluster"}]}}},"configuration":{"provider_config":{"aws":{"name":"aws","full_name":"registry.terraform.io/hashicorp/aws","version_constraint":"~\u003e 4.12"},"datadog":{"name":"datadog","full_name":"registry.terraform.io/datadog/datadog"},"terraform":{"name":"terraform","full_name":"terraform.io/builtin/terraform"}},"root_module":{"resources":[{"address":"data.terraform_remote_state.vpc","mode":"data","type":"terraform_remote_state","name":"vpc","provider_config_key":"terraform","expressions":{"backend":{"constant_value":"s3"},"config":{"constant_value":{"bucket":"tf-remote-lms-dev-bkt","dynamodb_table":"lms-terraform-state","key":"project/lms-dev/vpc-deployment","region":"us-east-1"}}},"schema_version":0}],"module_calls":{"documentdb_cluster":{"source":"../../","expressions":{"db_subnet_group_name":{"constant_value":"lms-dev-subnet-group"},"deletion_protection":{"constant_value":true},"docdb_sg_ingress_rules":{"constant_value":[{"cidr_block":"192.168.128.0/19","description":"gl-InfraServices ClientVPN Users","from_port":0,"protocol":"-1","to_port":0},{"cidr_block":"10.249.0.0/20","description":"DC6 - All Traffic","from_port":0,"protocol":"-1","to_port":0}]},"domain":{"references":["local.domain"]},"enabled_cloudwatch_logs_exports":{"constant_value":["audit","profiler"]},"env":{"constant_value":"lms-dev"},"environment":{"references":["local.environment"]},"ingress_cidr_blocks":{"constant_value":["10.196.0.0/16","10.249.0.0/20","192.168.128.0/19"]},"instance_class":{"constant_value":"db.t3.medium"},"instance_count":{"constant_value":"2"},"key_alias":{"references":["local.environment","local.region","local.domain"]},"lms-alb-sg":{"constant_value":"sg-074beef40f34b6d32"},"lms-asg-sg":{"constant_value":"sg-02c16144bf6ce0c7b"},"port":{"constant_value":27017},"preferred_backup_window":{"constant_value":"00:00-00:30"},"preferred_maintenance_window":{"constant_value":"sat:10:00-sat:10:30"},"resource_version":{"constant_value":"0.0.1"},"skip_final_snapshot":{"constant_value":true},"source_docdb_ingress_rules":{"constant_value":[{"from_port":0,"protocol":"-1","to_port":0},{"from_port":0,"protocol":"-1","to_port":0}]},"storage_encrypted":{"constant_value":true},"subnet_ids":{"references":["data.terraform_remote_state.vpc.outputs.private_subnet_ids","data.terraform_remote_state.vpc.outputs","data.terraform_remote_state.vpc"]},"vpc_id":{"references":["data.terraform_remote_state.vpc.outputs.vpc_id","data.terraform_remote_state.vpc.outputs","data.terraform_remote_state.vpc"]},"vpc_security_group_ids":{"references":["data.terraform_remote_state.vpc.outputs.asg_security_group_output.id","data.terraform_remote_state.vpc.outputs.asg_security_group_output","data.terraform_remote_state.vpc.outputs","data.terraform_remote_state.vpc"]}},"module":{"resources":[{"address":"aws_docdb_cluster.lms_documentdb","mode":"managed","type":"aws_docdb_cluster","name":"lms_documentdb","provider_config_key":"aws","expressions":{"backup_retention_period":{"references":["each.value[\"backup_retention_period\"]","each.value"]},"cluster_identifier":{"references":["var.env","each.value[\"identifier\"]","each.value"]},"db_subnet_group_name":{"references":["var.db_subnet_group_name"]},"deletion_protection":{"constant_value":false},"enabled_cloudwatch_logs_exports":{"references":["var.enabled_cloudwatch_logs_exports"]},"engine":{"references":["each.value[\"engine\"]","each.value"]},"engine_version":{"references":["each.value[\"engine_version\"]","each.value"]},"kms_key_id":{"references":["aws_kms_key.documentdb_kms_key.arn","aws_kms_key.documentdb_kms_key"]},"master_password":{"references":["data.aws_ssm_parameter.documentdb_password.value","data.aws_ssm_parameter.documentdb_password"]},"master_username":{"references":["data.aws_ssm_parameter.documentdb_username.value","data.aws_ssm_parameter.documentdb_username"]},"port":{"constant_value":27017},"preferred_backup_window":{"references":["var.preferred_backup_window"]},"preferred_maintenance_window":{"references":["var.preferred_maintenance_window"]},"skip_final_snapshot":{"references":["var.skip_final_snapshot"]},"storage_encrypted":{"references":["var.storage_encrypted"]},"tags":{"references":["var.environment","var.domain","var.environment"]},"vpc_security_group_ids":{"references":["aws_security_group.documentdb_security_group.id","aws_security_group.documentdb_security_group"]}},"schema_version":0,"for_each_expression":{"references":["var.create","var.cluster_details"]}},{"address":"aws_docdb_cluster_instance.lms_documentdb_instance_1","mode":"managed","type":"aws_docdb_cluster_instance","name":"lms_documentdb_instance_1","provider_config_key":"aws","expressions":{"cluster_identifier":{"references":["var.env","each.value[\"identifier\"]","each.value"]},"identifier":{"references":["var.env","each.value[\"identifier\"]","each.value"]},"instance_class":{"references":["var.instance_class"]}},"schema_version":0,"for_each_expression":{"references":["var.create","var.cluster_details"]},"depends_on":["aws_docdb_cluster.lms_documentdb"]},{"address":"aws_docdb_cluster_instance.lms_documentdb_instance_2","mode":"managed","type":"aws_docdb_cluster_instance","name":"lms_documentdb_instance_2","provider_config_key":"aws","expressions":{"cluster_identifier":{"references":["var.env","each.value[\"identifier\"]","each.value"]},"identifier":{"references":["var.env","each.value[\"identifier\"]","each.value"]},"instance_class":{"references":["var.instance_class"]}},"schema_version":0,"for_each_expression":{"references":["var.create","var.cluster_details"]},"depends_on":["aws_docdb_cluster.lms_documentdb"]},{"address":"aws_docdb_cluster_instance.lms_documentdb_instance_3","mode":"managed","type":"aws_docdb_cluster_instance","name":"lms_documentdb_instance_3","provider_config_key":"aws","expressions":{"cluster_identifier":{"references":["var.env","each.value[\"identifier\"]","each.value"]},"identifier":{"references":["var.env","each.value[\"identifier\"]","each.value"]},"instance_class":{"references":["var.instance_class"]}},"schema_version":0,"for_each_expression":{"references":["var.create","var.cluster_details"]},"depends_on":["aws_docdb_cluster.lms_documentdb"]},{"address":"aws_kms_alias.document_db_kms_key_alias","mode":"managed","type":"aws_kms_alias","name":"document_db_kms_key_alias","provider_config_key":"aws","expressions":{"name":{"references":["var.key_alias"]},"target_key_id":{"references":["aws_kms_key.documentdb_kms_key.key_id","aws_kms_key.documentdb_kms_key"]}},"schema_version":0},{"address":"aws_kms_key.documentdb_kms_key","mode":"managed","type":"aws_kms_key","name":"documentdb_kms_key","provider_config_key":"aws","expressions":{"description":{"constant_value":"Documentdb KMS encryption key."},"tags":{"references":["var.domain","var.environment","var.environment","var.environment"]}},"schema_version":0},{"address":"aws_security_group.documentdb_security_group","mode":"managed","type":"aws_security_group","name":"documentdb_security_group","provider_config_key":"aws","expressions":{"description":{"references":["var.environment"]},"name":{"references":["var.domain","var.environment"]},"tags":{"references":["var.domain","var.environment","var.environment","var.environment"]},"vpc_id":{"references":["var.vpc_id"]}},"schema_version":1},{"address":"aws_security_group_rule.docdb_egress_rules","mode":"managed","type":"aws_security_group_rule","name":"docdb_egress_rules","provider_config_key":"aws","expressions":{"cidr_blocks":{"constant_value":["0.0.0.0/0"]},"description":{"constant_value":"Egress can access all traffic."},"from_port":{"constant_value":0},"protocol":{"constant_value":"-1"},"security_group_id":{"references":["aws_security_group.documentdb_security_group.id","aws_security_group.documentdb_security_group"]},"to_port":{"constant_value":0},"type":{"constant_value":"egress"}},"schema_version":2},{"address":"aws_security_group_rule.docdb_ingress_rules","mode":"managed","type":"aws_security_group_rule","name":"docdb_ingress_rules","provider_config_key":"aws","expressions":{"cidr_blocks":{"references":["var.docdb_sg_ingress_rules","count.index"]},"description":{"references":["var.docdb_sg_ingress_rules","count.index"]},"from_port":{"references":["var.docdb_sg_ingress_rules","count.index"]},"protocol":{"references":["var.docdb_sg_ingress_rules","count.index"]},"security_group_id":{"references":["aws_security_group.documentdb_security_group.id","aws_security_group.documentdb_security_group"]},"to_port":{"references":["var.docdb_sg_ingress_rules","count.index"]},"type":{"constant_value":"ingress"}},"schema_version":2,"count_expression":{"references":["var.docdb_sg_ingress_rules"]}},{"address":"aws_security_group_rule.source_docdb_ingress_rules_1","mode":"managed","type":"aws_security_group_rule","name":"source_docdb_ingress_rules_1","provider_config_key":"aws","expressions":{"description":{"references":["var.environment"]},"from_port":{"references":["var.source_docdb_ingress_rules","count.index"]},"protocol":{"references":["var.source_docdb_ingress_rules","count.index"]},"security_group_id":{"references":["aws_security_group.documentdb_security_group.id","aws_security_group.documentdb_security_group"]},"source_security_group_id":{"references":["var.lms-asg-sg"]},"to_port":{"references":["var.source_docdb_ingress_rules","count.index"]},"type":{"constant_value":"ingress"}},"schema_version":2,"count_expression":{"constant_value":1}},{"address":"aws_security_group_rule.source_docdb_ingress_rules_2","mode":"managed","type":"aws_security_group_rule","name":"source_docdb_ingress_rules_2","provider_config_key":"aws","expressions":{"description":{"references":["var.environment"]},"from_port":{"references":["var.source_docdb_ingress_rules","count.index"]},"protocol":{"references":["var.source_docdb_ingress_rules","count.index"]},"security_group_id":{"references":["aws_security_group.documentdb_security_group.id","aws_security_group.documentdb_security_group"]},"source_security_group_id":{"references":["var.lms-alb-sg"]},"to_port":{"references":["var.source_docdb_ingress_rules","count.index"]},"type":{"constant_value":"ingress"}},"schema_version":2,"count_expression":{"constant_value":1}},{"address":"data.aws_ssm_parameter.documentdb_password","mode":"data","type":"aws_ssm_parameter","name":"documentdb_password","provider_config_key":"aws","expressions":{"name":{"references":["var.domain","var.environment"]}},"schema_version":0},{"address":"data.aws_ssm_parameter.documentdb_username","mode":"data","type":"aws_ssm_parameter","name":"documentdb_username","provider_config_key":"aws","expressions":{"name":{"references":["var.domain","var.environment"]}},"schema_version":0}],"variables":{"cluster_details":{"default":{"lms-east-marketing":{"backup_retention_period":5,"engine":"docdb","engine_version":"4.0.0","identifier":"east-marketing"}}},"create":{"default":"true"},"db_subnet_group_name":{},"deletion_protection":{},"docdb_sg_ingress_rules":{},"domain":{},"enabled_cloudwatch_logs_exports":{},"env":{"default":""},"environment":{},"ingress_cidr_blocks":{},"instance_class":{"default":""},"instance_count":{},"key_alias":{},"lms-alb-sg":{},"lms-asg-sg":{},"port":{},"preferred_backup_window":{},"preferred_maintenance_window":{},"resource_version":{},"skip_final_snapshot":{},"source_docdb_ingress_rules":{},"storage_encrypted":{},"subnet_ids":{},"vpc_id":{},"vpc_security_group_ids":{}}}}}}},"relevant_attributes":[{"resource":"module.documentdb_cluster.aws_security_group.documentdb_security_group","attribute":["id"]},{"resource":"module.documentdb_cluster.data.aws_ssm_parameter.documentdb_password","attribute":["value"]},{"resource":"module.documentdb_cluster.data.aws_ssm_parameter.documentdb_username","attribute":["value"]},{"resource":"module.documentdb_cluster.aws_kms_key.documentdb_kms_key","attribute":["arn"]}]}
