{
  "version": 4,
  "terraform_version": "1.1.4",
  "serial": 33,
  "lineage": "9bc2bf83-d3d2-e3b5-ada5-4ae36e3c735b",
  "outputs": {
    "vpc_id": {
      "value": "vpc-0b3266b2a14a456ae",
      "type": "string"
    }
  },
  "resources": [
    {
      "mode": "data",
      "type": "aws_ami",
      "name": "ecs_ami",
      "provider": "provider[\"registry.terraform.io/hashicorp/aws\"]",
      "instances": [
        {
          "schema_version": 0,
          "attributes": {
            "architecture": "x86_64",
            "arn": "arn:aws:ec2:us-east-1::image/ami-040d909ea4e56f8f3",
            "block_device_mappings": [
              {
                "device_name": "/dev/xvda",
                "ebs": {
                  "delete_on_termination": "true",
                  "encrypted": "false",
                  "iops": "0",
                  "snapshot_id": "snap-0db3f67abf0086aa0",
                  "throughput": "0",
                  "volume_size": "30",
                  "volume_type": "gp2"
                },
                "no_device": "",
                "virtual_name": ""
              }
            ],
            "boot_mode": "",
            "creation_date": "2022-06-30T20:02:36.000Z",
            "deprecation_time": "2024-06-30T20:02:36.000Z",
            "description": "Amazon Linux AMI 2.0.20220630 x86_64 ECS HVM GP2",
            "ena_support": true,
            "executable_users": null,
            "filter": [
              {
                "name": "name",
                "values": [
                  "amzn2-ami-ecs-hvm-*-x86_64-*"
                ]
              }
            ],
            "hypervisor": "xen",
            "id": "ami-040d909ea4e56f8f3",
            "image_id": "ami-040d909ea4e56f8f3",
            "image_location": "amazon/amzn2-ami-ecs-hvm-2.0.20220630-x86_64-ebs",
            "image_owner_alias": "amazon",
            "image_type": "machine",
            "include_deprecated": false,
            "kernel_id": "",
            "most_recent": true,
            "name": "amzn2-ami-ecs-hvm-2.0.20220630-x86_64-ebs",
            "name_regex": null,
            "owner_id": "591542846629",
            "owners": [
              "amazon"
            ],
            "platform": "",
            "platform_details": "Linux/UNIX",
            "product_codes": [],
            "public": true,
            "ramdisk_id": "",
            "root_device_name": "/dev/xvda",
            "root_device_type": "ebs",
            "root_snapshot_id": "snap-0db3f67abf0086aa0",
            "sriov_net_support": "simple",
            "state": "available",
            "state_reason": {
              "code": "UNSET",
              "message": "UNSET"
            },
            "tags": {},
            "timeouts": null,
            "tpm_support": "",
            "usage_operation": "RunInstances",
            "virtualization_type": "hvm"
          },
          "sensitive_attributes": []
        }
      ]
    },
    {
      "mode": "data",
      "type": "aws_availability_zones",
      "name": "aws_azs",
      "provider": "provider[\"registry.terraform.io/hashicorp/aws\"]",
      "instances": [
        {
          "schema_version": 0,
          "attributes": {
            "all_availability_zones": null,
            "exclude_names": null,
            "exclude_zone_ids": null,
            "filter": null,
            "group_names": [
              "us-east-1"
            ],
            "id": "us-east-1",
            "names": [
              "us-east-1a",
              "us-east-1b",
              "us-east-1c",
              "us-east-1d",
              "us-east-1e",
              "us-east-1f"
            ],
            "state": null,
            "timeouts": null,
            "zone_ids": [
              "use1-az2",
              "use1-az4",
              "use1-az6",
              "use1-az1",
              "use1-az3",
              "use1-az5"
            ]
          },
          "sensitive_attributes": []
        }
      ]
    },
    {
      "mode": "data",
      "type": "aws_caller_identity",
      "name": "current",
      "provider": "provider[\"registry.terraform.io/hashicorp/aws\"]",
      "instances": [
        {
          "schema_version": 0,
          "attributes": {
            "account_id": "362387340557",
            "arn": "arn:aws:sts::362387340557:assumed-role/AWSReservedSSO_AWSAdministratorAccess_38fde18e350aff0f/Adam.Landas@glidewelldental.com",
            "id": "362387340557",
            "user_id": "AROAVIX7X7UGXNIMLROWY:Adam.Landas@glidewelldental.com"
          },
          "sensitive_attributes": []
        }
      ]
    },
    {
      "mode": "data",
      "type": "aws_region",
      "name": "current",
      "provider": "provider[\"registry.terraform.io/hashicorp/aws\"]",
      "instances": [
        {
          "schema_version": 0,
          "attributes": {
            "description": "US East (N. Virginia)",
            "endpoint": "ec2.us-east-1.amazonaws.com",
            "id": "us-east-1",
            "name": "us-east-1"
          },
          "sensitive_attributes": []
        }
      ]
    },
    {
      "mode": "managed",
      "type": "aws_eip",
      "name": "ecs_nat_gw_eip",
      "provider": "provider[\"registry.terraform.io/hashicorp/aws\"]",
      "instances": [
        {
          "schema_version": 0,
          "attributes": {
            "address": null,
            "allocation_id": "eipalloc-0d82f5dae32c035f0",
            "associate_with_private_ip": null,
            "association_id": "",
            "carrier_ip": "",
            "customer_owned_ip": "",
            "customer_owned_ipv4_pool": "",
            "domain": "vpc",
            "id": "eipalloc-0d82f5dae32c035f0",
            "instance": "",
            "network_border_group": "us-east-1",
            "network_interface": "",
            "private_dns": null,
            "private_ip": "",
            "public_dns": "ec2-44-210-38-16.compute-1.amazonaws.com",
            "public_ip": "44.210.38.16",
            "public_ipv4_pool": "amazon",
            "tags": {
              "CreatedBy": "Terraform",
              "Name": "test-ecs-nat_gw_eip"
            },
            "tags_all": {
              "CreatedBy": "Terraform",
              "Name": "test-ecs-nat_gw_eip"
            },
            "timeouts": null,
            "vpc": true
          },
          "sensitive_attributes": [],
          "private": "eyJlMmJmYjczMC1lY2FhLTExZTYtOGY4OC0zNDM2M2JjN2M0YzAiOnsiZGVsZXRlIjoxODAwMDAwMDAwMDAsInJlYWQiOjkwMDAwMDAwMDAwMCwidXBkYXRlIjozMDAwMDAwMDAwMDB9fQ=="
        }
      ]
    },
    {
      "mode": "managed",
      "type": "aws_internet_gateway",
      "name": "ecs_internet_gateway",
      "provider": "provider[\"registry.terraform.io/hashicorp/aws\"]",
      "instances": [
        {
          "schema_version": 0,
          "attributes": {
            "arn": "arn:aws:ec2:us-east-1:362387340557:internet-gateway/igw-08eedbf661400e030",
            "id": "igw-08eedbf661400e030",
            "owner_id": "362387340557",
            "tags": {
              "CreatedBy": "Terraform",
              "Name": "test-ecs-internet_gateway"
            },
            "tags_all": {
              "CreatedBy": "Terraform",
              "Name": "test-ecs-internet_gateway"
            },
            "timeouts": null,
            "vpc_id": "vpc-0b3266b2a14a456ae"
          },
          "sensitive_attributes": [],
          "private": "eyJlMmJmYjczMC1lY2FhLTExZTYtOGY4OC0zNDM2M2JjN2M0YzAiOnsiY3JlYXRlIjoxMjAwMDAwMDAwMDAwLCJkZWxldGUiOjEyMDAwMDAwMDAwMDAsInVwZGF0ZSI6MTIwMDAwMDAwMDAwMH19",
          "dependencies": [
            "aws_vpc.main_vpc"
          ]
        }
      ]
    },
    {
      "mode": "managed",
      "type": "aws_nat_gateway",
      "name": "ecs_private_nat_gw",
      "provider": "provider[\"registry.terraform.io/hashicorp/aws\"]",
      "instances": [
        {
          "schema_version": 0,
          "attributes": {
            "allocation_id": "eipalloc-0d82f5dae32c035f0",
            "connectivity_type": "public",
            "id": "nat-07efbf761af2a1127",
            "network_interface_id": "eni-016917a2b59e10e1b",
            "private_ip": "10.1.7.242",
            "public_ip": "44.210.38.16",
            "subnet_id": "subnet-09fe60b91cbfb2a3d",
            "tags": {
              "CreatedBy": "Terraform",
              "Name": "test-ecs-private_nat_gateway"
            },
            "tags_all": {
              "CreatedBy": "Terraform",
              "Name": "test-ecs-private_nat_gateway"
            }
          },
          "sensitive_attributes": [],
          "private": "bnVsbA==",
          "dependencies": [
            "aws_eip.ecs_nat_gw_eip",
            "aws_subnet.ecs_public_subnets",
            "aws_vpc.main_vpc",
            "data.aws_availability_zones.aws_azs"
          ]
        }
      ]
    },
    {
      "mode": "managed",
      "type": "aws_route_table",
      "name": "ecs_private_routing_table",
      "provider": "provider[\"registry.terraform.io/hashicorp/aws\"]",
      "instances": [
        {
          "schema_version": 0,
          "attributes": {
            "arn": "arn:aws:ec2:us-east-1:362387340557:route-table/rtb-03f1f0e70bf41c4f1",
            "id": "rtb-03f1f0e70bf41c4f1",
            "owner_id": "362387340557",
            "propagating_vgws": [],
            "route": [
              {
                "carrier_gateway_id": "",
                "cidr_block": "0.0.0.0/0",
                "core_network_arn": "",
                "destination_prefix_list_id": "",
                "egress_only_gateway_id": "",
                "gateway_id": "",
                "instance_id": "",
                "ipv6_cidr_block": "",
                "local_gateway_id": "",
                "nat_gateway_id": "nat-07efbf761af2a1127",
                "network_interface_id": "",
                "transit_gateway_id": "",
                "vpc_endpoint_id": "",
                "vpc_peering_connection_id": ""
              }
            ],
            "tags": {
              "CreatedBy": "Terraform",
              "Name": "test-ecs-private_routing_table"
            },
            "tags_all": {
              "CreatedBy": "Terraform",
              "Name": "test-ecs-private_routing_table"
            },
            "timeouts": null,
            "vpc_id": "vpc-0b3266b2a14a456ae"
          },
          "sensitive_attributes": [],
          "private": "eyJlMmJmYjczMC1lY2FhLTExZTYtOGY4OC0zNDM2M2JjN2M0YzAiOnsiY3JlYXRlIjozMDAwMDAwMDAwMDAsImRlbGV0ZSI6MzAwMDAwMDAwMDAwLCJ1cGRhdGUiOjEyMDAwMDAwMDAwMH19",
          "dependencies": [
            "aws_eip.ecs_nat_gw_eip",
            "aws_nat_gateway.ecs_private_nat_gw",
            "aws_subnet.ecs_public_subnets",
            "aws_vpc.main_vpc",
            "data.aws_availability_zones.aws_azs"
          ]
        }
      ]
    },
    {
      "mode": "managed",
      "type": "aws_route_table",
      "name": "ecs_public_routing_table",
      "provider": "provider[\"registry.terraform.io/hashicorp/aws\"]",
      "instances": [
        {
          "schema_version": 0,
          "attributes": {
            "arn": "arn:aws:ec2:us-east-1:362387340557:route-table/rtb-03f45d8ac1ee2cea1",
            "id": "rtb-03f45d8ac1ee2cea1",
            "owner_id": "362387340557",
            "propagating_vgws": [],
            "route": [
              {
                "carrier_gateway_id": "",
                "cidr_block": "0.0.0.0/0",
                "core_network_arn": "",
                "destination_prefix_list_id": "",
                "egress_only_gateway_id": "",
                "gateway_id": "igw-08eedbf661400e030",
                "instance_id": "",
                "ipv6_cidr_block": "",
                "local_gateway_id": "",
                "nat_gateway_id": "",
                "network_interface_id": "",
                "transit_gateway_id": "",
                "vpc_endpoint_id": "",
                "vpc_peering_connection_id": ""
              }
            ],
            "tags": {
              "CreatedBy": "Terraform",
              "Name": "test-ecs-public_routing_table"
            },
            "tags_all": {
              "CreatedBy": "Terraform",
              "Name": "test-ecs-public_routing_table"
            },
            "timeouts": null,
            "vpc_id": "vpc-0b3266b2a14a456ae"
          },
          "sensitive_attributes": [],
          "private": "eyJlMmJmYjczMC1lY2FhLTExZTYtOGY4OC0zNDM2M2JjN2M0YzAiOnsiY3JlYXRlIjozMDAwMDAwMDAwMDAsImRlbGV0ZSI6MzAwMDAwMDAwMDAwLCJ1cGRhdGUiOjEyMDAwMDAwMDAwMH19",
          "dependencies": [
            "aws_internet_gateway.ecs_internet_gateway",
            "aws_vpc.main_vpc"
          ]
        }
      ]
    },
    {
      "mode": "managed",
      "type": "aws_route_table_association",
      "name": "rt_private_association",
      "provider": "provider[\"registry.terraform.io/hashicorp/aws\"]",
      "instances": [
        {
          "index_key": 0,
          "schema_version": 0,
          "attributes": {
            "gateway_id": "",
            "id": "rtbassoc-01aff81a4eb5de74f",
            "route_table_id": "rtb-03f1f0e70bf41c4f1",
            "subnet_id": "subnet-0481e32e1473dd0bd"
          },
          "sensitive_attributes": [],
          "private": "bnVsbA==",
          "dependencies": [
            "aws_eip.ecs_nat_gw_eip",
            "aws_nat_gateway.ecs_private_nat_gw",
            "aws_route_table.ecs_private_routing_table",
            "aws_subnet.ecs_private_subnets",
            "aws_subnet.ecs_public_subnets",
            "aws_vpc.main_vpc",
            "data.aws_availability_zones.aws_azs"
          ]
        },
        {
          "index_key": 1,
          "schema_version": 0,
          "attributes": {
            "gateway_id": "",
            "id": "rtbassoc-0ac1108b4555aceeb",
            "route_table_id": "rtb-03f1f0e70bf41c4f1",
            "subnet_id": "subnet-0168e13c155fa3512"
          },
          "sensitive_attributes": [],
          "private": "bnVsbA==",
          "dependencies": [
            "aws_eip.ecs_nat_gw_eip",
            "aws_nat_gateway.ecs_private_nat_gw",
            "aws_route_table.ecs_private_routing_table",
            "aws_subnet.ecs_private_subnets",
            "aws_subnet.ecs_public_subnets",
            "aws_vpc.main_vpc",
            "data.aws_availability_zones.aws_azs"
          ]
        },
        {
          "index_key": 2,
          "schema_version": 0,
          "attributes": {
            "gateway_id": "",
            "id": "rtbassoc-0c2ca9633c9c3ba6d",
            "route_table_id": "rtb-03f1f0e70bf41c4f1",
            "subnet_id": "subnet-0495afdea60c8fe0e"
          },
          "sensitive_attributes": [],
          "private": "bnVsbA==",
          "dependencies": [
            "aws_eip.ecs_nat_gw_eip",
            "aws_nat_gateway.ecs_private_nat_gw",
            "aws_route_table.ecs_private_routing_table",
            "aws_subnet.ecs_private_subnets",
            "aws_subnet.ecs_public_subnets",
            "aws_vpc.main_vpc",
            "data.aws_availability_zones.aws_azs"
          ]
        },
        {
          "index_key": 3,
          "schema_version": 0,
          "attributes": {
            "gateway_id": "",
            "id": "rtbassoc-09262528d8841eee3",
            "route_table_id": "rtb-03f1f0e70bf41c4f1",
            "subnet_id": "subnet-0b9c0bd0b2adeb8ae"
          },
          "sensitive_attributes": [],
          "private": "bnVsbA==",
          "dependencies": [
            "aws_eip.ecs_nat_gw_eip",
            "aws_nat_gateway.ecs_private_nat_gw",
            "aws_route_table.ecs_private_routing_table",
            "aws_subnet.ecs_private_subnets",
            "aws_subnet.ecs_public_subnets",
            "aws_vpc.main_vpc",
            "data.aws_availability_zones.aws_azs"
          ]
        },
        {
          "index_key": 4,
          "schema_version": 0,
          "attributes": {
            "gateway_id": "",
            "id": "rtbassoc-032a8211324fa9478",
            "route_table_id": "rtb-03f1f0e70bf41c4f1",
            "subnet_id": "subnet-086e653bb33d405d7"
          },
          "sensitive_attributes": [],
          "private": "bnVsbA==",
          "dependencies": [
            "aws_eip.ecs_nat_gw_eip",
            "aws_nat_gateway.ecs_private_nat_gw",
            "aws_route_table.ecs_private_routing_table",
            "aws_subnet.ecs_private_subnets",
            "aws_subnet.ecs_public_subnets",
            "aws_vpc.main_vpc",
            "data.aws_availability_zones.aws_azs"
          ]
        },
        {
          "index_key": 5,
          "schema_version": 0,
          "attributes": {
            "gateway_id": "",
            "id": "rtbassoc-03614ceee45143289",
            "route_table_id": "rtb-03f1f0e70bf41c4f1",
            "subnet_id": "subnet-0c33cdd07acc40c48"
          },
          "sensitive_attributes": [],
          "private": "bnVsbA==",
          "dependencies": [
            "aws_eip.ecs_nat_gw_eip",
            "aws_nat_gateway.ecs_private_nat_gw",
            "aws_route_table.ecs_private_routing_table",
            "aws_subnet.ecs_private_subnets",
            "aws_subnet.ecs_public_subnets",
            "aws_vpc.main_vpc",
            "data.aws_availability_zones.aws_azs"
          ]
        }
      ]
    },
    {
      "mode": "managed",
      "type": "aws_route_table_association",
      "name": "rt_public_association",
      "provider": "provider[\"registry.terraform.io/hashicorp/aws\"]",
      "instances": [
        {
          "index_key": 0,
          "schema_version": 0,
          "attributes": {
            "gateway_id": "",
            "id": "rtbassoc-066bc2e28c120c28b",
            "route_table_id": "rtb-03f45d8ac1ee2cea1",
            "subnet_id": "subnet-09fe60b91cbfb2a3d"
          },
          "sensitive_attributes": [],
          "private": "bnVsbA==",
          "dependencies": [
            "aws_internet_gateway.ecs_internet_gateway",
            "aws_route_table.ecs_public_routing_table",
            "aws_subnet.ecs_public_subnets",
            "aws_vpc.main_vpc",
            "data.aws_availability_zones.aws_azs"
          ]
        },
        {
          "index_key": 1,
          "schema_version": 0,
          "attributes": {
            "gateway_id": "",
            "id": "rtbassoc-08ec5320684808644",
            "route_table_id": "rtb-03f45d8ac1ee2cea1",
            "subnet_id": "subnet-05984c71990c62af9"
          },
          "sensitive_attributes": [],
          "private": "bnVsbA==",
          "dependencies": [
            "aws_internet_gateway.ecs_internet_gateway",
            "aws_route_table.ecs_public_routing_table",
            "aws_subnet.ecs_public_subnets",
            "aws_vpc.main_vpc",
            "data.aws_availability_zones.aws_azs"
          ]
        },
        {
          "index_key": 2,
          "schema_version": 0,
          "attributes": {
            "gateway_id": "",
            "id": "rtbassoc-0e723e284b455eb20",
            "route_table_id": "rtb-03f45d8ac1ee2cea1",
            "subnet_id": "subnet-0546443c24d7b1518"
          },
          "sensitive_attributes": [],
          "private": "bnVsbA==",
          "dependencies": [
            "aws_internet_gateway.ecs_internet_gateway",
            "aws_route_table.ecs_public_routing_table",
            "aws_subnet.ecs_public_subnets",
            "aws_vpc.main_vpc",
            "data.aws_availability_zones.aws_azs"
          ]
        },
        {
          "index_key": 3,
          "schema_version": 0,
          "attributes": {
            "gateway_id": "",
            "id": "rtbassoc-03e1d45466a72e17d",
            "route_table_id": "rtb-03f45d8ac1ee2cea1",
            "subnet_id": "subnet-0e03e272816e5af80"
          },
          "sensitive_attributes": [],
          "private": "bnVsbA==",
          "dependencies": [
            "aws_internet_gateway.ecs_internet_gateway",
            "aws_route_table.ecs_public_routing_table",
            "aws_subnet.ecs_public_subnets",
            "aws_vpc.main_vpc",
            "data.aws_availability_zones.aws_azs"
          ]
        },
        {
          "index_key": 4,
          "schema_version": 0,
          "attributes": {
            "gateway_id": "",
            "id": "rtbassoc-058012abdad65d8a7",
            "route_table_id": "rtb-03f45d8ac1ee2cea1",
            "subnet_id": "subnet-0ce33915e0a003a77"
          },
          "sensitive_attributes": [],
          "private": "bnVsbA==",
          "dependencies": [
            "aws_internet_gateway.ecs_internet_gateway",
            "aws_route_table.ecs_public_routing_table",
            "aws_subnet.ecs_public_subnets",
            "aws_vpc.main_vpc",
            "data.aws_availability_zones.aws_azs"
          ]
        },
        {
          "index_key": 5,
          "schema_version": 0,
          "attributes": {
            "gateway_id": "",
            "id": "rtbassoc-02cc3036629159c9b",
            "route_table_id": "rtb-03f45d8ac1ee2cea1",
            "subnet_id": "subnet-0c73949360887b074"
          },
          "sensitive_attributes": [],
          "private": "bnVsbA==",
          "dependencies": [
            "aws_internet_gateway.ecs_internet_gateway",
            "aws_route_table.ecs_public_routing_table",
            "aws_subnet.ecs_public_subnets",
            "aws_vpc.main_vpc",
            "data.aws_availability_zones.aws_azs"
          ]
        }
      ]
    },
    {
      "mode": "managed",
      "type": "aws_subnet",
      "name": "ecs_private_subnets",
      "provider": "provider[\"registry.terraform.io/hashicorp/aws\"]",
      "instances": [
        {
          "index_key": 0,
          "schema_version": 1,
          "attributes": {
            "arn": "arn:aws:ec2:us-east-1:362387340557:subnet/subnet-0481e32e1473dd0bd",
            "assign_ipv6_address_on_creation": false,
            "availability_zone": "us-east-1a",
            "availability_zone_id": "use1-az2",
            "cidr_block": "10.1.1.0/24",
            "customer_owned_ipv4_pool": "",
            "enable_dns64": false,
            "enable_resource_name_dns_a_record_on_launch": false,
            "enable_resource_name_dns_aaaa_record_on_launch": false,
            "id": "subnet-0481e32e1473dd0bd",
            "ipv6_cidr_block": "",
            "ipv6_cidr_block_association_id": "",
            "ipv6_native": false,
            "map_customer_owned_ip_on_launch": false,
            "map_public_ip_on_launch": false,
            "outpost_arn": "",
            "owner_id": "362387340557",
            "private_dns_hostname_type_on_launch": "ip-name",
            "tags": {
              "CreatedBy": "Terraform",
              "Name": "test-ecs-private_subnet-1"
            },
            "tags_all": {
              "CreatedBy": "Terraform",
              "Name": "test-ecs-private_subnet-1"
            },
            "timeouts": null,
            "vpc_id": "vpc-0b3266b2a14a456ae"
          },
          "sensitive_attributes": [],
          "private": "eyJlMmJmYjczMC1lY2FhLTExZTYtOGY4OC0zNDM2M2JjN2M0YzAiOnsiY3JlYXRlIjo2MDAwMDAwMDAwMDAsImRlbGV0ZSI6MTIwMDAwMDAwMDAwMH0sInNjaGVtYV92ZXJzaW9uIjoiMSJ9",
          "dependencies": [
            "aws_vpc.main_vpc",
            "data.aws_availability_zones.aws_azs"
          ]
        },
        {
          "index_key": 1,
          "schema_version": 1,
          "attributes": {
            "arn": "arn:aws:ec2:us-east-1:362387340557:subnet/subnet-0168e13c155fa3512",
            "assign_ipv6_address_on_creation": false,
            "availability_zone": "us-east-1b",
            "availability_zone_id": "use1-az4",
            "cidr_block": "10.1.2.0/24",
            "customer_owned_ipv4_pool": "",
            "enable_dns64": false,
            "enable_resource_name_dns_a_record_on_launch": false,
            "enable_resource_name_dns_aaaa_record_on_launch": false,
            "id": "subnet-0168e13c155fa3512",
            "ipv6_cidr_block": "",
            "ipv6_cidr_block_association_id": "",
            "ipv6_native": false,
            "map_customer_owned_ip_on_launch": false,
            "map_public_ip_on_launch": false,
            "outpost_arn": "",
            "owner_id": "362387340557",
            "private_dns_hostname_type_on_launch": "ip-name",
            "tags": {
              "CreatedBy": "Terraform",
              "Name": "test-ecs-private_subnet-2"
            },
            "tags_all": {
              "CreatedBy": "Terraform",
              "Name": "test-ecs-private_subnet-2"
            },
            "timeouts": null,
            "vpc_id": "vpc-0b3266b2a14a456ae"
          },
          "sensitive_attributes": [],
          "private": "eyJlMmJmYjczMC1lY2FhLTExZTYtOGY4OC0zNDM2M2JjN2M0YzAiOnsiY3JlYXRlIjo2MDAwMDAwMDAwMDAsImRlbGV0ZSI6MTIwMDAwMDAwMDAwMH0sInNjaGVtYV92ZXJzaW9uIjoiMSJ9",
          "dependencies": [
            "aws_vpc.main_vpc",
            "data.aws_availability_zones.aws_azs"
          ]
        },
        {
          "index_key": 2,
          "schema_version": 1,
          "attributes": {
            "arn": "arn:aws:ec2:us-east-1:362387340557:subnet/subnet-0495afdea60c8fe0e",
            "assign_ipv6_address_on_creation": false,
            "availability_zone": "us-east-1c",
            "availability_zone_id": "use1-az6",
            "cidr_block": "10.1.3.0/24",
            "customer_owned_ipv4_pool": "",
            "enable_dns64": false,
            "enable_resource_name_dns_a_record_on_launch": false,
            "enable_resource_name_dns_aaaa_record_on_launch": false,
            "id": "subnet-0495afdea60c8fe0e",
            "ipv6_cidr_block": "",
            "ipv6_cidr_block_association_id": "",
            "ipv6_native": false,
            "map_customer_owned_ip_on_launch": false,
            "map_public_ip_on_launch": false,
            "outpost_arn": "",
            "owner_id": "362387340557",
            "private_dns_hostname_type_on_launch": "ip-name",
            "tags": {
              "CreatedBy": "Terraform",
              "Name": "test-ecs-private_subnet-3"
            },
            "tags_all": {
              "CreatedBy": "Terraform",
              "Name": "test-ecs-private_subnet-3"
            },
            "timeouts": null,
            "vpc_id": "vpc-0b3266b2a14a456ae"
          },
          "sensitive_attributes": [],
          "private": "eyJlMmJmYjczMC1lY2FhLTExZTYtOGY4OC0zNDM2M2JjN2M0YzAiOnsiY3JlYXRlIjo2MDAwMDAwMDAwMDAsImRlbGV0ZSI6MTIwMDAwMDAwMDAwMH0sInNjaGVtYV92ZXJzaW9uIjoiMSJ9",
          "dependencies": [
            "aws_vpc.main_vpc",
            "data.aws_availability_zones.aws_azs"
          ]
        },
        {
          "index_key": 3,
          "schema_version": 1,
          "attributes": {
            "arn": "arn:aws:ec2:us-east-1:362387340557:subnet/subnet-0b9c0bd0b2adeb8ae",
            "assign_ipv6_address_on_creation": false,
            "availability_zone": "us-east-1d",
            "availability_zone_id": "use1-az1",
            "cidr_block": "10.1.4.0/24",
            "customer_owned_ipv4_pool": "",
            "enable_dns64": false,
            "enable_resource_name_dns_a_record_on_launch": false,
            "enable_resource_name_dns_aaaa_record_on_launch": false,
            "id": "subnet-0b9c0bd0b2adeb8ae",
            "ipv6_cidr_block": "",
            "ipv6_cidr_block_association_id": "",
            "ipv6_native": false,
            "map_customer_owned_ip_on_launch": false,
            "map_public_ip_on_launch": false,
            "outpost_arn": "",
            "owner_id": "362387340557",
            "private_dns_hostname_type_on_launch": "ip-name",
            "tags": {
              "CreatedBy": "Terraform",
              "Name": "test-ecs-private_subnet-4"
            },
            "tags_all": {
              "CreatedBy": "Terraform",
              "Name": "test-ecs-private_subnet-4"
            },
            "timeouts": null,
            "vpc_id": "vpc-0b3266b2a14a456ae"
          },
          "sensitive_attributes": [],
          "private": "eyJlMmJmYjczMC1lY2FhLTExZTYtOGY4OC0zNDM2M2JjN2M0YzAiOnsiY3JlYXRlIjo2MDAwMDAwMDAwMDAsImRlbGV0ZSI6MTIwMDAwMDAwMDAwMH0sInNjaGVtYV92ZXJzaW9uIjoiMSJ9",
          "dependencies": [
            "aws_vpc.main_vpc",
            "data.aws_availability_zones.aws_azs"
          ]
        },
        {
          "index_key": 4,
          "schema_version": 1,
          "attributes": {
            "arn": "arn:aws:ec2:us-east-1:362387340557:subnet/subnet-086e653bb33d405d7",
            "assign_ipv6_address_on_creation": false,
            "availability_zone": "us-east-1e",
            "availability_zone_id": "use1-az3",
            "cidr_block": "10.1.5.0/24",
            "customer_owned_ipv4_pool": "",
            "enable_dns64": false,
            "enable_resource_name_dns_a_record_on_launch": false,
            "enable_resource_name_dns_aaaa_record_on_launch": false,
            "id": "subnet-086e653bb33d405d7",
            "ipv6_cidr_block": "",
            "ipv6_cidr_block_association_id": "",
            "ipv6_native": false,
            "map_customer_owned_ip_on_launch": false,
            "map_public_ip_on_launch": false,
            "outpost_arn": "",
            "owner_id": "362387340557",
            "private_dns_hostname_type_on_launch": "ip-name",
            "tags": {
              "CreatedBy": "Terraform",
              "Name": "test-ecs-private_subnet-5"
            },
            "tags_all": {
              "CreatedBy": "Terraform",
              "Name": "test-ecs-private_subnet-5"
            },
            "timeouts": null,
            "vpc_id": "vpc-0b3266b2a14a456ae"
          },
          "sensitive_attributes": [],
          "private": "eyJlMmJmYjczMC1lY2FhLTExZTYtOGY4OC0zNDM2M2JjN2M0YzAiOnsiY3JlYXRlIjo2MDAwMDAwMDAwMDAsImRlbGV0ZSI6MTIwMDAwMDAwMDAwMH0sInNjaGVtYV92ZXJzaW9uIjoiMSJ9",
          "dependencies": [
            "aws_vpc.main_vpc",
            "data.aws_availability_zones.aws_azs"
          ]
        },
        {
          "index_key": 5,
          "schema_version": 1,
          "attributes": {
            "arn": "arn:aws:ec2:us-east-1:362387340557:subnet/subnet-0c33cdd07acc40c48",
            "assign_ipv6_address_on_creation": false,
            "availability_zone": "us-east-1f",
            "availability_zone_id": "use1-az5",
            "cidr_block": "10.1.6.0/24",
            "customer_owned_ipv4_pool": "",
            "enable_dns64": false,
            "enable_resource_name_dns_a_record_on_launch": false,
            "enable_resource_name_dns_aaaa_record_on_launch": false,
            "id": "subnet-0c33cdd07acc40c48",
            "ipv6_cidr_block": "",
            "ipv6_cidr_block_association_id": "",
            "ipv6_native": false,
            "map_customer_owned_ip_on_launch": false,
            "map_public_ip_on_launch": false,
            "outpost_arn": "",
            "owner_id": "362387340557",
            "private_dns_hostname_type_on_launch": "ip-name",
            "tags": {
              "CreatedBy": "Terraform",
              "Name": "test-ecs-private_subnet-6"
            },
            "tags_all": {
              "CreatedBy": "Terraform",
              "Name": "test-ecs-private_subnet-6"
            },
            "timeouts": null,
            "vpc_id": "vpc-0b3266b2a14a456ae"
          },
          "sensitive_attributes": [],
          "private": "eyJlMmJmYjczMC1lY2FhLTExZTYtOGY4OC0zNDM2M2JjN2M0YzAiOnsiY3JlYXRlIjo2MDAwMDAwMDAwMDAsImRlbGV0ZSI6MTIwMDAwMDAwMDAwMH0sInNjaGVtYV92ZXJzaW9uIjoiMSJ9",
          "dependencies": [
            "aws_vpc.main_vpc",
            "data.aws_availability_zones.aws_azs"
          ]
        }
      ]
    },
    {
      "mode": "managed",
      "type": "aws_subnet",
      "name": "ecs_public_subnets",
      "provider": "provider[\"registry.terraform.io/hashicorp/aws\"]",
      "instances": [
        {
          "index_key": 0,
          "schema_version": 1,
          "attributes": {
            "arn": "arn:aws:ec2:us-east-1:362387340557:subnet/subnet-09fe60b91cbfb2a3d",
            "assign_ipv6_address_on_creation": false,
            "availability_zone": "us-east-1a",
            "availability_zone_id": "use1-az2",
            "cidr_block": "10.1.7.0/24",
            "customer_owned_ipv4_pool": "",
            "enable_dns64": false,
            "enable_resource_name_dns_a_record_on_launch": false,
            "enable_resource_name_dns_aaaa_record_on_launch": false,
            "id": "subnet-09fe60b91cbfb2a3d",
            "ipv6_cidr_block": "",
            "ipv6_cidr_block_association_id": "",
            "ipv6_native": false,
            "map_customer_owned_ip_on_launch": false,
            "map_public_ip_on_launch": false,
            "outpost_arn": "",
            "owner_id": "362387340557",
            "private_dns_hostname_type_on_launch": "ip-name",
            "tags": {
              "CreatedBy": "Terraform",
              "Name": "test-ecs-public_subnet-1"
            },
            "tags_all": {
              "CreatedBy": "Terraform",
              "Name": "test-ecs-public_subnet-1"
            },
            "timeouts": null,
            "vpc_id": "vpc-0b3266b2a14a456ae"
          },
          "sensitive_attributes": [],
          "private": "eyJlMmJmYjczMC1lY2FhLTExZTYtOGY4OC0zNDM2M2JjN2M0YzAiOnsiY3JlYXRlIjo2MDAwMDAwMDAwMDAsImRlbGV0ZSI6MTIwMDAwMDAwMDAwMH0sInNjaGVtYV92ZXJzaW9uIjoiMSJ9",
          "dependencies": [
            "aws_vpc.main_vpc",
            "data.aws_availability_zones.aws_azs"
          ]
        },
        {
          "index_key": 1,
          "schema_version": 1,
          "attributes": {
            "arn": "arn:aws:ec2:us-east-1:362387340557:subnet/subnet-05984c71990c62af9",
            "assign_ipv6_address_on_creation": false,
            "availability_zone": "us-east-1b",
            "availability_zone_id": "use1-az4",
            "cidr_block": "10.1.8.0/24",
            "customer_owned_ipv4_pool": "",
            "enable_dns64": false,
            "enable_resource_name_dns_a_record_on_launch": false,
            "enable_resource_name_dns_aaaa_record_on_launch": false,
            "id": "subnet-05984c71990c62af9",
            "ipv6_cidr_block": "",
            "ipv6_cidr_block_association_id": "",
            "ipv6_native": false,
            "map_customer_owned_ip_on_launch": false,
            "map_public_ip_on_launch": false,
            "outpost_arn": "",
            "owner_id": "362387340557",
            "private_dns_hostname_type_on_launch": "ip-name",
            "tags": {
              "CreatedBy": "Terraform",
              "Name": "test-ecs-public_subnet-2"
            },
            "tags_all": {
              "CreatedBy": "Terraform",
              "Name": "test-ecs-public_subnet-2"
            },
            "timeouts": null,
            "vpc_id": "vpc-0b3266b2a14a456ae"
          },
          "sensitive_attributes": [],
          "private": "eyJlMmJmYjczMC1lY2FhLTExZTYtOGY4OC0zNDM2M2JjN2M0YzAiOnsiY3JlYXRlIjo2MDAwMDAwMDAwMDAsImRlbGV0ZSI6MTIwMDAwMDAwMDAwMH0sInNjaGVtYV92ZXJzaW9uIjoiMSJ9",
          "dependencies": [
            "aws_vpc.main_vpc",
            "data.aws_availability_zones.aws_azs"
          ]
        },
        {
          "index_key": 2,
          "schema_version": 1,
          "attributes": {
            "arn": "arn:aws:ec2:us-east-1:362387340557:subnet/subnet-0546443c24d7b1518",
            "assign_ipv6_address_on_creation": false,
            "availability_zone": "us-east-1c",
            "availability_zone_id": "use1-az6",
            "cidr_block": "10.1.9.0/24",
            "customer_owned_ipv4_pool": "",
            "enable_dns64": false,
            "enable_resource_name_dns_a_record_on_launch": false,
            "enable_resource_name_dns_aaaa_record_on_launch": false,
            "id": "subnet-0546443c24d7b1518",
            "ipv6_cidr_block": "",
            "ipv6_cidr_block_association_id": "",
            "ipv6_native": false,
            "map_customer_owned_ip_on_launch": false,
            "map_public_ip_on_launch": false,
            "outpost_arn": "",
            "owner_id": "362387340557",
            "private_dns_hostname_type_on_launch": "ip-name",
            "tags": {
              "CreatedBy": "Terraform",
              "Name": "test-ecs-public_subnet-3"
            },
            "tags_all": {
              "CreatedBy": "Terraform",
              "Name": "test-ecs-public_subnet-3"
            },
            "timeouts": null,
            "vpc_id": "vpc-0b3266b2a14a456ae"
          },
          "sensitive_attributes": [],
          "private": "eyJlMmJmYjczMC1lY2FhLTExZTYtOGY4OC0zNDM2M2JjN2M0YzAiOnsiY3JlYXRlIjo2MDAwMDAwMDAwMDAsImRlbGV0ZSI6MTIwMDAwMDAwMDAwMH0sInNjaGVtYV92ZXJzaW9uIjoiMSJ9",
          "dependencies": [
            "aws_vpc.main_vpc",
            "data.aws_availability_zones.aws_azs"
          ]
        },
        {
          "index_key": 3,
          "schema_version": 1,
          "attributes": {
            "arn": "arn:aws:ec2:us-east-1:362387340557:subnet/subnet-0e03e272816e5af80",
            "assign_ipv6_address_on_creation": false,
            "availability_zone": "us-east-1d",
            "availability_zone_id": "use1-az1",
            "cidr_block": "10.1.10.0/24",
            "customer_owned_ipv4_pool": "",
            "enable_dns64": false,
            "enable_resource_name_dns_a_record_on_launch": false,
            "enable_resource_name_dns_aaaa_record_on_launch": false,
            "id": "subnet-0e03e272816e5af80",
            "ipv6_cidr_block": "",
            "ipv6_cidr_block_association_id": "",
            "ipv6_native": false,
            "map_customer_owned_ip_on_launch": false,
            "map_public_ip_on_launch": false,
            "outpost_arn": "",
            "owner_id": "362387340557",
            "private_dns_hostname_type_on_launch": "ip-name",
            "tags": {
              "CreatedBy": "Terraform",
              "Name": "test-ecs-public_subnet-4"
            },
            "tags_all": {
              "CreatedBy": "Terraform",
              "Name": "test-ecs-public_subnet-4"
            },
            "timeouts": null,
            "vpc_id": "vpc-0b3266b2a14a456ae"
          },
          "sensitive_attributes": [],
          "private": "eyJlMmJmYjczMC1lY2FhLTExZTYtOGY4OC0zNDM2M2JjN2M0YzAiOnsiY3JlYXRlIjo2MDAwMDAwMDAwMDAsImRlbGV0ZSI6MTIwMDAwMDAwMDAwMH0sInNjaGVtYV92ZXJzaW9uIjoiMSJ9",
          "dependencies": [
            "aws_vpc.main_vpc",
            "data.aws_availability_zones.aws_azs"
          ]
        },
        {
          "index_key": 4,
          "schema_version": 1,
          "attributes": {
            "arn": "arn:aws:ec2:us-east-1:362387340557:subnet/subnet-0ce33915e0a003a77",
            "assign_ipv6_address_on_creation": false,
            "availability_zone": "us-east-1e",
            "availability_zone_id": "use1-az3",
            "cidr_block": "10.1.11.0/24",
            "customer_owned_ipv4_pool": "",
            "enable_dns64": false,
            "enable_resource_name_dns_a_record_on_launch": false,
            "enable_resource_name_dns_aaaa_record_on_launch": false,
            "id": "subnet-0ce33915e0a003a77",
            "ipv6_cidr_block": "",
            "ipv6_cidr_block_association_id": "",
            "ipv6_native": false,
            "map_customer_owned_ip_on_launch": false,
            "map_public_ip_on_launch": false,
            "outpost_arn": "",
            "owner_id": "362387340557",
            "private_dns_hostname_type_on_launch": "ip-name",
            "tags": {
              "CreatedBy": "Terraform",
              "Name": "test-ecs-public_subnet-5"
            },
            "tags_all": {
              "CreatedBy": "Terraform",
              "Name": "test-ecs-public_subnet-5"
            },
            "timeouts": null,
            "vpc_id": "vpc-0b3266b2a14a456ae"
          },
          "sensitive_attributes": [],
          "private": "eyJlMmJmYjczMC1lY2FhLTExZTYtOGY4OC0zNDM2M2JjN2M0YzAiOnsiY3JlYXRlIjo2MDAwMDAwMDAwMDAsImRlbGV0ZSI6MTIwMDAwMDAwMDAwMH0sInNjaGVtYV92ZXJzaW9uIjoiMSJ9",
          "dependencies": [
            "aws_vpc.main_vpc",
            "data.aws_availability_zones.aws_azs"
          ]
        },
        {
          "index_key": 5,
          "schema_version": 1,
          "attributes": {
            "arn": "arn:aws:ec2:us-east-1:362387340557:subnet/subnet-0c73949360887b074",
            "assign_ipv6_address_on_creation": false,
            "availability_zone": "us-east-1f",
            "availability_zone_id": "use1-az5",
            "cidr_block": "10.1.12.0/24",
            "customer_owned_ipv4_pool": "",
            "enable_dns64": false,
            "enable_resource_name_dns_a_record_on_launch": false,
            "enable_resource_name_dns_aaaa_record_on_launch": false,
            "id": "subnet-0c73949360887b074",
            "ipv6_cidr_block": "",
            "ipv6_cidr_block_association_id": "",
            "ipv6_native": false,
            "map_customer_owned_ip_on_launch": false,
            "map_public_ip_on_launch": false,
            "outpost_arn": "",
            "owner_id": "362387340557",
            "private_dns_hostname_type_on_launch": "ip-name",
            "tags": {
              "CreatedBy": "Terraform",
              "Name": "test-ecs-public_subnet-6"
            },
            "tags_all": {
              "CreatedBy": "Terraform",
              "Name": "test-ecs-public_subnet-6"
            },
            "timeouts": null,
            "vpc_id": "vpc-0b3266b2a14a456ae"
          },
          "sensitive_attributes": [],
          "private": "eyJlMmJmYjczMC1lY2FhLTExZTYtOGY4OC0zNDM2M2JjN2M0YzAiOnsiY3JlYXRlIjo2MDAwMDAwMDAwMDAsImRlbGV0ZSI6MTIwMDAwMDAwMDAwMH0sInNjaGVtYV92ZXJzaW9uIjoiMSJ9",
          "dependencies": [
            "aws_vpc.main_vpc",
            "data.aws_availability_zones.aws_azs"
          ]
        }
      ]
    },
    {
      "mode": "managed",
      "type": "aws_vpc",
      "name": "main_vpc",
      "provider": "provider[\"registry.terraform.io/hashicorp/aws\"]",
      "instances": [
        {
          "schema_version": 1,
          "attributes": {
            "arn": "arn:aws:ec2:us-east-1:362387340557:vpc/vpc-0b3266b2a14a456ae",
            "assign_generated_ipv6_cidr_block": false,
            "cidr_block": "10.1.0.0/16",
            "default_network_acl_id": "acl-0d907e84d5119bf44",
            "default_route_table_id": "rtb-04a5ed10c4ca21952",
            "default_security_group_id": "sg-0865a3d7a8dffc1d5",
            "dhcp_options_id": "dopt-cd1e80aa",
            "enable_classiclink": false,
            "enable_classiclink_dns_support": false,
            "enable_dns_hostnames": true,
            "enable_dns_support": true,
            "id": "vpc-0b3266b2a14a456ae",
            "instance_tenancy": "default",
            "ipv4_ipam_pool_id": null,
            "ipv4_netmask_length": null,
            "ipv6_association_id": "",
            "ipv6_cidr_block": "",
            "ipv6_cidr_block_network_border_group": "",
            "ipv6_ipam_pool_id": "",
            "ipv6_netmask_length": 0,
            "main_route_table_id": "rtb-04a5ed10c4ca21952",
            "owner_id": "362387340557",
            "tags": {
              "CreatedBy": "Terraform",
              "Name": "test-main_vpc"
            },
            "tags_all": {
              "CreatedBy": "Terraform",
              "Name": "test-main_vpc"
            }
          },
          "sensitive_attributes": [],
          "private": "eyJzY2hlbWFfdmVyc2lvbiI6IjEifQ=="
        }
      ]
    },
    {
      "mode": "managed",
      "type": "aws_vpc_dhcp_options",
      "name": "ecs_private_subnet_dhcp_options",
      "provider": "provider[\"registry.terraform.io/hashicorp/aws\"]",
      "instances": [
        {
          "schema_version": 0,
          "attributes": {
            "arn": "arn:aws:ec2:us-east-1:362387340557:dhcp-options/dopt-01427d2874d3608dc",
            "domain_name": "ec2.internal",
            "domain_name_servers": [
              "AmazonProvidedDNS"
            ],
            "id": "dopt-01427d2874d3608dc",
            "netbios_name_servers": null,
            "netbios_node_type": "",
            "ntp_servers": null,
            "owner_id": "362387340557",
            "tags": null,
            "tags_all": {}
          },
          "sensitive_attributes": [],
          "private": "bnVsbA=="
        }
      ]
    },
    {
      "mode": "managed",
      "type": "aws_vpc_dhcp_options_association",
      "name": "dns_resolver",
      "provider": "provider[\"registry.terraform.io/hashicorp/aws\"]",
      "instances": [
        {
          "schema_version": 0,
          "attributes": {
            "dhcp_options_id": "dopt-01427d2874d3608dc",
            "id": "dopt-01427d2874d3608dc-vpc-0b3266b2a14a456ae",
            "vpc_id": "vpc-0b3266b2a14a456ae"
          },
          "sensitive_attributes": [],
          "private": "bnVsbA==",
          "dependencies": [
            "aws_vpc.main_vpc",
            "aws_vpc_dhcp_options.ecs_private_subnet_dhcp_options"
          ]
        }
      ]
    }
  ]
}
